
Microsoft Visual Studio Solution File, Format Version 12.00
# Visual Studio 15
VisualStudioVersion = 15.0.28307.421
MinimumVisualStudioVersion = 10.0.40219.1
Project("{FAE04EC0-301F-11D3-BF4B-00C04F79EFBC}") = "Bible.Alarm.iOS", "Bible.Alarm\Bible.Alarm.iOS\Bible.Alarm.iOS.csproj", "{5ACBAE41-C22D-44F7-AB89-D71CDC0B1FA7}"
EndProject
Project("{9A19103F-16F7-4668-BE54-9A1E7A4F7556}") = "Bible.Alarm", "Bible.Alarm\Bible.Alarm\Bible.Alarm.csproj", "{88314728-92AD-49BB-9092-3DF53C686066}"
EndProject
Project("{FAE04EC0-301F-11D3-BF4B-00C04F79EFBC}") = "Bible.Alarm.UWP", "Bible.Alarm\Bible.Alarm.UWP\Bible.Alarm.UWP.csproj", "{2BB68300-92E2-424F-B1D7-931276B51A6B}"
EndProject
Project("{9A19103F-16F7-4668-BE54-9A1E7A4F7556}") = "Bible.Alarm.DbMigration.Setup", "_tools\Bible.Alarm.DbMigration.Setup\Bible.Alarm.DbMigration.Setup.csproj", "{85416B1B-BC13-49F6-8397-166CD98D1FD4}"
EndProject
Project("{2150E333-8FDC-42A3-9474-1A3956D46DE8}") = "_tools", "_tools", "{8BBDFD16-37FB-4C4C-AA4F-525913416EBE}"
EndProject
Project("{FAE04EC0-301F-11D3-BF4B-00C04F79EFBC}") = "Bible.Alarm.Android", "Bible.Alarm\Bible.Alarm.Android\Bible.Alarm.Android.csproj", "{4CA6A22D-D742-4DFD-8349-057EF30A9445}"
EndProject
Project("{FAE04EC0-301F-11D3-BF4B-00C04F79EFBC}") = "Bible.Alarm.UITests", "Bible.Alarm\Bible.Alarm.UITests\Bible.Alarm.UITests.csproj", "{B19C892E-2628-4CA7-AD27-08D406A3B14B}"
EndProject
Global
	GlobalSection(SolutionConfigurationPlatforms) = preSolution
		Ad-Hoc|Any CPU = Ad-Hoc|Any CPU
		Ad-Hoc|ARM = Ad-Hoc|ARM
		Ad-Hoc|iPhone = Ad-Hoc|iPhone
		Ad-Hoc|iPhoneSimulator = Ad-Hoc|iPhoneSimulator
		Ad-Hoc|x64 = Ad-Hoc|x64
		Ad-Hoc|x86 = Ad-Hoc|x86
		AppStore|Any CPU = AppStore|Any CPU
		AppStore|ARM = AppStore|ARM
		AppStore|iPhone = AppStore|iPhone
		AppStore|iPhoneSimulator = AppStore|iPhoneSimulator
		AppStore|x64 = AppStore|x64
		AppStore|x86 = AppStore|x86
		Debug|Any CPU = Debug|Any CPU
		Debug|ARM = Debug|ARM
		Debug|iPhone = Debug|iPhone
		Debug|iPhoneSimulator = Debug|iPhoneSimulator
		Debug|x64 = Debug|x64
		Debug|x86 = Debug|x86
		Release|Any CPU = Release|Any CPU
		Release|ARM = Release|ARM
		Release|iPhone = Release|iPhone
		Release|iPhoneSimulator = Release|iPhoneSimulator
		Release|x64 = Release|x64
		Release|x86 = Release|x86
	EndGlobalSection
	GlobalSection(ProjectConfigurationPlatforms) = postSolution
		{5ACBAE41-C22D-44F7-AB89-D71CDC0B1FA7}.Ad-Hoc|Any CPU.ActiveCfg = Ad-Hoc|iPhone
		{5ACBAE41-C22D-44F7-AB89-D71CDC0B1FA7}.Ad-Hoc|Any CPU.Build.0 = Ad-Hoc|iPhone
		{5ACBAE41-C22D-44F7-AB89-D71CDC0B1FA7}.Ad-Hoc|Any CPU.Deploy.0 = Ad-Hoc|iPhone
		{5ACBAE41-C22D-44F7-AB89-D71CDC0B1FA7}.Ad-Hoc|ARM.ActiveCfg = Ad-Hoc|iPhone
		{5ACBAE41-C22D-44F7-AB89-D71CDC0B1FA7}.Ad-Hoc|ARM.Build.0 = Ad-Hoc|iPhone
		{5ACBAE41-C22D-44F7-AB89-D71CDC0B1FA7}.Ad-Hoc|ARM.Deploy.0 = Ad-Hoc|iPhone
		{5ACBAE41-C22D-44F7-AB89-D71CDC0B1FA7}.Ad-Hoc|iPhone.ActiveCfg = Ad-Hoc|iPhone
		{5ACBAE41-C22D-44F7-AB89-D71CDC0B1FA7}.Ad-Hoc|iPhone.Build.0 = Ad-Hoc|iPhone
		{5ACBAE41-C22D-44F7-AB89-D71CDC0B1FA7}.Ad-Hoc|iPhone.Deploy.0 = Ad-Hoc|iPhone
		{5ACBAE41-C22D-44F7-AB89-D71CDC0B1FA7}.Ad-Hoc|iPhoneSimulator.ActiveCfg = Ad-Hoc|iPhoneSimulator
		{5ACBAE41-C22D-44F7-AB89-D71CDC0B1FA7}.Ad-Hoc|iPhoneSimulator.Build.0 = Ad-Hoc|iPhoneSimulator
		{5ACBAE41-C22D-44F7-AB89-D71CDC0B1FA7}.Ad-Hoc|iPhoneSimulator.Deploy.0 = Ad-Hoc|iPhoneSimulator
		{5ACBAE41-C22D-44F7-AB89-D71CDC0B1FA7}.Ad-Hoc|x64.ActiveCfg = Ad-Hoc|iPhone
		{5ACBAE41-C22D-44F7-AB89-D71CDC0B1FA7}.Ad-Hoc|x64.Build.0 = Ad-Hoc|iPhone
		{5ACBAE41-C22D-44F7-AB89-D71CDC0B1FA7}.Ad-Hoc|x64.Deploy.0 = Ad-Hoc|iPhone
		{5ACBAE41-C22D-44F7-AB89-D71CDC0B1FA7}.Ad-Hoc|x86.ActiveCfg = Ad-Hoc|iPhone
		{5ACBAE41-C22D-44F7-AB89-D71CDC0B1FA7}.Ad-Hoc|x86.Build.0 = Ad-Hoc|iPhone
		{5ACBAE41-C22D-44F7-AB89-D71CDC0B1FA7}.Ad-Hoc|x86.Deploy.0 = Ad-Hoc|iPhone
		{5ACBAE41-C22D-44F7-AB89-D71CDC0B1FA7}.AppStore|Any CPU.ActiveCfg = AppStore|iPhone
		{5ACBAE41-C22D-44F7-AB89-D71CDC0B1FA7}.AppStore|Any CPU.Build.0 = AppStore|iPhone
		{5ACBAE41-C22D-44F7-AB89-D71CDC0B1FA7}.AppStore|Any CPU.Deploy.0 = AppStore|iPhone
		{5ACBAE41-C22D-44F7-AB89-D71CDC0B1FA7}.AppStore|ARM.ActiveCfg = AppStore|iPhone
		{5ACBAE41-C22D-44F7-AB89-D71CDC0B1FA7}.AppStore|ARM.Build.0 = AppStore|iPhone
		{5ACBAE41-C22D-44F7-AB89-D71CDC0B1FA7}.AppStore|ARM.Deploy.0 = AppStore|iPhone
		{5ACBAE41-C22D-44F7-AB89-D71CDC0B1FA7}.AppStore|iPhone.ActiveCfg = AppStore|iPhone
		{5ACBAE41-C22D-44F7-AB89-D71CDC0B1FA7}.AppStore|iPhone.Build.0 = AppStore|iPhone
		{5ACBAE41-C22D-44F7-AB89-D71CDC0B1FA7}.AppStore|iPhone.Deploy.0 = AppStore|iPhone
		{5ACBAE41-C22D-44F7-AB89-D71CDC0B1FA7}.AppStore|iPhoneSimulator.ActiveCfg = AppStore|iPhoneSimulator
		{5ACBAE41-C22D-44F7-AB89-D71CDC0B1FA7}.AppStore|iPhoneSimulator.Build.0 = AppStore|iPhoneSimulator
		{5ACBAE41-C22D-44F7-AB89-D71CDC0B1FA7}.AppStore|iPhoneSimulator.Deploy.0 = AppStore|iPhoneSimulator
		{5ACBAE41-C22D-44F7-AB89-D71CDC0B1FA7}.AppStore|x64.ActiveCfg = AppStore|iPhone
		{5ACBAE41-C22D-44F7-AB89-D71CDC0B1FA7}.AppStore|x64.Build.0 = AppStore|iPhone
		{5ACBAE41-C22D-44F7-AB89-D71CDC0B1FA7}.AppStore|x64.Deploy.0 = AppStore|iPhone
		{5ACBAE41-C22D-44F7-AB89-D71CDC0B1FA7}.AppStore|x86.ActiveCfg = AppStore|iPhone
		{5ACBAE41-C22D-44F7-AB89-D71CDC0B1FA7}.AppStore|x86.Build.0 = AppStore|iPhone
		{5ACBAE41-C22D-44F7-AB89-D71CDC0B1FA7}.AppStore|x86.Deploy.0 = AppStore|iPhone
		{5ACBAE41-C22D-44F7-AB89-D71CDC0B1FA7}.Debug|Any CPU.ActiveCfg = Debug|iPhoneSimulator
		{5ACBAE41-C22D-44F7-AB89-D71CDC0B1FA7}.Debug|Any CPU.Build.0 = Debug|iPhoneSimulator
		{5ACBAE41-C22D-44F7-AB89-D71CDC0B1FA7}.Debug|Any CPU.Deploy.0 = Debug|iPhoneSimulator
		{5ACBAE41-C22D-44F7-AB89-D71CDC0B1FA7}.Debug|ARM.ActiveCfg = Debug|iPhone
		{5ACBAE41-C22D-44F7-AB89-D71CDC0B1FA7}.Debug|ARM.Build.0 = Debug|iPhone
		{5ACBAE41-C22D-44F7-AB89-D71CDC0B1FA7}.Debug|ARM.Deploy.0 = Debug|iPhone
		{5ACBAE41-C22D-44F7-AB89-D71CDC0B1FA7}.Debug|iPhone.ActiveCfg = Debug|iPhone
		{5ACBAE41-C22D-44F7-AB89-D71CDC0B1FA7}.Debug|iPhone.Build.0 = Debug|iPhone
		{5ACBAE41-C22D-44F7-AB89-D71CDC0B1FA7}.Debug|iPhone.Deploy.0 = Debug|iPhone
		{5ACBAE41-C22D-44F7-AB89-D71CDC0B1FA7}.Debug|iPhoneSimulator.ActiveCfg = Debug|iPhoneSimulator
		{5ACBAE41-C22D-44F7-AB89-D71CDC0B1FA7}.Debug|iPhoneSimulator.Build.0 = Debug|iPhoneSimulator
		{5ACBAE41-C22D-44F7-AB89-D71CDC0B1FA7}.Debug|iPhoneSimulator.Deploy.0 = Debug|iPhoneSimulator
		{5ACBAE41-C22D-44F7-AB89-D71CDC0B1FA7}.Debug|x64.ActiveCfg = Debug|iPhone
		{5ACBAE41-C22D-44F7-AB89-D71CDC0B1FA7}.Debug|x64.Build.0 = Debug|iPhone
		{5ACBAE41-C22D-44F7-AB89-D71CDC0B1FA7}.Debug|x64.Deploy.0 = Debug|iPhone
		{5ACBAE41-C22D-44F7-AB89-D71CDC0B1FA7}.Debug|x86.ActiveCfg = Debug|iPhone
		{5ACBAE41-C22D-44F7-AB89-D71CDC0B1FA7}.Debug|x86.Build.0 = Debug|iPhone
		{5ACBAE41-C22D-44F7-AB89-D71CDC0B1FA7}.Debug|x86.Deploy.0 = Debug|iPhone
		{5ACBAE41-C22D-44F7-AB89-D71CDC0B1FA7}.Release|Any CPU.ActiveCfg = Release|iPhone
		{5ACBAE41-C22D-44F7-AB89-D71CDC0B1FA7}.Release|Any CPU.Build.0 = Release|iPhone
		{5ACBAE41-C22D-44F7-AB89-D71CDC0B1FA7}.Release|Any CPU.Deploy.0 = Release|iPhone
		{5ACBAE41-C22D-44F7-AB89-D71CDC0B1FA7}.Release|ARM.ActiveCfg = Release|iPhone
		{5ACBAE41-C22D-44F7-AB89-D71CDC0B1FA7}.Release|ARM.Build.0 = Release|iPhone
		{5ACBAE41-C22D-44F7-AB89-D71CDC0B1FA7}.Release|ARM.Deploy.0 = Release|iPhone
		{5ACBAE41-C22D-44F7-AB89-D71CDC0B1FA7}.Release|iPhone.ActiveCfg = Release|iPhone
		{5ACBAE41-C22D-44F7-AB89-D71CDC0B1FA7}.Release|iPhone.Build.0 = Release|iPhone
		{5ACBAE41-C22D-44F7-AB89-D71CDC0B1FA7}.Release|iPhone.Deploy.0 = Release|iPhone
		{5ACBAE41-C22D-44F7-AB89-D71CDC0B1FA7}.Release|iPhoneSimulator.ActiveCfg = Release|iPhoneSimulator
		{5ACBAE41-C22D-44F7-AB89-D71CDC0B1FA7}.Release|iPhoneSimulator.Build.0 = Release|iPhoneSimulator
		{5ACBAE41-C22D-44F7-AB89-D71CDC0B1FA7}.Release|iPhoneSimulator.Deploy.0 = Release|iPhoneSimulator
		{5ACBAE41-C22D-44F7-AB89-D71CDC0B1FA7}.Release|x64.ActiveCfg = Release|iPhone
		{5ACBAE41-C22D-44F7-AB89-D71CDC0B1FA7}.Release|x64.Build.0 = Release|iPhone
		{5ACBAE41-C22D-44F7-AB89-D71CDC0B1FA7}.Release|x64.Deploy.0 = Release|iPhone
		{5ACBAE41-C22D-44F7-AB89-D71CDC0B1FA7}.Release|x86.ActiveCfg = Release|iPhone
		{5ACBAE41-C22D-44F7-AB89-D71CDC0B1FA7}.Release|x86.Build.0 = Release|iPhone
		{5ACBAE41-C22D-44F7-AB89-D71CDC0B1FA7}.Release|x86.Deploy.0 = Release|iPhone
		{88314728-92AD-49BB-9092-3DF53C686066}.Ad-Hoc|Any CPU.ActiveCfg = Debug|Any CPU
		{88314728-92AD-49BB-9092-3DF53C686066}.Ad-Hoc|Any CPU.Build.0 = Debug|Any CPU
		{88314728-92AD-49BB-9092-3DF53C686066}.Ad-Hoc|Any CPU.Deploy.0 = Debug|Any CPU
		{88314728-92AD-49BB-9092-3DF53C686066}.Ad-Hoc|ARM.ActiveCfg = Debug|Any CPU
		{88314728-92AD-49BB-9092-3DF53C686066}.Ad-Hoc|ARM.Build.0 = Debug|Any CPU
		{88314728-92AD-49BB-9092-3DF53C686066}.Ad-Hoc|ARM.Deploy.0 = Debug|Any CPU
		{88314728-92AD-49BB-9092-3DF53C686066}.Ad-Hoc|iPhone.ActiveCfg = Debug|Any CPU
		{88314728-92AD-49BB-9092-3DF53C686066}.Ad-Hoc|iPhone.Build.0 = Debug|Any CPU
		{88314728-92AD-49BB-9092-3DF53C686066}.Ad-Hoc|iPhone.Deploy.0 = Debug|Any CPU
		{88314728-92AD-49BB-9092-3DF53C686066}.Ad-Hoc|iPhoneSimulator.ActiveCfg = Debug|Any CPU
		{88314728-92AD-49BB-9092-3DF53C686066}.Ad-Hoc|iPhoneSimulator.Build.0 = Debug|Any CPU
		{88314728-92AD-49BB-9092-3DF53C686066}.Ad-Hoc|iPhoneSimulator.Deploy.0 = Debug|Any CPU
		{88314728-92AD-49BB-9092-3DF53C686066}.Ad-Hoc|x64.ActiveCfg = Debug|Any CPU
		{88314728-92AD-49BB-9092-3DF53C686066}.Ad-Hoc|x64.Build.0 = Debug|Any CPU
		{88314728-92AD-49BB-9092-3DF53C686066}.Ad-Hoc|x64.Deploy.0 = Debug|Any CPU
		{88314728-92AD-49BB-9092-3DF53C686066}.Ad-Hoc|x86.ActiveCfg = Debug|Any CPU
		{88314728-92AD-49BB-9092-3DF53C686066}.Ad-Hoc|x86.Build.0 = Debug|Any CPU
		{88314728-92AD-49BB-9092-3DF53C686066}.Ad-Hoc|x86.Deploy.0 = Debug|Any CPU
		{88314728-92AD-49BB-9092-3DF53C686066}.AppStore|Any CPU.ActiveCfg = Debug|Any CPU
		{88314728-92AD-49BB-9092-3DF53C686066}.AppStore|Any CPU.Build.0 = Debug|Any CPU
		{88314728-92AD-49BB-9092-3DF53C686066}.AppStore|Any CPU.Deploy.0 = Debug|Any CPU
		{88314728-92AD-49BB-9092-3DF53C686066}.AppStore|ARM.ActiveCfg = Debug|Any CPU
		{88314728-92AD-49BB-9092-3DF53C686066}.AppStore|ARM.Build.0 = Debug|Any CPU
		{88314728-92AD-49BB-9092-3DF53C686066}.AppStore|ARM.Deploy.0 = Debug|Any CPU
		{88314728-92AD-49BB-9092-3DF53C686066}.AppStore|iPhone.ActiveCfg = Debug|Any CPU
		{88314728-92AD-49BB-9092-3DF53C686066}.AppStore|iPhone.Build.0 = Debug|Any CPU
		{88314728-92AD-49BB-9092-3DF53C686066}.AppStore|iPhone.Deploy.0 = Debug|Any CPU
		{88314728-92AD-49BB-9092-3DF53C686066}.AppStore|iPhoneSimulator.ActiveCfg = Debug|Any CPU
		{88314728-92AD-49BB-9092-3DF53C686066}.AppStore|iPhoneSimulator.Build.0 = Debug|Any CPU
		{88314728-92AD-49BB-9092-3DF53C686066}.AppStore|iPhoneSimulator.Deploy.0 = Debug|Any CPU
		{88314728-92AD-49BB-9092-3DF53C686066}.AppStore|x64.ActiveCfg = Debug|Any CPU
		{88314728-92AD-49BB-9092-3DF53C686066}.AppStore|x64.Build.0 = Debug|Any CPU
		{88314728-92AD-49BB-9092-3DF53C686066}.AppStore|x64.Deploy.0 = Debug|Any CPU
		{88314728-92AD-49BB-9092-3DF53C686066}.AppStore|x86.ActiveCfg = Debug|Any CPU
		{88314728-92AD-49BB-9092-3DF53C686066}.AppStore|x86.Build.0 = Debug|Any CPU
		{88314728-92AD-49BB-9092-3DF53C686066}.AppStore|x86.Deploy.0 = Debug|Any CPU
		{88314728-92AD-49BB-9092-3DF53C686066}.Debug|Any CPU.ActiveCfg = Debug|Any CPU
		{88314728-92AD-49BB-9092-3DF53C686066}.Debug|Any CPU.Build.0 = Debug|Any CPU
		{88314728-92AD-49BB-9092-3DF53C686066}.Debug|Any CPU.Deploy.0 = Debug|Any CPU
		{88314728-92AD-49BB-9092-3DF53C686066}.Debug|ARM.ActiveCfg = Debug|Any CPU
		{88314728-92AD-49BB-9092-3DF53C686066}.Debug|ARM.Build.0 = Debug|Any CPU
		{88314728-92AD-49BB-9092-3DF53C686066}.Debug|ARM.Deploy.0 = Debug|Any CPU
		{88314728-92AD-49BB-9092-3DF53C686066}.Debug|iPhone.ActiveCfg = Debug|Any CPU
		{88314728-92AD-49BB-9092-3DF53C686066}.Debug|iPhone.Build.0 = Debug|Any CPU
		{88314728-92AD-49BB-9092-3DF53C686066}.Debug|iPhone.Deploy.0 = Debug|Any CPU
		{88314728-92AD-49BB-9092-3DF53C686066}.Debug|iPhoneSimulator.ActiveCfg = Debug|Any CPU
		{88314728-92AD-49BB-9092-3DF53C686066}.Debug|iPhoneSimulator.Build.0 = Debug|Any CPU
		{88314728-92AD-49BB-9092-3DF53C686066}.Debug|iPhoneSimulator.Deploy.0 = Debug|Any CPU
		{88314728-92AD-49BB-9092-3DF53C686066}.Debug|x64.ActiveCfg = Debug|Any CPU
		{88314728-92AD-49BB-9092-3DF53C686066}.Debug|x64.Build.0 = Debug|Any CPU
		{88314728-92AD-49BB-9092-3DF53C686066}.Debug|x64.Deploy.0 = Debug|Any CPU
		{88314728-92AD-49BB-9092-3DF53C686066}.Debug|x86.ActiveCfg = Debug|Any CPU
		{88314728-92AD-49BB-9092-3DF53C686066}.Debug|x86.Build.0 = Debug|Any CPU
		{88314728-92AD-49BB-9092-3DF53C686066}.Debug|x86.Deploy.0 = Debug|Any CPU
		{88314728-92AD-49BB-9092-3DF53C686066}.Release|Any CPU.ActiveCfg = Release|Any CPU
		{88314728-92AD-49BB-9092-3DF53C686066}.Release|Any CPU.Build.0 = Release|Any CPU
		{88314728-92AD-49BB-9092-3DF53C686066}.Release|Any CPU.Deploy.0 = Release|Any CPU
		{88314728-92AD-49BB-9092-3DF53C686066}.Release|ARM.ActiveCfg = Release|Any CPU
		{88314728-92AD-49BB-9092-3DF53C686066}.Release|ARM.Build.0 = Release|Any CPU
		{88314728-92AD-49BB-9092-3DF53C686066}.Release|ARM.Deploy.0 = Release|Any CPU
		{88314728-92AD-49BB-9092-3DF53C686066}.Release|iPhone.ActiveCfg = Release|Any CPU
		{88314728-92AD-49BB-9092-3DF53C686066}.Release|iPhone.Build.0 = Release|Any CPU
		{88314728-92AD-49BB-9092-3DF53C686066}.Release|iPhone.Deploy.0 = Release|Any CPU
		{88314728-92AD-49BB-9092-3DF53C686066}.Release|iPhoneSimulator.ActiveCfg = Release|Any CPU
		{88314728-92AD-49BB-9092-3DF53C686066}.Release|iPhoneSimulator.Build.0 = Release|Any CPU
		{88314728-92AD-49BB-9092-3DF53C686066}.Release|iPhoneSimulator.Deploy.0 = Release|Any CPU
		{88314728-92AD-49BB-9092-3DF53C686066}.Release|x64.ActiveCfg = Release|Any CPU
		{88314728-92AD-49BB-9092-3DF53C686066}.Release|x64.Build.0 = Release|Any CPU
		{88314728-92AD-49BB-9092-3DF53C686066}.Release|x64.Deploy.0 = Release|Any CPU
		{88314728-92AD-49BB-9092-3DF53C686066}.Release|x86.ActiveCfg = Release|Any CPU
		{88314728-92AD-49BB-9092-3DF53C686066}.Release|x86.Build.0 = Release|Any CPU
		{88314728-92AD-49BB-9092-3DF53C686066}.Release|x86.Deploy.0 = Release|Any CPU
		{2BB68300-92E2-424F-B1D7-931276B51A6B}.Ad-Hoc|Any CPU.ActiveCfg = Release|x86
		{2BB68300-92E2-424F-B1D7-931276B51A6B}.Ad-Hoc|Any CPU.Build.0 = Release|x86
		{2BB68300-92E2-424F-B1D7-931276B51A6B}.Ad-Hoc|Any CPU.Deploy.0 = Release|x86
		{2BB68300-92E2-424F-B1D7-931276B51A6B}.Ad-Hoc|ARM.ActiveCfg = Release|ARM
		{2BB68300-92E2-424F-B1D7-931276B51A6B}.Ad-Hoc|ARM.Build.0 = Release|ARM
		{2BB68300-92E2-424F-B1D7-931276B51A6B}.Ad-Hoc|ARM.Deploy.0 = Release|ARM
		{2BB68300-92E2-424F-B1D7-931276B51A6B}.Ad-Hoc|iPhone.ActiveCfg = Release|x86
		{2BB68300-92E2-424F-B1D7-931276B51A6B}.Ad-Hoc|iPhone.Build.0 = Release|x86
		{2BB68300-92E2-424F-B1D7-931276B51A6B}.Ad-Hoc|iPhone.Deploy.0 = Release|x86
		{2BB68300-92E2-424F-B1D7-931276B51A6B}.Ad-Hoc|iPhoneSimulator.ActiveCfg = Release|x86
		{2BB68300-92E2-424F-B1D7-931276B51A6B}.Ad-Hoc|iPhoneSimulator.Build.0 = Release|x86
		{2BB68300-92E2-424F-B1D7-931276B51A6B}.Ad-Hoc|iPhoneSimulator.Deploy.0 = Release|x86
		{2BB68300-92E2-424F-B1D7-931276B51A6B}.Ad-Hoc|x64.ActiveCfg = Release|x64
		{2BB68300-92E2-424F-B1D7-931276B51A6B}.Ad-Hoc|x64.Build.0 = Release|x64
		{2BB68300-92E2-424F-B1D7-931276B51A6B}.Ad-Hoc|x64.Deploy.0 = Release|x64
		{2BB68300-92E2-424F-B1D7-931276B51A6B}.Ad-Hoc|x86.ActiveCfg = Release|x86
		{2BB68300-92E2-424F-B1D7-931276B51A6B}.Ad-Hoc|x86.Build.0 = Release|x86
		{2BB68300-92E2-424F-B1D7-931276B51A6B}.Ad-Hoc|x86.Deploy.0 = Release|x86
		{2BB68300-92E2-424F-B1D7-931276B51A6B}.AppStore|Any CPU.ActiveCfg = Release|x86
		{2BB68300-92E2-424F-B1D7-931276B51A6B}.AppStore|Any CPU.Build.0 = Release|x86
		{2BB68300-92E2-424F-B1D7-931276B51A6B}.AppStore|Any CPU.Deploy.0 = Release|x86
		{2BB68300-92E2-424F-B1D7-931276B51A6B}.AppStore|ARM.ActiveCfg = Release|ARM
		{2BB68300-92E2-424F-B1D7-931276B51A6B}.AppStore|ARM.Build.0 = Release|ARM
		{2BB68300-92E2-424F-B1D7-931276B51A6B}.AppStore|ARM.Deploy.0 = Release|ARM
		{2BB68300-92E2-424F-B1D7-931276B51A6B}.AppStore|iPhone.ActiveCfg = Release|x86
		{2BB68300-92E2-424F-B1D7-931276B51A6B}.AppStore|iPhone.Build.0 = Release|x86
		{2BB68300-92E2-424F-B1D7-931276B51A6B}.AppStore|iPhone.Deploy.0 = Release|x86
		{2BB68300-92E2-424F-B1D7-931276B51A6B}.AppStore|iPhoneSimulator.ActiveCfg = Release|x86
		{2BB68300-92E2-424F-B1D7-931276B51A6B}.AppStore|iPhoneSimulator.Build.0 = Release|x86
		{2BB68300-92E2-424F-B1D7-931276B51A6B}.AppStore|iPhoneSimulator.Deploy.0 = Release|x86
		{2BB68300-92E2-424F-B1D7-931276B51A6B}.AppStore|x64.ActiveCfg = Release|x64
		{2BB68300-92E2-424F-B1D7-931276B51A6B}.AppStore|x64.Build.0 = Release|x64
		{2BB68300-92E2-424F-B1D7-931276B51A6B}.AppStore|x64.Deploy.0 = Release|x64
		{2BB68300-92E2-424F-B1D7-931276B51A6B}.AppStore|x86.ActiveCfg = Release|x86
		{2BB68300-92E2-424F-B1D7-931276B51A6B}.AppStore|x86.Build.0 = Release|x86
		{2BB68300-92E2-424F-B1D7-931276B51A6B}.AppStore|x86.Deploy.0 = Release|x86
		{2BB68300-92E2-424F-B1D7-931276B51A6B}.Debug|Any CPU.ActiveCfg = Debug|x86
		{2BB68300-92E2-424F-B1D7-931276B51A6B}.Debug|Any CPU.Build.0 = Debug|x86
		{2BB68300-92E2-424F-B1D7-931276B51A6B}.Debug|Any CPU.Deploy.0 = Debug|x86
		{2BB68300-92E2-424F-B1D7-931276B51A6B}.Debug|ARM.ActiveCfg = Debug|ARM
		{2BB68300-92E2-424F-B1D7-931276B51A6B}.Debug|ARM.Build.0 = Debug|ARM
		{2BB68300-92E2-424F-B1D7-931276B51A6B}.Debug|ARM.Deploy.0 = Debug|ARM
		{2BB68300-92E2-424F-B1D7-931276B51A6B}.Debug|iPhone.ActiveCfg = Debug|x86
		{2BB68300-92E2-424F-B1D7-931276B51A6B}.Debug|iPhone.Build.0 = Debug|x86
		{2BB68300-92E2-424F-B1D7-931276B51A6B}.Debug|iPhone.Deploy.0 = Debug|x86
		{2BB68300-92E2-424F-B1D7-931276B51A6B}.Debug|iPhoneSimulator.ActiveCfg = Debug|x86
		{2BB68300-92E2-424F-B1D7-931276B51A6B}.Debug|iPhoneSimulator.Build.0 = Debug|x86
		{2BB68300-92E2-424F-B1D7-931276B51A6B}.Debug|iPhoneSimulator.Deploy.0 = Debug|x86
		{2BB68300-92E2-424F-B1D7-931276B51A6B}.Debug|x64.ActiveCfg = Debug|x64
		{2BB68300-92E2-424F-B1D7-931276B51A6B}.Debug|x64.Build.0 = Debug|x64
		{2BB68300-92E2-424F-B1D7-931276B51A6B}.Debug|x64.Deploy.0 = Debug|x64
		{2BB68300-92E2-424F-B1D7-931276B51A6B}.Debug|x86.ActiveCfg = Debug|x86
		{2BB68300-92E2-424F-B1D7-931276B51A6B}.Debug|x86.Build.0 = Debug|x86
		{2BB68300-92E2-424F-B1D7-931276B51A6B}.Debug|x86.Deploy.0 = Debug|x86
		{2BB68300-92E2-424F-B1D7-931276B51A6B}.Release|Any CPU.ActiveCfg = Release|x86
		{2BB68300-92E2-424F-B1D7-931276B51A6B}.Release|Any CPU.Build.0 = Release|x86
		{2BB68300-92E2-424F-B1D7-931276B51A6B}.Release|Any CPU.Deploy.0 = Release|x86
		{2BB68300-92E2-424F-B1D7-931276B51A6B}.Release|ARM.ActiveCfg = Release|ARM
		{2BB68300-92E2-424F-B1D7-931276B51A6B}.Release|ARM.Build.0 = Release|ARM
		{2BB68300-92E2-424F-B1D7-931276B51A6B}.Release|ARM.Deploy.0 = Release|ARM
		{2BB68300-92E2-424F-B1D7-931276B51A6B}.Release|iPhone.ActiveCfg = Release|x86
		{2BB68300-92E2-424F-B1D7-931276B51A6B}.Release|iPhone.Build.0 = Release|x86
		{2BB68300-92E2-424F-B1D7-931276B51A6B}.Release|iPhone.Deploy.0 = Release|x86
		{2BB68300-92E2-424F-B1D7-931276B51A6B}.Release|iPhoneSimulator.ActiveCfg = Release|x86
		{2BB68300-92E2-424F-B1D7-931276B51A6B}.Release|iPhoneSimulator.Build.0 = Release|x86
		{2BB68300-92E2-424F-B1D7-931276B51A6B}.Release|iPhoneSimulator.Deploy.0 = Release|x86
		{2BB68300-92E2-424F-B1D7-931276B51A6B}.Release|x64.ActiveCfg = Release|x64
		{2BB68300-92E2-424F-B1D7-931276B51A6B}.Release|x64.Build.0 = Release|x64
		{2BB68300-92E2-424F-B1D7-931276B51A6B}.Release|x64.Deploy.0 = Release|x64
		{2BB68300-92E2-424F-B1D7-931276B51A6B}.Release|x86.ActiveCfg = Release|x86
		{2BB68300-92E2-424F-B1D7-931276B51A6B}.Release|x86.Build.0 = Release|x86
		{2BB68300-92E2-424F-B1D7-931276B51A6B}.Release|x86.Deploy.0 = Release|x86
		{85416B1B-BC13-49F6-8397-166CD98D1FD4}.Ad-Hoc|Any CPU.ActiveCfg = Debug|Any CPU
		{85416B1B-BC13-49F6-8397-166CD98D1FD4}.Ad-Hoc|Any CPU.Build.0 = Debug|Any CPU
		{85416B1B-BC13-49F6-8397-166CD98D1FD4}.Ad-Hoc|ARM.ActiveCfg = Debug|Any CPU
		{85416B1B-BC13-49F6-8397-166CD98D1FD4}.Ad-Hoc|ARM.Build.0 = Debug|Any CPU
		{85416B1B-BC13-49F6-8397-166CD98D1FD4}.Ad-Hoc|iPhone.ActiveCfg = Debug|Any CPU
		{85416B1B-BC13-49F6-8397-166CD98D1FD4}.Ad-Hoc|iPhone.Build.0 = Debug|Any CPU
		{85416B1B-BC13-49F6-8397-166CD98D1FD4}.Ad-Hoc|iPhoneSimulator.ActiveCfg = Debug|Any CPU
		{85416B1B-BC13-49F6-8397-166CD98D1FD4}.Ad-Hoc|iPhoneSimulator.Build.0 = Debug|Any CPU
		{85416B1B-BC13-49F6-8397-166CD98D1FD4}.Ad-Hoc|x64.ActiveCfg = Debug|Any CPU
		{85416B1B-BC13-49F6-8397-166CD98D1FD4}.Ad-Hoc|x64.Build.0 = Debug|Any CPU
		{85416B1B-BC13-49F6-8397-166CD98D1FD4}.Ad-Hoc|x86.ActiveCfg = Debug|Any CPU
		{85416B1B-BC13-49F6-8397-166CD98D1FD4}.Ad-Hoc|x86.Build.0 = Debug|Any CPU
		{85416B1B-BC13-49F6-8397-166CD98D1FD4}.AppStore|Any CPU.ActiveCfg = Debug|Any CPU
		{85416B1B-BC13-49F6-8397-166CD98D1FD4}.AppStore|Any CPU.Build.0 = Debug|Any CPU
		{85416B1B-BC13-49F6-8397-166CD98D1FD4}.AppStore|ARM.ActiveCfg = Debug|Any CPU
		{85416B1B-BC13-49F6-8397-166CD98D1FD4}.AppStore|ARM.Build.0 = Debug|Any CPU
		{85416B1B-BC13-49F6-8397-166CD98D1FD4}.AppStore|iPhone.ActiveCfg = Debug|Any CPU
		{85416B1B-BC13-49F6-8397-166CD98D1FD4}.AppStore|iPhone.Build.0 = Debug|Any CPU
		{85416B1B-BC13-49F6-8397-166CD98D1FD4}.AppStore|iPhoneSimulator.ActiveCfg = Debug|Any CPU
		{85416B1B-BC13-49F6-8397-166CD98D1FD4}.AppStore|iPhoneSimulator.Build.0 = Debug|Any CPU
		{85416B1B-BC13-49F6-8397-166CD98D1FD4}.AppStore|x64.ActiveCfg = Debug|Any CPU
		{85416B1B-BC13-49F6-8397-166CD98D1FD4}.AppStore|x64.Build.0 = Debug|Any CPU
		{85416B1B-BC13-49F6-8397-166CD98D1FD4}.AppStore|x86.ActiveCfg = Debug|Any CPU
		{85416B1B-BC13-49F6-8397-166CD98D1FD4}.AppStore|x86.Build.0 = Debug|Any CPU
		{85416B1B-BC13-49F6-8397-166CD98D1FD4}.Debug|Any CPU.ActiveCfg = Debug|Any CPU
		{85416B1B-BC13-49F6-8397-166CD98D1FD4}.Debug|Any CPU.Build.0 = Debug|Any CPU
		{85416B1B-BC13-49F6-8397-166CD98D1FD4}.Debug|ARM.ActiveCfg = Debug|Any CPU
		{85416B1B-BC13-49F6-8397-166CD98D1FD4}.Debug|ARM.Build.0 = Debug|Any CPU
		{85416B1B-BC13-49F6-8397-166CD98D1FD4}.Debug|iPhone.ActiveCfg = Debug|Any CPU
		{85416B1B-BC13-49F6-8397-166CD98D1FD4}.Debug|iPhone.Build.0 = Debug|Any CPU
		{85416B1B-BC13-49F6-8397-166CD98D1FD4}.Debug|iPhoneSimulator.ActiveCfg = Debug|Any CPU
		{85416B1B-BC13-49F6-8397-166CD98D1FD4}.Debug|iPhoneSimulator.Build.0 = Debug|Any CPU
		{85416B1B-BC13-49F6-8397-166CD98D1FD4}.Debug|x64.ActiveCfg = Debug|Any CPU
		{85416B1B-BC13-49F6-8397-166CD98D1FD4}.Debug|x64.Build.0 = Debug|Any CPU
		{85416B1B-BC13-49F6-8397-166CD98D1FD4}.Debug|x86.ActiveCfg = Debug|Any CPU
		{85416B1B-BC13-49F6-8397-166CD98D1FD4}.Debug|x86.Build.0 = Debug|Any CPU
		{85416B1B-BC13-49F6-8397-166CD98D1FD4}.Release|Any CPU.ActiveCfg = Release|Any CPU
		{85416B1B-BC13-49F6-8397-166CD98D1FD4}.Release|Any CPU.Build.0 = Release|Any CPU
		{85416B1B-BC13-49F6-8397-166CD98D1FD4}.Release|ARM.ActiveCfg = Release|Any CPU
		{85416B1B-BC13-49F6-8397-166CD98D1FD4}.Release|ARM.Build.0 = Release|Any CPU
		{85416B1B-BC13-49F6-8397-166CD98D1FD4}.Release|iPhone.ActiveCfg = Release|Any CPU
		{85416B1B-BC13-49F6-8397-166CD98D1FD4}.Release|iPhone.Build.0 = Release|Any CPU
		{85416B1B-BC13-49F6-8397-166CD98D1FD4}.Release|iPhoneSimulator.ActiveCfg = Release|Any CPU
		{85416B1B-BC13-49F6-8397-166CD98D1FD4}.Release|iPhoneSimulator.Build.0 = Release|Any CPU
		{85416B1B-BC13-49F6-8397-166CD98D1FD4}.Release|x64.ActiveCfg = Release|Any CPU
		{85416B1B-BC13-49F6-8397-166CD98D1FD4}.Release|x64.Build.0 = Release|Any CPU
		{85416B1B-BC13-49F6-8397-166CD98D1FD4}.Release|x86.ActiveCfg = Release|Any CPU
		{85416B1B-BC13-49F6-8397-166CD98D1FD4}.Release|x86.Build.0 = Release|Any CPU
		{4CA6A22D-D742-4DFD-8349-057EF30A9445}.Ad-Hoc|Any CPU.ActiveCfg = Release|Any CPU
		{4CA6A22D-D742-4DFD-8349-057EF30A9445}.Ad-Hoc|Any CPU.Build.0 = Release|Any CPU
		{4CA6A22D-D742-4DFD-8349-057EF30A9445}.Ad-Hoc|Any CPU.Deploy.0 = Release|Any CPU
		{4CA6A22D-D742-4DFD-8349-057EF30A9445}.Ad-Hoc|ARM.ActiveCfg = Release|Any CPU
		{4CA6A22D-D742-4DFD-8349-057EF30A9445}.Ad-Hoc|ARM.Build.0 = Release|Any CPU
		{4CA6A22D-D742-4DFD-8349-057EF30A9445}.Ad-Hoc|ARM.Deploy.0 = Release|Any CPU
		{4CA6A22D-D742-4DFD-8349-057EF30A9445}.Ad-Hoc|iPhone.ActiveCfg = Release|Any CPU
		{4CA6A22D-D742-4DFD-8349-057EF30A9445}.Ad-Hoc|iPhone.Build.0 = Release|Any CPU
		{4CA6A22D-D742-4DFD-8349-057EF30A9445}.Ad-Hoc|iPhone.Deploy.0 = Release|Any CPU
		{4CA6A22D-D742-4DFD-8349-057EF30A9445}.Ad-Hoc|iPhoneSimulator.ActiveCfg = Release|Any CPU
		{4CA6A22D-D742-4DFD-8349-057EF30A9445}.Ad-Hoc|iPhoneSimulator.Build.0 = Release|Any CPU
		{4CA6A22D-D742-4DFD-8349-057EF30A9445}.Ad-Hoc|iPhoneSimulator.Deploy.0 = Release|Any CPU
		{4CA6A22D-D742-4DFD-8349-057EF30A9445}.Ad-Hoc|x64.ActiveCfg = Release|Any CPU
		{4CA6A22D-D742-4DFD-8349-057EF30A9445}.Ad-Hoc|x64.Build.0 = Release|Any CPU
		{4CA6A22D-D742-4DFD-8349-057EF30A9445}.Ad-Hoc|x64.Deploy.0 = Release|Any CPU
		{4CA6A22D-D742-4DFD-8349-057EF30A9445}.Ad-Hoc|x86.ActiveCfg = Release|Any CPU
		{4CA6A22D-D742-4DFD-8349-057EF30A9445}.Ad-Hoc|x86.Build.0 = Release|Any CPU
		{4CA6A22D-D742-4DFD-8349-057EF30A9445}.Ad-Hoc|x86.Deploy.0 = Release|Any CPU
		{4CA6A22D-D742-4DFD-8349-057EF30A9445}.AppStore|Any CPU.ActiveCfg = Release|Any CPU
		{4CA6A22D-D742-4DFD-8349-057EF30A9445}.AppStore|Any CPU.Build.0 = Release|Any CPU
		{4CA6A22D-D742-4DFD-8349-057EF30A9445}.AppStore|Any CPU.Deploy.0 = Release|Any CPU
		{4CA6A22D-D742-4DFD-8349-057EF30A9445}.AppStore|ARM.ActiveCfg = Release|Any CPU
		{4CA6A22D-D742-4DFD-8349-057EF30A9445}.AppStore|ARM.Build.0 = Release|Any CPU
		{4CA6A22D-D742-4DFD-8349-057EF30A9445}.AppStore|ARM.Deploy.0 = Release|Any CPU
		{4CA6A22D-D742-4DFD-8349-057EF30A9445}.AppStore|iPhone.ActiveCfg = Release|Any CPU
		{4CA6A22D-D742-4DFD-8349-057EF30A9445}.AppStore|iPhone.Build.0 = Release|Any CPU
		{4CA6A22D-D742-4DFD-8349-057EF30A9445}.AppStore|iPhone.Deploy.0 = Release|Any CPU
		{4CA6A22D-D742-4DFD-8349-057EF30A9445}.AppStore|iPhoneSimulator.ActiveCfg = Release|Any CPU
		{4CA6A22D-D742-4DFD-8349-057EF30A9445}.AppStore|iPhoneSimulator.Build.0 = Release|Any CPU
		{4CA6A22D-D742-4DFD-8349-057EF30A9445}.AppStore|iPhoneSimulator.Deploy.0 = Release|Any CPU
		{4CA6A22D-D742-4DFD-8349-057EF30A9445}.AppStore|x64.ActiveCfg = Release|Any CPU
		{4CA6A22D-D742-4DFD-8349-057EF30A9445}.AppStore|x64.Build.0 = Release|Any CPU
		{4CA6A22D-D742-4DFD-8349-057EF30A9445}.AppStore|x64.Deploy.0 = Release|Any CPU
		{4CA6A22D-D742-4DFD-8349-057EF30A9445}.AppStore|x86.ActiveCfg = Release|Any CPU
		{4CA6A22D-D742-4DFD-8349-057EF30A9445}.AppStore|x86.Build.0 = Release|Any CPU
		{4CA6A22D-D742-4DFD-8349-057EF30A9445}.AppStore|x86.Deploy.0 = Release|Any CPU
		{4CA6A22D-D742-4DFD-8349-057EF30A9445}.Debug|Any CPU.ActiveCfg = Debug|Any CPU
		{4CA6A22D-D742-4DFD-8349-057EF30A9445}.Debug|Any CPU.Build.0 = Debug|Any CPU
		{4CA6A22D-D742-4DFD-8349-057EF30A9445}.Debug|Any CPU.Deploy.0 = Debug|Any CPU
		{4CA6A22D-D742-4DFD-8349-057EF30A9445}.Debug|ARM.ActiveCfg = Debug|Any CPU
		{4CA6A22D-D742-4DFD-8349-057EF30A9445}.Debug|ARM.Build.0 = Debug|Any CPU
		{4CA6A22D-D742-4DFD-8349-057EF30A9445}.Debug|ARM.Deploy.0 = Debug|Any CPU
		{4CA6A22D-D742-4DFD-8349-057EF30A9445}.Debug|iPhone.ActiveCfg = Debug|Any CPU
		{4CA6A22D-D742-4DFD-8349-057EF30A9445}.Debug|iPhone.Build.0 = Debug|Any CPU
		{4CA6A22D-D742-4DFD-8349-057EF30A9445}.Debug|iPhone.Deploy.0 = Debug|Any CPU
		{4CA6A22D-D742-4DFD-8349-057EF30A9445}.Debug|iPhoneSimulator.ActiveCfg = Debug|Any CPU
		{4CA6A22D-D742-4DFD-8349-057EF30A9445}.Debug|iPhoneSimulator.Build.0 = Debug|Any CPU
		{4CA6A22D-D742-4DFD-8349-057EF30A9445}.Debug|iPhoneSimulator.Deploy.0 = Debug|Any CPU
		{4CA6A22D-D742-4DFD-8349-057EF30A9445}.Debug|x64.ActiveCfg = Debug|Any CPU
		{4CA6A22D-D742-4DFD-8349-057EF30A9445}.Debug|x64.Build.0 = Debug|Any CPU
		{4CA6A22D-D742-4DFD-8349-057EF30A9445}.Debug|x64.Deploy.0 = Debug|Any CPU
		{4CA6A22D-D742-4DFD-8349-057EF30A9445}.Debug|x86.ActiveCfg = Debug|Any CPU
		{4CA6A22D-D742-4DFD-8349-057EF30A9445}.Debug|x86.Build.0 = Debug|Any CPU
		{4CA6A22D-D742-4DFD-8349-057EF30A9445}.Debug|x86.Deploy.0 = Debug|Any CPU
		{4CA6A22D-D742-4DFD-8349-057EF30A9445}.Release|Any CPU.ActiveCfg = Release|Any CPU
		{4CA6A22D-D742-4DFD-8349-057EF30A9445}.Release|Any CPU.Build.0 = Release|Any CPU
		{4CA6A22D-D742-4DFD-8349-057EF30A9445}.Release|Any CPU.Deploy.0 = Release|Any CPU
		{4CA6A22D-D742-4DFD-8349-057EF30A9445}.Release|ARM.ActiveCfg = Release|Any CPU
		{4CA6A22D-D742-4DFD-8349-057EF30A9445}.Release|ARM.Build.0 = Release|Any CPU
		{4CA6A22D-D742-4DFD-8349-057EF30A9445}.Release|ARM.Deploy.0 = Release|Any CPU
		{4CA6A22D-D742-4DFD-8349-057EF30A9445}.Release|iPhone.ActiveCfg = Release|Any CPU
		{4CA6A22D-D742-4DFD-8349-057EF30A9445}.Release|iPhone.Build.0 = Release|Any CPU
		{4CA6A22D-D742-4DFD-8349-057EF30A9445}.Release|iPhone.Deploy.0 = Release|Any CPU
		{4CA6A22D-D742-4DFD-8349-057EF30A9445}.Release|iPhoneSimulator.ActiveCfg = Release|Any CPU
		{4CA6A22D-D742-4DFD-8349-057EF30A9445}.Release|iPhoneSimulator.Build.0 = Release|Any CPU
		{4CA6A22D-D742-4DFD-8349-057EF30A9445}.Release|iPhoneSimulator.Deploy.0 = Release|Any CPU
		{4CA6A22D-D742-4DFD-8349-057EF30A9445}.Release|x64.ActiveCfg = Release|Any CPU
		{4CA6A22D-D742-4DFD-8349-057EF30A9445}.Release|x64.Build.0 = Release|Any CPU
		{4CA6A22D-D742-4DFD-8349-057EF30A9445}.Release|x64.Deploy.0 = Release|Any CPU
		{4CA6A22D-D742-4DFD-8349-057EF30A9445}.Release|x86.ActiveCfg = Release|Any CPU
		{4CA6A22D-D742-4DFD-8349-057EF30A9445}.Release|x86.Build.0 = Release|Any CPU
		{4CA6A22D-D742-4DFD-8349-057EF30A9445}.Release|x86.Deploy.0 = Release|Any CPU
		{B19C892E-2628-4CA7-AD27-08D406A3B14B}.Ad-Hoc|Any CPU.ActiveCfg = Release|Any CPU
		{B19C892E-2628-4CA7-AD27-08D406A3B14B}.Ad-Hoc|Any CPU.Build.0 = Release|Any CPU
		{B19C892E-2628-4CA7-AD27-08D406A3B14B}.Ad-Hoc|ARM.ActiveCfg = Release|Any CPU
		{B19C892E-2628-4CA7-AD27-08D406A3B14B}.Ad-Hoc|ARM.Build.0 = Release|Any CPU
		{B19C892E-2628-4CA7-AD27-08D406A3B14B}.Ad-Hoc|iPhone.ActiveCfg = Release|Any CPU
		{B19C892E-2628-4CA7-AD27-08D406A3B14B}.Ad-Hoc|iPhone.Build.0 = Release|Any CPU
		{B19C892E-2628-4CA7-AD27-08D406A3B14B}.Ad-Hoc|iPhoneSimulator.ActiveCfg = Release|Any CPU
		{B19C892E-2628-4CA7-AD27-08D406A3B14B}.Ad-Hoc|iPhoneSimulator.Build.0 = Release|Any CPU
		{B19C892E-2628-4CA7-AD27-08D406A3B14B}.Ad-Hoc|x64.ActiveCfg = Release|Any CPU
		{B19C892E-2628-4CA7-AD27-08D406A3B14B}.Ad-Hoc|x64.Build.0 = Release|Any CPU
		{B19C892E-2628-4CA7-AD27-08D406A3B14B}.Ad-Hoc|x86.ActiveCfg = Release|Any CPU
		{B19C892E-2628-4CA7-AD27-08D406A3B14B}.Ad-Hoc|x86.Build.0 = Release|Any CPU
		{B19C892E-2628-4CA7-AD27-08D406A3B14B}.AppStore|Any CPU.ActiveCfg = Release|Any CPU
		{B19C892E-2628-4CA7-AD27-08D406A3B14B}.AppStore|Any CPU.Build.0 = Release|Any CPU
		{B19C892E-2628-4CA7-AD27-08D406A3B14B}.AppStore|ARM.ActiveCfg = Release|Any CPU
		{B19C892E-2628-4CA7-AD27-08D406A3B14B}.AppStore|ARM.Build.0 = Release|Any CPU
		{B19C892E-2628-4CA7-AD27-08D406A3B14B}.AppStore|iPhone.ActiveCfg = Release|Any CPU
		{B19C892E-2628-4CA7-AD27-08D406A3B14B}.AppStore|iPhone.Build.0 = Release|Any CPU
		{B19C892E-2628-4CA7-AD27-08D406A3B14B}.AppStore|iPhoneSimulator.ActiveCfg = Release|Any CPU
		{B19C892E-2628-4CA7-AD27-08D406A3B14B}.AppStore|iPhoneSimulator.Build.0 = Release|Any CPU
		{B19C892E-2628-4CA7-AD27-08D406A3B14B}.AppStore|x64.ActiveCfg = Release|Any CPU
		{B19C892E-2628-4CA7-AD27-08D406A3B14B}.AppStore|x64.Build.0 = Release|Any CPU
		{B19C892E-2628-4CA7-AD27-08D406A3B14B}.AppStore|x86.ActiveCfg = Release|Any CPU
		{B19C892E-2628-4CA7-AD27-08D406A3B14B}.AppStore|x86.Build.0 = Release|Any CPU
		{B19C892E-2628-4CA7-AD27-08D406A3B14B}.Debug|Any CPU.ActiveCfg = Debug|Any CPU
		{B19C892E-2628-4CA7-AD27-08D406A3B14B}.Debug|Any CPU.Build.0 = Debug|Any CPU
		{B19C892E-2628-4CA7-AD27-08D406A3B14B}.Debug|ARM.ActiveCfg = Debug|Any CPU
		{B19C892E-2628-4CA7-AD27-08D406A3B14B}.Debug|ARM.Build.0 = Debug|Any CPU
		{B19C892E-2628-4CA7-AD27-08D406A3B14B}.Debug|iPhone.ActiveCfg = Debug|Any CPU
		{B19C892E-2628-4CA7-AD27-08D406A3B14B}.Debug|iPhone.Build.0 = Debug|Any CPU
		{B19C892E-2628-4CA7-AD27-08D406A3B14B}.Debug|iPhoneSimulator.ActiveCfg = Debug|Any CPU
		{B19C892E-2628-4CA7-AD27-08D406A3B14B}.Debug|iPhoneSimulator.Build.0 = Debug|Any CPU
		{B19C892E-2628-4CA7-AD27-08D406A3B14B}.Debug|x64.ActiveCfg = Debug|Any CPU
		{B19C892E-2628-4CA7-AD27-08D406A3B14B}.Debug|x64.Build.0 = Debug|Any CPU
		{B19C892E-2628-4CA7-AD27-08D406A3B14B}.Debug|x86.ActiveCfg = Debug|Any CPU
		{B19C892E-2628-4CA7-AD27-08D406A3B14B}.Debug|x86.Build.0 = Debug|Any CPU
		{B19C892E-2628-4CA7-AD27-08D406A3B14B}.Release|Any CPU.ActiveCfg = Release|Any CPU
		{B19C892E-2628-4CA7-AD27-08D406A3B14B}.Release|Any CPU.Build.0 = Release|Any CPU
		{B19C892E-2628-4CA7-AD27-08D406A3B14B}.Release|ARM.ActiveCfg = Release|Any CPU
		{B19C892E-2628-4CA7-AD27-08D406A3B14B}.Release|ARM.Build.0 = Release|Any CPU
		{B19C892E-2628-4CA7-AD27-08D406A3B14B}.Release|iPhone.ActiveCfg = Release|Any CPU
		{B19C892E-2628-4CA7-AD27-08D406A3B14B}.Release|iPhone.Build.0 = Release|Any CPU
		{B19C892E-2628-4CA7-AD27-08D406A3B14B}.Release|iPhoneSimulator.ActiveCfg = Release|Any CPU
		{B19C892E-2628-4CA7-AD27-08D406A3B14B}.Release|iPhoneSimulator.Build.0 = Release|Any CPU
		{B19C892E-2628-4CA7-AD27-08D406A3B14B}.Release|x64.ActiveCfg = Release|Any CPU
		{B19C892E-2628-4CA7-AD27-08D406A3B14B}.Release|x64.Build.0 = Release|Any CPU
		{B19C892E-2628-4CA7-AD27-08D406A3B14B}.Release|x86.ActiveCfg = Release|Any CPU
		{B19C892E-2628-4CA7-AD27-08D406A3B14B}.Release|x86.Build.0 = Release|Any CPU
	EndGlobalSection
	GlobalSection(SolutionProperties) = preSolution
		HideSolutionNode = FALSE
	EndGlobalSection
	GlobalSection(NestedProjects) = preSolution
		{85416B1B-BC13-49F6-8397-166CD98D1FD4} = {8BBDFD16-37FB-4C4C-AA4F-525913416EBE}
	EndGlobalSection
	GlobalSection(ExtensibilityGlobals) = postSolution
		SolutionGuid = {6249737F-0CF9-4781-8848-A86665D5D025}
	EndGlobalSection
EndGlobal
