
Microsoft Visual Studio Solution File, Format Version 12.00
# Visual Studio 15
VisualStudioVersion = 15.0.28010.2026
MinimumVisualStudioVersion = 10.0.40219.1
Project("{9A19103F-16F7-4668-BE54-9A1E7A4F7556}") = "Bible.Alarm.Common", "Bible.Alarm.Common\Bible.Alarm.Common.csproj", "{B888FBE1-6448-4355-8681-8BCEDE70C1A1}"
EndProject
Project("{9A19103F-16F7-4668-BE54-9A1E7A4F7556}") = "Bible.Alarm.Models", "Bible.Alarm.Models\Bible.Alarm.Models.csproj", "{55929F15-CAA6-4DBF-A659-3DC315EE5237}"
EndProject
Project("{9A19103F-16F7-4668-BE54-9A1E7A4F7556}") = "Bible.Alarm.Services", "Bible.Alarm.Services\Bible.Alarm.Services.csproj", "{385DD86E-59C5-4F19-9043-4461A7057D01}"
EndProject
Project("{9A19103F-16F7-4668-BE54-9A1E7A4F7556}") = "Bible.Alarm.Services.Contracts", "Bible.Alarm.Services.Contracts\Bible.Alarm.Services.Contracts.csproj", "{2D90DBB4-5F55-4C51-BCBB-BF56DF488C46}"
EndProject
Project("{FAE04EC0-301F-11D3-BF4B-00C04F79EFBC}") = "Bible.Alarm.Services.UWP", "Bible.Alarm.Services.UWP\Bible.Alarm.Services.UWP.csproj", "{F59ECCEE-2853-4288-AEA3-3CD8A580957F}"
EndProject
Project("{FAE04EC0-301F-11D3-BF4B-00C04F79EFBC}") = "Bible.Alarm.Core.UWP", "Bible.Alarm.Core.UWP\Bible.Alarm.Core.UWP.csproj", "{4085A4C5-35D0-4AAC-9C8B-7E835F1C34C6}"
EndProject
Project("{FAE04EC0-301F-11D3-BF4B-00C04F79EFBC}") = "Bible.Alarm.Services.Android", "Bible.Alarm.Services.Android\Bible.Alarm.Services.Android.csproj", "{024D1946-900D-48F1-9454-A592E216FC88}"
EndProject
Project("{FAE04EC0-301F-11D3-BF4B-00C04F79EFBC}") = "Bible.Alarm.Core.Android", "Bible.Alarm.Core.Android\Bible.Alarm.Core.Android.csproj", "{3BC0AC7E-3B3B-4D3F-9CC0-B2BDECC460A6}"
EndProject
Project("{FAE04EC0-301F-11D3-BF4B-00C04F79EFBC}") = "Bible.Alarm.Services.iOS", "Bible.Alarm.Services.iOS\Bible.Alarm.Services.iOS.csproj", "{45A32BC2-7B32-4991-BE9E-7E2FF32F2EEA}"
EndProject
Project("{FAE04EC0-301F-11D3-BF4B-00C04F79EFBC}") = "Bible.Alarm.Core.iOS", "Bible.Alarm.Core.iOS\Bible.Alarm.Core.iOS.csproj", "{3B8A7562-9D78-420B-8C69-417A2724301A}"
EndProject
Project("{9A19103F-16F7-4668-BE54-9A1E7A4F7556}") = "Bible.Alarm.ViewModels", "Bible.Alarm.ViewModels\Bible.Alarm.ViewModels.csproj", "{A5998E96-80A5-4FAC-B828-99A5AB409CAB}"
EndProject
Project("{FAE04EC0-301F-11D3-BF4B-00C04F79EFBC}") = "Bible.Alarm.DbMigration.Setup", "Bible.Alarm.DbMigration.Setup\Bible.Alarm.DbMigration.Setup.csproj", "{5605F750-FF52-4013-ABEB-7EDA2E521827}"
EndProject
Project("{2150E333-8FDC-42A3-9474-1A3956D46DE8}") = "_tools", "_tools", "{2C4E3F11-7F74-4A98-81C0-BA210A72FA10}"
EndProject
Project("{9A19103F-16F7-4668-BE54-9A1E7A4F7556}") = "Bible.Alarm.DbMigration.Setup", "_tools\Bible.Alarm.DbMigration.Setup\Bible.Alarm.DbMigration.Setup.csproj", "{F8E72506-D77F-4B0A-A43D-702675BE5872}"
EndProject
Project("{9A19103F-16F7-4668-BE54-9A1E7A4F7556}") = "Bible.Alarm.Audio.Links.Harvestor", "_tools\Bible.Alarm.Audio.Links.Harvestor\Bible.Alarm.Audio.Links.Harvestor.csproj", "{54FA6F87-61BA-4D24-A40B-AFEBCF9B99BA}"
EndProject
Project("{FAE04EC0-301F-11D3-BF4B-00C04F79EFBC}") = "Bible.Alarm.Services.UWP.Tests", "Bible.Alarm.Services.UWP.Tests\Bible.Alarm.Services.UWP.Tests.csproj", "{0D010415-8CC9-4D7D-9AD2-20DE47CEF723}"
EndProject
Project("{FAE04EC0-301F-11D3-BF4B-00C04F79EFBC}") = "Bible.Alarm.UI.Android", "Bible.Alarm.UI\Bible.Alarm.UI.Android\Bible.Alarm.UI.Android.csproj", "{6A3FBC03-9707-4A6A-889B-65AF32485616}"
EndProject
Project("{FAE04EC0-301F-11D3-BF4B-00C04F79EFBC}") = "Bible.Alarm.UI.iOS", "Bible.Alarm.UI\Bible.Alarm.UI.iOS\Bible.Alarm.UI.iOS.csproj", "{0BD07966-A022-4909-A1CF-E942C3520A05}"
EndProject
Project("{FAE04EC0-301F-11D3-BF4B-00C04F79EFBC}") = "Bible.Alarm.UI.UWP", "Bible.Alarm.UI\Bible.Alarm.UI.UWP\Bible.Alarm.UI.UWP.csproj", "{218799F6-960F-408D-8BB9-24CFCFC95B11}"
EndProject
Project("{FAE04EC0-301F-11D3-BF4B-00C04F79EFBC}") = "Bible.Alarm.UI", "Bible.Alarm.UI\Bible.Alarm.UI\Bible.Alarm.UI.csproj", "{57896966-8E1E-403F-A84A-A4EF8B80C426}"
EndProject
Global
	GlobalSection(SolutionConfigurationPlatforms) = preSolution
		Ad-Hoc|Any CPU = Ad-Hoc|Any CPU
		Ad-Hoc|ARM = Ad-Hoc|ARM
		Ad-Hoc|ARM64 = Ad-Hoc|ARM64
		Ad-Hoc|iPhone = Ad-Hoc|iPhone
		Ad-Hoc|iPhoneSimulator = Ad-Hoc|iPhoneSimulator
		Ad-Hoc|x64 = Ad-Hoc|x64
		Ad-Hoc|x86 = Ad-Hoc|x86
		AppStore|Any CPU = AppStore|Any CPU
		AppStore|ARM = AppStore|ARM
		AppStore|ARM64 = AppStore|ARM64
		AppStore|iPhone = AppStore|iPhone
		AppStore|iPhoneSimulator = AppStore|iPhoneSimulator
		AppStore|x64 = AppStore|x64
		AppStore|x86 = AppStore|x86
		Debug|Any CPU = Debug|Any CPU
		Debug|ARM = Debug|ARM
		Debug|ARM64 = Debug|ARM64
		Debug|iPhone = Debug|iPhone
		Debug|iPhoneSimulator = Debug|iPhoneSimulator
		Debug|x64 = Debug|x64
		Debug|x86 = Debug|x86
		Release|Any CPU = Release|Any CPU
		Release|ARM = Release|ARM
		Release|ARM64 = Release|ARM64
		Release|iPhone = Release|iPhone
		Release|iPhoneSimulator = Release|iPhoneSimulator
		Release|x64 = Release|x64
		Release|x86 = Release|x86
	EndGlobalSection
	GlobalSection(ProjectConfigurationPlatforms) = postSolution
		{B888FBE1-6448-4355-8681-8BCEDE70C1A1}.Ad-Hoc|Any CPU.ActiveCfg = Release|Any CPU
		{B888FBE1-6448-4355-8681-8BCEDE70C1A1}.Ad-Hoc|Any CPU.Build.0 = Release|Any CPU
		{B888FBE1-6448-4355-8681-8BCEDE70C1A1}.Ad-Hoc|ARM.ActiveCfg = Release|Any CPU
		{B888FBE1-6448-4355-8681-8BCEDE70C1A1}.Ad-Hoc|ARM.Build.0 = Release|Any CPU
		{B888FBE1-6448-4355-8681-8BCEDE70C1A1}.Ad-Hoc|ARM64.ActiveCfg = Release|Any CPU
		{B888FBE1-6448-4355-8681-8BCEDE70C1A1}.Ad-Hoc|ARM64.Build.0 = Release|Any CPU
		{B888FBE1-6448-4355-8681-8BCEDE70C1A1}.Ad-Hoc|iPhone.ActiveCfg = Release|Any CPU
		{B888FBE1-6448-4355-8681-8BCEDE70C1A1}.Ad-Hoc|iPhone.Build.0 = Release|Any CPU
		{B888FBE1-6448-4355-8681-8BCEDE70C1A1}.Ad-Hoc|iPhoneSimulator.ActiveCfg = Release|Any CPU
		{B888FBE1-6448-4355-8681-8BCEDE70C1A1}.Ad-Hoc|iPhoneSimulator.Build.0 = Release|Any CPU
		{B888FBE1-6448-4355-8681-8BCEDE70C1A1}.Ad-Hoc|x64.ActiveCfg = Release|Any CPU
		{B888FBE1-6448-4355-8681-8BCEDE70C1A1}.Ad-Hoc|x64.Build.0 = Release|Any CPU
		{B888FBE1-6448-4355-8681-8BCEDE70C1A1}.Ad-Hoc|x86.ActiveCfg = Release|Any CPU
		{B888FBE1-6448-4355-8681-8BCEDE70C1A1}.Ad-Hoc|x86.Build.0 = Release|Any CPU
		{B888FBE1-6448-4355-8681-8BCEDE70C1A1}.AppStore|Any CPU.ActiveCfg = Release|Any CPU
		{B888FBE1-6448-4355-8681-8BCEDE70C1A1}.AppStore|Any CPU.Build.0 = Release|Any CPU
		{B888FBE1-6448-4355-8681-8BCEDE70C1A1}.AppStore|ARM.ActiveCfg = Release|Any CPU
		{B888FBE1-6448-4355-8681-8BCEDE70C1A1}.AppStore|ARM.Build.0 = Release|Any CPU
		{B888FBE1-6448-4355-8681-8BCEDE70C1A1}.AppStore|ARM64.ActiveCfg = Release|Any CPU
		{B888FBE1-6448-4355-8681-8BCEDE70C1A1}.AppStore|ARM64.Build.0 = Release|Any CPU
		{B888FBE1-6448-4355-8681-8BCEDE70C1A1}.AppStore|iPhone.ActiveCfg = Release|Any CPU
		{B888FBE1-6448-4355-8681-8BCEDE70C1A1}.AppStore|iPhone.Build.0 = Release|Any CPU
		{B888FBE1-6448-4355-8681-8BCEDE70C1A1}.AppStore|iPhoneSimulator.ActiveCfg = Release|Any CPU
		{B888FBE1-6448-4355-8681-8BCEDE70C1A1}.AppStore|iPhoneSimulator.Build.0 = Release|Any CPU
		{B888FBE1-6448-4355-8681-8BCEDE70C1A1}.AppStore|x64.ActiveCfg = Release|Any CPU
		{B888FBE1-6448-4355-8681-8BCEDE70C1A1}.AppStore|x64.Build.0 = Release|Any CPU
		{B888FBE1-6448-4355-8681-8BCEDE70C1A1}.AppStore|x86.ActiveCfg = Release|Any CPU
		{B888FBE1-6448-4355-8681-8BCEDE70C1A1}.AppStore|x86.Build.0 = Release|Any CPU
		{B888FBE1-6448-4355-8681-8BCEDE70C1A1}.Debug|Any CPU.ActiveCfg = Debug|Any CPU
		{B888FBE1-6448-4355-8681-8BCEDE70C1A1}.Debug|Any CPU.Build.0 = Debug|Any CPU
		{B888FBE1-6448-4355-8681-8BCEDE70C1A1}.Debug|ARM.ActiveCfg = Debug|Any CPU
		{B888FBE1-6448-4355-8681-8BCEDE70C1A1}.Debug|ARM.Build.0 = Debug|Any CPU
		{B888FBE1-6448-4355-8681-8BCEDE70C1A1}.Debug|ARM64.ActiveCfg = Debug|Any CPU
		{B888FBE1-6448-4355-8681-8BCEDE70C1A1}.Debug|ARM64.Build.0 = Debug|Any CPU
		{B888FBE1-6448-4355-8681-8BCEDE70C1A1}.Debug|iPhone.ActiveCfg = Debug|Any CPU
		{B888FBE1-6448-4355-8681-8BCEDE70C1A1}.Debug|iPhone.Build.0 = Debug|Any CPU
		{B888FBE1-6448-4355-8681-8BCEDE70C1A1}.Debug|iPhoneSimulator.ActiveCfg = Debug|Any CPU
		{B888FBE1-6448-4355-8681-8BCEDE70C1A1}.Debug|iPhoneSimulator.Build.0 = Debug|Any CPU
		{B888FBE1-6448-4355-8681-8BCEDE70C1A1}.Debug|x64.ActiveCfg = Debug|Any CPU
		{B888FBE1-6448-4355-8681-8BCEDE70C1A1}.Debug|x64.Build.0 = Debug|Any CPU
		{B888FBE1-6448-4355-8681-8BCEDE70C1A1}.Debug|x86.ActiveCfg = Debug|Any CPU
		{B888FBE1-6448-4355-8681-8BCEDE70C1A1}.Debug|x86.Build.0 = Debug|Any CPU
		{B888FBE1-6448-4355-8681-8BCEDE70C1A1}.Release|Any CPU.ActiveCfg = Release|Any CPU
		{B888FBE1-6448-4355-8681-8BCEDE70C1A1}.Release|Any CPU.Build.0 = Release|Any CPU
		{B888FBE1-6448-4355-8681-8BCEDE70C1A1}.Release|ARM.ActiveCfg = Release|Any CPU
		{B888FBE1-6448-4355-8681-8BCEDE70C1A1}.Release|ARM.Build.0 = Release|Any CPU
		{B888FBE1-6448-4355-8681-8BCEDE70C1A1}.Release|ARM64.ActiveCfg = Release|Any CPU
		{B888FBE1-6448-4355-8681-8BCEDE70C1A1}.Release|ARM64.Build.0 = Release|Any CPU
		{B888FBE1-6448-4355-8681-8BCEDE70C1A1}.Release|iPhone.ActiveCfg = Release|Any CPU
		{B888FBE1-6448-4355-8681-8BCEDE70C1A1}.Release|iPhone.Build.0 = Release|Any CPU
		{B888FBE1-6448-4355-8681-8BCEDE70C1A1}.Release|iPhoneSimulator.ActiveCfg = Release|Any CPU
		{B888FBE1-6448-4355-8681-8BCEDE70C1A1}.Release|iPhoneSimulator.Build.0 = Release|Any CPU
		{B888FBE1-6448-4355-8681-8BCEDE70C1A1}.Release|x64.ActiveCfg = Release|Any CPU
		{B888FBE1-6448-4355-8681-8BCEDE70C1A1}.Release|x64.Build.0 = Release|Any CPU
		{B888FBE1-6448-4355-8681-8BCEDE70C1A1}.Release|x86.ActiveCfg = Release|Any CPU
		{B888FBE1-6448-4355-8681-8BCEDE70C1A1}.Release|x86.Build.0 = Release|Any CPU
		{55929F15-CAA6-4DBF-A659-3DC315EE5237}.Ad-Hoc|Any CPU.ActiveCfg = Release|Any CPU
		{55929F15-CAA6-4DBF-A659-3DC315EE5237}.Ad-Hoc|Any CPU.Build.0 = Release|Any CPU
		{55929F15-CAA6-4DBF-A659-3DC315EE5237}.Ad-Hoc|ARM.ActiveCfg = Release|Any CPU
		{55929F15-CAA6-4DBF-A659-3DC315EE5237}.Ad-Hoc|ARM.Build.0 = Release|Any CPU
		{55929F15-CAA6-4DBF-A659-3DC315EE5237}.Ad-Hoc|ARM64.ActiveCfg = Release|Any CPU
		{55929F15-CAA6-4DBF-A659-3DC315EE5237}.Ad-Hoc|ARM64.Build.0 = Release|Any CPU
		{55929F15-CAA6-4DBF-A659-3DC315EE5237}.Ad-Hoc|iPhone.ActiveCfg = Release|Any CPU
		{55929F15-CAA6-4DBF-A659-3DC315EE5237}.Ad-Hoc|iPhone.Build.0 = Release|Any CPU
		{55929F15-CAA6-4DBF-A659-3DC315EE5237}.Ad-Hoc|iPhoneSimulator.ActiveCfg = Release|Any CPU
		{55929F15-CAA6-4DBF-A659-3DC315EE5237}.Ad-Hoc|iPhoneSimulator.Build.0 = Release|Any CPU
		{55929F15-CAA6-4DBF-A659-3DC315EE5237}.Ad-Hoc|x64.ActiveCfg = Release|Any CPU
		{55929F15-CAA6-4DBF-A659-3DC315EE5237}.Ad-Hoc|x64.Build.0 = Release|Any CPU
		{55929F15-CAA6-4DBF-A659-3DC315EE5237}.Ad-Hoc|x86.ActiveCfg = Release|Any CPU
		{55929F15-CAA6-4DBF-A659-3DC315EE5237}.Ad-Hoc|x86.Build.0 = Release|Any CPU
		{55929F15-CAA6-4DBF-A659-3DC315EE5237}.AppStore|Any CPU.ActiveCfg = Release|Any CPU
		{55929F15-CAA6-4DBF-A659-3DC315EE5237}.AppStore|Any CPU.Build.0 = Release|Any CPU
		{55929F15-CAA6-4DBF-A659-3DC315EE5237}.AppStore|ARM.ActiveCfg = Release|Any CPU
		{55929F15-CAA6-4DBF-A659-3DC315EE5237}.AppStore|ARM.Build.0 = Release|Any CPU
		{55929F15-CAA6-4DBF-A659-3DC315EE5237}.AppStore|ARM64.ActiveCfg = Release|Any CPU
		{55929F15-CAA6-4DBF-A659-3DC315EE5237}.AppStore|ARM64.Build.0 = Release|Any CPU
		{55929F15-CAA6-4DBF-A659-3DC315EE5237}.AppStore|iPhone.ActiveCfg = Release|Any CPU
		{55929F15-CAA6-4DBF-A659-3DC315EE5237}.AppStore|iPhone.Build.0 = Release|Any CPU
		{55929F15-CAA6-4DBF-A659-3DC315EE5237}.AppStore|iPhoneSimulator.ActiveCfg = Release|Any CPU
		{55929F15-CAA6-4DBF-A659-3DC315EE5237}.AppStore|iPhoneSimulator.Build.0 = Release|Any CPU
		{55929F15-CAA6-4DBF-A659-3DC315EE5237}.AppStore|x64.ActiveCfg = Release|Any CPU
		{55929F15-CAA6-4DBF-A659-3DC315EE5237}.AppStore|x64.Build.0 = Release|Any CPU
		{55929F15-CAA6-4DBF-A659-3DC315EE5237}.AppStore|x86.ActiveCfg = Release|Any CPU
		{55929F15-CAA6-4DBF-A659-3DC315EE5237}.AppStore|x86.Build.0 = Release|Any CPU
		{55929F15-CAA6-4DBF-A659-3DC315EE5237}.Debug|Any CPU.ActiveCfg = Debug|Any CPU
		{55929F15-CAA6-4DBF-A659-3DC315EE5237}.Debug|Any CPU.Build.0 = Debug|Any CPU
		{55929F15-CAA6-4DBF-A659-3DC315EE5237}.Debug|ARM.ActiveCfg = Debug|Any CPU
		{55929F15-CAA6-4DBF-A659-3DC315EE5237}.Debug|ARM.Build.0 = Debug|Any CPU
		{55929F15-CAA6-4DBF-A659-3DC315EE5237}.Debug|ARM64.ActiveCfg = Debug|Any CPU
		{55929F15-CAA6-4DBF-A659-3DC315EE5237}.Debug|ARM64.Build.0 = Debug|Any CPU
		{55929F15-CAA6-4DBF-A659-3DC315EE5237}.Debug|iPhone.ActiveCfg = Debug|Any CPU
		{55929F15-CAA6-4DBF-A659-3DC315EE5237}.Debug|iPhone.Build.0 = Debug|Any CPU
		{55929F15-CAA6-4DBF-A659-3DC315EE5237}.Debug|iPhoneSimulator.ActiveCfg = Debug|Any CPU
		{55929F15-CAA6-4DBF-A659-3DC315EE5237}.Debug|iPhoneSimulator.Build.0 = Debug|Any CPU
		{55929F15-CAA6-4DBF-A659-3DC315EE5237}.Debug|x64.ActiveCfg = Debug|Any CPU
		{55929F15-CAA6-4DBF-A659-3DC315EE5237}.Debug|x64.Build.0 = Debug|Any CPU
		{55929F15-CAA6-4DBF-A659-3DC315EE5237}.Debug|x86.ActiveCfg = Debug|Any CPU
		{55929F15-CAA6-4DBF-A659-3DC315EE5237}.Debug|x86.Build.0 = Debug|Any CPU
		{55929F15-CAA6-4DBF-A659-3DC315EE5237}.Release|Any CPU.ActiveCfg = Release|Any CPU
		{55929F15-CAA6-4DBF-A659-3DC315EE5237}.Release|Any CPU.Build.0 = Release|Any CPU
		{55929F15-CAA6-4DBF-A659-3DC315EE5237}.Release|ARM.ActiveCfg = Release|Any CPU
		{55929F15-CAA6-4DBF-A659-3DC315EE5237}.Release|ARM.Build.0 = Release|Any CPU
		{55929F15-CAA6-4DBF-A659-3DC315EE5237}.Release|ARM64.ActiveCfg = Release|Any CPU
		{55929F15-CAA6-4DBF-A659-3DC315EE5237}.Release|ARM64.Build.0 = Release|Any CPU
		{55929F15-CAA6-4DBF-A659-3DC315EE5237}.Release|iPhone.ActiveCfg = Release|Any CPU
		{55929F15-CAA6-4DBF-A659-3DC315EE5237}.Release|iPhone.Build.0 = Release|Any CPU
		{55929F15-CAA6-4DBF-A659-3DC315EE5237}.Release|iPhoneSimulator.ActiveCfg = Release|Any CPU
		{55929F15-CAA6-4DBF-A659-3DC315EE5237}.Release|iPhoneSimulator.Build.0 = Release|Any CPU
		{55929F15-CAA6-4DBF-A659-3DC315EE5237}.Release|x64.ActiveCfg = Release|Any CPU
		{55929F15-CAA6-4DBF-A659-3DC315EE5237}.Release|x64.Build.0 = Release|Any CPU
		{55929F15-CAA6-4DBF-A659-3DC315EE5237}.Release|x86.ActiveCfg = Release|Any CPU
		{55929F15-CAA6-4DBF-A659-3DC315EE5237}.Release|x86.Build.0 = Release|Any CPU
		{385DD86E-59C5-4F19-9043-4461A7057D01}.Ad-Hoc|Any CPU.ActiveCfg = Release|Any CPU
		{385DD86E-59C5-4F19-9043-4461A7057D01}.Ad-Hoc|Any CPU.Build.0 = Release|Any CPU
		{385DD86E-59C5-4F19-9043-4461A7057D01}.Ad-Hoc|ARM.ActiveCfg = Release|Any CPU
		{385DD86E-59C5-4F19-9043-4461A7057D01}.Ad-Hoc|ARM.Build.0 = Release|Any CPU
		{385DD86E-59C5-4F19-9043-4461A7057D01}.Ad-Hoc|ARM64.ActiveCfg = Release|Any CPU
		{385DD86E-59C5-4F19-9043-4461A7057D01}.Ad-Hoc|ARM64.Build.0 = Release|Any CPU
		{385DD86E-59C5-4F19-9043-4461A7057D01}.Ad-Hoc|iPhone.ActiveCfg = Release|Any CPU
		{385DD86E-59C5-4F19-9043-4461A7057D01}.Ad-Hoc|iPhone.Build.0 = Release|Any CPU
		{385DD86E-59C5-4F19-9043-4461A7057D01}.Ad-Hoc|iPhoneSimulator.ActiveCfg = Release|Any CPU
		{385DD86E-59C5-4F19-9043-4461A7057D01}.Ad-Hoc|iPhoneSimulator.Build.0 = Release|Any CPU
		{385DD86E-59C5-4F19-9043-4461A7057D01}.Ad-Hoc|x64.ActiveCfg = Release|Any CPU
		{385DD86E-59C5-4F19-9043-4461A7057D01}.Ad-Hoc|x64.Build.0 = Release|Any CPU
		{385DD86E-59C5-4F19-9043-4461A7057D01}.Ad-Hoc|x86.ActiveCfg = Release|Any CPU
		{385DD86E-59C5-4F19-9043-4461A7057D01}.Ad-Hoc|x86.Build.0 = Release|Any CPU
		{385DD86E-59C5-4F19-9043-4461A7057D01}.AppStore|Any CPU.ActiveCfg = Release|Any CPU
		{385DD86E-59C5-4F19-9043-4461A7057D01}.AppStore|Any CPU.Build.0 = Release|Any CPU
		{385DD86E-59C5-4F19-9043-4461A7057D01}.AppStore|ARM.ActiveCfg = Release|Any CPU
		{385DD86E-59C5-4F19-9043-4461A7057D01}.AppStore|ARM.Build.0 = Release|Any CPU
		{385DD86E-59C5-4F19-9043-4461A7057D01}.AppStore|ARM64.ActiveCfg = Release|Any CPU
		{385DD86E-59C5-4F19-9043-4461A7057D01}.AppStore|ARM64.Build.0 = Release|Any CPU
		{385DD86E-59C5-4F19-9043-4461A7057D01}.AppStore|iPhone.ActiveCfg = Release|Any CPU
		{385DD86E-59C5-4F19-9043-4461A7057D01}.AppStore|iPhone.Build.0 = Release|Any CPU
		{385DD86E-59C5-4F19-9043-4461A7057D01}.AppStore|iPhoneSimulator.ActiveCfg = Release|Any CPU
		{385DD86E-59C5-4F19-9043-4461A7057D01}.AppStore|iPhoneSimulator.Build.0 = Release|Any CPU
		{385DD86E-59C5-4F19-9043-4461A7057D01}.AppStore|x64.ActiveCfg = Release|Any CPU
		{385DD86E-59C5-4F19-9043-4461A7057D01}.AppStore|x64.Build.0 = Release|Any CPU
		{385DD86E-59C5-4F19-9043-4461A7057D01}.AppStore|x86.ActiveCfg = Release|Any CPU
		{385DD86E-59C5-4F19-9043-4461A7057D01}.AppStore|x86.Build.0 = Release|Any CPU
		{385DD86E-59C5-4F19-9043-4461A7057D01}.Debug|Any CPU.ActiveCfg = Debug|Any CPU
		{385DD86E-59C5-4F19-9043-4461A7057D01}.Debug|Any CPU.Build.0 = Debug|Any CPU
		{385DD86E-59C5-4F19-9043-4461A7057D01}.Debug|ARM.ActiveCfg = Debug|Any CPU
		{385DD86E-59C5-4F19-9043-4461A7057D01}.Debug|ARM.Build.0 = Debug|Any CPU
		{385DD86E-59C5-4F19-9043-4461A7057D01}.Debug|ARM64.ActiveCfg = Debug|Any CPU
		{385DD86E-59C5-4F19-9043-4461A7057D01}.Debug|ARM64.Build.0 = Debug|Any CPU
		{385DD86E-59C5-4F19-9043-4461A7057D01}.Debug|iPhone.ActiveCfg = Debug|Any CPU
		{385DD86E-59C5-4F19-9043-4461A7057D01}.Debug|iPhone.Build.0 = Debug|Any CPU
		{385DD86E-59C5-4F19-9043-4461A7057D01}.Debug|iPhoneSimulator.ActiveCfg = Debug|Any CPU
		{385DD86E-59C5-4F19-9043-4461A7057D01}.Debug|iPhoneSimulator.Build.0 = Debug|Any CPU
		{385DD86E-59C5-4F19-9043-4461A7057D01}.Debug|x64.ActiveCfg = Debug|Any CPU
		{385DD86E-59C5-4F19-9043-4461A7057D01}.Debug|x64.Build.0 = Debug|Any CPU
		{385DD86E-59C5-4F19-9043-4461A7057D01}.Debug|x86.ActiveCfg = Debug|Any CPU
		{385DD86E-59C5-4F19-9043-4461A7057D01}.Debug|x86.Build.0 = Debug|Any CPU
		{385DD86E-59C5-4F19-9043-4461A7057D01}.Release|Any CPU.ActiveCfg = Release|Any CPU
		{385DD86E-59C5-4F19-9043-4461A7057D01}.Release|Any CPU.Build.0 = Release|Any CPU
		{385DD86E-59C5-4F19-9043-4461A7057D01}.Release|ARM.ActiveCfg = Release|Any CPU
		{385DD86E-59C5-4F19-9043-4461A7057D01}.Release|ARM.Build.0 = Release|Any CPU
		{385DD86E-59C5-4F19-9043-4461A7057D01}.Release|ARM64.ActiveCfg = Release|Any CPU
		{385DD86E-59C5-4F19-9043-4461A7057D01}.Release|ARM64.Build.0 = Release|Any CPU
		{385DD86E-59C5-4F19-9043-4461A7057D01}.Release|iPhone.ActiveCfg = Release|Any CPU
		{385DD86E-59C5-4F19-9043-4461A7057D01}.Release|iPhone.Build.0 = Release|Any CPU
		{385DD86E-59C5-4F19-9043-4461A7057D01}.Release|iPhoneSimulator.ActiveCfg = Release|Any CPU
		{385DD86E-59C5-4F19-9043-4461A7057D01}.Release|iPhoneSimulator.Build.0 = Release|Any CPU
		{385DD86E-59C5-4F19-9043-4461A7057D01}.Release|x64.ActiveCfg = Release|Any CPU
		{385DD86E-59C5-4F19-9043-4461A7057D01}.Release|x64.Build.0 = Release|Any CPU
		{385DD86E-59C5-4F19-9043-4461A7057D01}.Release|x86.ActiveCfg = Release|Any CPU
		{385DD86E-59C5-4F19-9043-4461A7057D01}.Release|x86.Build.0 = Release|Any CPU
		{2D90DBB4-5F55-4C51-BCBB-BF56DF488C46}.Ad-Hoc|Any CPU.ActiveCfg = Release|Any CPU
		{2D90DBB4-5F55-4C51-BCBB-BF56DF488C46}.Ad-Hoc|Any CPU.Build.0 = Release|Any CPU
		{2D90DBB4-5F55-4C51-BCBB-BF56DF488C46}.Ad-Hoc|ARM.ActiveCfg = Release|Any CPU
		{2D90DBB4-5F55-4C51-BCBB-BF56DF488C46}.Ad-Hoc|ARM.Build.0 = Release|Any CPU
		{2D90DBB4-5F55-4C51-BCBB-BF56DF488C46}.Ad-Hoc|ARM64.ActiveCfg = Release|Any CPU
		{2D90DBB4-5F55-4C51-BCBB-BF56DF488C46}.Ad-Hoc|ARM64.Build.0 = Release|Any CPU
		{2D90DBB4-5F55-4C51-BCBB-BF56DF488C46}.Ad-Hoc|iPhone.ActiveCfg = Release|Any CPU
		{2D90DBB4-5F55-4C51-BCBB-BF56DF488C46}.Ad-Hoc|iPhone.Build.0 = Release|Any CPU
		{2D90DBB4-5F55-4C51-BCBB-BF56DF488C46}.Ad-Hoc|iPhoneSimulator.ActiveCfg = Release|Any CPU
		{2D90DBB4-5F55-4C51-BCBB-BF56DF488C46}.Ad-Hoc|iPhoneSimulator.Build.0 = Release|Any CPU
		{2D90DBB4-5F55-4C51-BCBB-BF56DF488C46}.Ad-Hoc|x64.ActiveCfg = Release|Any CPU
		{2D90DBB4-5F55-4C51-BCBB-BF56DF488C46}.Ad-Hoc|x64.Build.0 = Release|Any CPU
		{2D90DBB4-5F55-4C51-BCBB-BF56DF488C46}.Ad-Hoc|x86.ActiveCfg = Release|Any CPU
		{2D90DBB4-5F55-4C51-BCBB-BF56DF488C46}.Ad-Hoc|x86.Build.0 = Release|Any CPU
		{2D90DBB4-5F55-4C51-BCBB-BF56DF488C46}.AppStore|Any CPU.ActiveCfg = Release|Any CPU
		{2D90DBB4-5F55-4C51-BCBB-BF56DF488C46}.AppStore|Any CPU.Build.0 = Release|Any CPU
		{2D90DBB4-5F55-4C51-BCBB-BF56DF488C46}.AppStore|ARM.ActiveCfg = Release|Any CPU
		{2D90DBB4-5F55-4C51-BCBB-BF56DF488C46}.AppStore|ARM.Build.0 = Release|Any CPU
		{2D90DBB4-5F55-4C51-BCBB-BF56DF488C46}.AppStore|ARM64.ActiveCfg = Release|Any CPU
		{2D90DBB4-5F55-4C51-BCBB-BF56DF488C46}.AppStore|ARM64.Build.0 = Release|Any CPU
		{2D90DBB4-5F55-4C51-BCBB-BF56DF488C46}.AppStore|iPhone.ActiveCfg = Release|Any CPU
		{2D90DBB4-5F55-4C51-BCBB-BF56DF488C46}.AppStore|iPhone.Build.0 = Release|Any CPU
		{2D90DBB4-5F55-4C51-BCBB-BF56DF488C46}.AppStore|iPhoneSimulator.ActiveCfg = Release|Any CPU
		{2D90DBB4-5F55-4C51-BCBB-BF56DF488C46}.AppStore|iPhoneSimulator.Build.0 = Release|Any CPU
		{2D90DBB4-5F55-4C51-BCBB-BF56DF488C46}.AppStore|x64.ActiveCfg = Release|Any CPU
		{2D90DBB4-5F55-4C51-BCBB-BF56DF488C46}.AppStore|x64.Build.0 = Release|Any CPU
		{2D90DBB4-5F55-4C51-BCBB-BF56DF488C46}.AppStore|x86.ActiveCfg = Release|Any CPU
		{2D90DBB4-5F55-4C51-BCBB-BF56DF488C46}.AppStore|x86.Build.0 = Release|Any CPU
		{2D90DBB4-5F55-4C51-BCBB-BF56DF488C46}.Debug|Any CPU.ActiveCfg = Debug|Any CPU
		{2D90DBB4-5F55-4C51-BCBB-BF56DF488C46}.Debug|Any CPU.Build.0 = Debug|Any CPU
		{2D90DBB4-5F55-4C51-BCBB-BF56DF488C46}.Debug|ARM.ActiveCfg = Debug|Any CPU
		{2D90DBB4-5F55-4C51-BCBB-BF56DF488C46}.Debug|ARM.Build.0 = Debug|Any CPU
		{2D90DBB4-5F55-4C51-BCBB-BF56DF488C46}.Debug|ARM64.ActiveCfg = Debug|Any CPU
		{2D90DBB4-5F55-4C51-BCBB-BF56DF488C46}.Debug|ARM64.Build.0 = Debug|Any CPU
		{2D90DBB4-5F55-4C51-BCBB-BF56DF488C46}.Debug|iPhone.ActiveCfg = Debug|Any CPU
		{2D90DBB4-5F55-4C51-BCBB-BF56DF488C46}.Debug|iPhone.Build.0 = Debug|Any CPU
		{2D90DBB4-5F55-4C51-BCBB-BF56DF488C46}.Debug|iPhoneSimulator.ActiveCfg = Debug|Any CPU
		{2D90DBB4-5F55-4C51-BCBB-BF56DF488C46}.Debug|iPhoneSimulator.Build.0 = Debug|Any CPU
		{2D90DBB4-5F55-4C51-BCBB-BF56DF488C46}.Debug|x64.ActiveCfg = Debug|Any CPU
		{2D90DBB4-5F55-4C51-BCBB-BF56DF488C46}.Debug|x64.Build.0 = Debug|Any CPU
		{2D90DBB4-5F55-4C51-BCBB-BF56DF488C46}.Debug|x86.ActiveCfg = Debug|Any CPU
		{2D90DBB4-5F55-4C51-BCBB-BF56DF488C46}.Debug|x86.Build.0 = Debug|Any CPU
		{2D90DBB4-5F55-4C51-BCBB-BF56DF488C46}.Release|Any CPU.ActiveCfg = Release|Any CPU
		{2D90DBB4-5F55-4C51-BCBB-BF56DF488C46}.Release|Any CPU.Build.0 = Release|Any CPU
		{2D90DBB4-5F55-4C51-BCBB-BF56DF488C46}.Release|ARM.ActiveCfg = Release|Any CPU
		{2D90DBB4-5F55-4C51-BCBB-BF56DF488C46}.Release|ARM.Build.0 = Release|Any CPU
		{2D90DBB4-5F55-4C51-BCBB-BF56DF488C46}.Release|ARM64.ActiveCfg = Release|Any CPU
		{2D90DBB4-5F55-4C51-BCBB-BF56DF488C46}.Release|ARM64.Build.0 = Release|Any CPU
		{2D90DBB4-5F55-4C51-BCBB-BF56DF488C46}.Release|iPhone.ActiveCfg = Release|Any CPU
		{2D90DBB4-5F55-4C51-BCBB-BF56DF488C46}.Release|iPhone.Build.0 = Release|Any CPU
		{2D90DBB4-5F55-4C51-BCBB-BF56DF488C46}.Release|iPhoneSimulator.ActiveCfg = Release|Any CPU
		{2D90DBB4-5F55-4C51-BCBB-BF56DF488C46}.Release|iPhoneSimulator.Build.0 = Release|Any CPU
		{2D90DBB4-5F55-4C51-BCBB-BF56DF488C46}.Release|x64.ActiveCfg = Release|Any CPU
		{2D90DBB4-5F55-4C51-BCBB-BF56DF488C46}.Release|x64.Build.0 = Release|Any CPU
		{2D90DBB4-5F55-4C51-BCBB-BF56DF488C46}.Release|x86.ActiveCfg = Release|Any CPU
		{2D90DBB4-5F55-4C51-BCBB-BF56DF488C46}.Release|x86.Build.0 = Release|Any CPU
		{F59ECCEE-2853-4288-AEA3-3CD8A580957F}.Ad-Hoc|Any CPU.ActiveCfg = Release|Any CPU
		{F59ECCEE-2853-4288-AEA3-3CD8A580957F}.Ad-Hoc|Any CPU.Build.0 = Release|Any CPU
		{F59ECCEE-2853-4288-AEA3-3CD8A580957F}.Ad-Hoc|ARM.ActiveCfg = Release|ARM
		{F59ECCEE-2853-4288-AEA3-3CD8A580957F}.Ad-Hoc|ARM.Build.0 = Release|ARM
		{F59ECCEE-2853-4288-AEA3-3CD8A580957F}.Ad-Hoc|ARM64.ActiveCfg = Release|Any CPU
		{F59ECCEE-2853-4288-AEA3-3CD8A580957F}.Ad-Hoc|ARM64.Build.0 = Release|Any CPU
		{F59ECCEE-2853-4288-AEA3-3CD8A580957F}.Ad-Hoc|iPhone.ActiveCfg = Release|Any CPU
		{F59ECCEE-2853-4288-AEA3-3CD8A580957F}.Ad-Hoc|iPhone.Build.0 = Release|Any CPU
		{F59ECCEE-2853-4288-AEA3-3CD8A580957F}.Ad-Hoc|iPhoneSimulator.ActiveCfg = Release|Any CPU
		{F59ECCEE-2853-4288-AEA3-3CD8A580957F}.Ad-Hoc|iPhoneSimulator.Build.0 = Release|Any CPU
		{F59ECCEE-2853-4288-AEA3-3CD8A580957F}.Ad-Hoc|x64.ActiveCfg = Release|x64
		{F59ECCEE-2853-4288-AEA3-3CD8A580957F}.Ad-Hoc|x64.Build.0 = Release|x64
		{F59ECCEE-2853-4288-AEA3-3CD8A580957F}.Ad-Hoc|x86.ActiveCfg = Release|x86
		{F59ECCEE-2853-4288-AEA3-3CD8A580957F}.Ad-Hoc|x86.Build.0 = Release|x86
		{F59ECCEE-2853-4288-AEA3-3CD8A580957F}.AppStore|Any CPU.ActiveCfg = Release|Any CPU
		{F59ECCEE-2853-4288-AEA3-3CD8A580957F}.AppStore|Any CPU.Build.0 = Release|Any CPU
		{F59ECCEE-2853-4288-AEA3-3CD8A580957F}.AppStore|ARM.ActiveCfg = Release|ARM
		{F59ECCEE-2853-4288-AEA3-3CD8A580957F}.AppStore|ARM.Build.0 = Release|ARM
		{F59ECCEE-2853-4288-AEA3-3CD8A580957F}.AppStore|ARM64.ActiveCfg = Release|Any CPU
		{F59ECCEE-2853-4288-AEA3-3CD8A580957F}.AppStore|ARM64.Build.0 = Release|Any CPU
		{F59ECCEE-2853-4288-AEA3-3CD8A580957F}.AppStore|iPhone.ActiveCfg = Release|Any CPU
		{F59ECCEE-2853-4288-AEA3-3CD8A580957F}.AppStore|iPhone.Build.0 = Release|Any CPU
		{F59ECCEE-2853-4288-AEA3-3CD8A580957F}.AppStore|iPhoneSimulator.ActiveCfg = Release|Any CPU
		{F59ECCEE-2853-4288-AEA3-3CD8A580957F}.AppStore|iPhoneSimulator.Build.0 = Release|Any CPU
		{F59ECCEE-2853-4288-AEA3-3CD8A580957F}.AppStore|x64.ActiveCfg = Release|x64
		{F59ECCEE-2853-4288-AEA3-3CD8A580957F}.AppStore|x64.Build.0 = Release|x64
		{F59ECCEE-2853-4288-AEA3-3CD8A580957F}.AppStore|x86.ActiveCfg = Release|x86
		{F59ECCEE-2853-4288-AEA3-3CD8A580957F}.AppStore|x86.Build.0 = Release|x86
		{F59ECCEE-2853-4288-AEA3-3CD8A580957F}.Debug|Any CPU.ActiveCfg = Debug|x86
		{F59ECCEE-2853-4288-AEA3-3CD8A580957F}.Debug|Any CPU.Build.0 = Debug|x86
		{F59ECCEE-2853-4288-AEA3-3CD8A580957F}.Debug|ARM.ActiveCfg = Debug|Any CPU
		{F59ECCEE-2853-4288-AEA3-3CD8A580957F}.Debug|ARM.Build.0 = Debug|ARM
		{F59ECCEE-2853-4288-AEA3-3CD8A580957F}.Debug|ARM64.ActiveCfg = Debug|Any CPU
		{F59ECCEE-2853-4288-AEA3-3CD8A580957F}.Debug|ARM64.Build.0 = Debug|Any CPU
		{F59ECCEE-2853-4288-AEA3-3CD8A580957F}.Debug|iPhone.ActiveCfg = Debug|Any CPU
		{F59ECCEE-2853-4288-AEA3-3CD8A580957F}.Debug|iPhoneSimulator.ActiveCfg = Debug|Any CPU
		{F59ECCEE-2853-4288-AEA3-3CD8A580957F}.Debug|x64.ActiveCfg = Debug|Any CPU
		{F59ECCEE-2853-4288-AEA3-3CD8A580957F}.Debug|x64.Build.0 = Debug|x64
		{F59ECCEE-2853-4288-AEA3-3CD8A580957F}.Debug|x86.ActiveCfg = Debug|Any CPU
		{F59ECCEE-2853-4288-AEA3-3CD8A580957F}.Debug|x86.Build.0 = Debug|Any CPU
		{F59ECCEE-2853-4288-AEA3-3CD8A580957F}.Release|Any CPU.ActiveCfg = Release|Any CPU
		{F59ECCEE-2853-4288-AEA3-3CD8A580957F}.Release|Any CPU.Build.0 = Release|Any CPU
		{F59ECCEE-2853-4288-AEA3-3CD8A580957F}.Release|ARM.ActiveCfg = Release|ARM
		{F59ECCEE-2853-4288-AEA3-3CD8A580957F}.Release|ARM.Build.0 = Release|ARM
		{F59ECCEE-2853-4288-AEA3-3CD8A580957F}.Release|ARM64.ActiveCfg = Release|Any CPU
		{F59ECCEE-2853-4288-AEA3-3CD8A580957F}.Release|ARM64.Build.0 = Release|Any CPU
		{F59ECCEE-2853-4288-AEA3-3CD8A580957F}.Release|iPhone.ActiveCfg = Release|Any CPU
		{F59ECCEE-2853-4288-AEA3-3CD8A580957F}.Release|iPhoneSimulator.ActiveCfg = Release|Any CPU
		{F59ECCEE-2853-4288-AEA3-3CD8A580957F}.Release|x64.ActiveCfg = Release|x64
		{F59ECCEE-2853-4288-AEA3-3CD8A580957F}.Release|x64.Build.0 = Release|x64
		{F59ECCEE-2853-4288-AEA3-3CD8A580957F}.Release|x86.ActiveCfg = Release|x86
		{F59ECCEE-2853-4288-AEA3-3CD8A580957F}.Release|x86.Build.0 = Release|x86
		{4085A4C5-35D0-4AAC-9C8B-7E835F1C34C6}.Ad-Hoc|Any CPU.ActiveCfg = Release|x64
		{4085A4C5-35D0-4AAC-9C8B-7E835F1C34C6}.Ad-Hoc|Any CPU.Build.0 = Release|x64
		{4085A4C5-35D0-4AAC-9C8B-7E835F1C34C6}.Ad-Hoc|Any CPU.Deploy.0 = Release|x64
		{4085A4C5-35D0-4AAC-9C8B-7E835F1C34C6}.Ad-Hoc|ARM.ActiveCfg = Release|ARM
		{4085A4C5-35D0-4AAC-9C8B-7E835F1C34C6}.Ad-Hoc|ARM.Build.0 = Release|ARM
		{4085A4C5-35D0-4AAC-9C8B-7E835F1C34C6}.Ad-Hoc|ARM.Deploy.0 = Release|ARM
		{4085A4C5-35D0-4AAC-9C8B-7E835F1C34C6}.Ad-Hoc|ARM64.ActiveCfg = Release|x64
		{4085A4C5-35D0-4AAC-9C8B-7E835F1C34C6}.Ad-Hoc|ARM64.Build.0 = Release|x64
		{4085A4C5-35D0-4AAC-9C8B-7E835F1C34C6}.Ad-Hoc|ARM64.Deploy.0 = Release|x64
		{4085A4C5-35D0-4AAC-9C8B-7E835F1C34C6}.Ad-Hoc|iPhone.ActiveCfg = Release|x64
		{4085A4C5-35D0-4AAC-9C8B-7E835F1C34C6}.Ad-Hoc|iPhone.Build.0 = Release|x64
		{4085A4C5-35D0-4AAC-9C8B-7E835F1C34C6}.Ad-Hoc|iPhone.Deploy.0 = Release|x64
		{4085A4C5-35D0-4AAC-9C8B-7E835F1C34C6}.Ad-Hoc|iPhoneSimulator.ActiveCfg = Release|x64
		{4085A4C5-35D0-4AAC-9C8B-7E835F1C34C6}.Ad-Hoc|iPhoneSimulator.Build.0 = Release|x64
		{4085A4C5-35D0-4AAC-9C8B-7E835F1C34C6}.Ad-Hoc|iPhoneSimulator.Deploy.0 = Release|x64
		{4085A4C5-35D0-4AAC-9C8B-7E835F1C34C6}.Ad-Hoc|x64.ActiveCfg = Release|x64
		{4085A4C5-35D0-4AAC-9C8B-7E835F1C34C6}.Ad-Hoc|x64.Build.0 = Release|x64
		{4085A4C5-35D0-4AAC-9C8B-7E835F1C34C6}.Ad-Hoc|x64.Deploy.0 = Release|x64
		{4085A4C5-35D0-4AAC-9C8B-7E835F1C34C6}.Ad-Hoc|x86.ActiveCfg = Release|x86
		{4085A4C5-35D0-4AAC-9C8B-7E835F1C34C6}.Ad-Hoc|x86.Build.0 = Release|x86
		{4085A4C5-35D0-4AAC-9C8B-7E835F1C34C6}.Ad-Hoc|x86.Deploy.0 = Release|x86
		{4085A4C5-35D0-4AAC-9C8B-7E835F1C34C6}.AppStore|Any CPU.ActiveCfg = Release|x64
		{4085A4C5-35D0-4AAC-9C8B-7E835F1C34C6}.AppStore|Any CPU.Build.0 = Release|x64
		{4085A4C5-35D0-4AAC-9C8B-7E835F1C34C6}.AppStore|Any CPU.Deploy.0 = Release|x64
		{4085A4C5-35D0-4AAC-9C8B-7E835F1C34C6}.AppStore|ARM.ActiveCfg = Release|ARM
		{4085A4C5-35D0-4AAC-9C8B-7E835F1C34C6}.AppStore|ARM.Build.0 = Release|ARM
		{4085A4C5-35D0-4AAC-9C8B-7E835F1C34C6}.AppStore|ARM.Deploy.0 = Release|ARM
		{4085A4C5-35D0-4AAC-9C8B-7E835F1C34C6}.AppStore|ARM64.ActiveCfg = Release|x64
		{4085A4C5-35D0-4AAC-9C8B-7E835F1C34C6}.AppStore|ARM64.Build.0 = Release|x64
		{4085A4C5-35D0-4AAC-9C8B-7E835F1C34C6}.AppStore|ARM64.Deploy.0 = Release|x64
		{4085A4C5-35D0-4AAC-9C8B-7E835F1C34C6}.AppStore|iPhone.ActiveCfg = Release|x64
		{4085A4C5-35D0-4AAC-9C8B-7E835F1C34C6}.AppStore|iPhone.Build.0 = Release|x64
		{4085A4C5-35D0-4AAC-9C8B-7E835F1C34C6}.AppStore|iPhone.Deploy.0 = Release|x64
		{4085A4C5-35D0-4AAC-9C8B-7E835F1C34C6}.AppStore|iPhoneSimulator.ActiveCfg = Release|x64
		{4085A4C5-35D0-4AAC-9C8B-7E835F1C34C6}.AppStore|iPhoneSimulator.Build.0 = Release|x64
		{4085A4C5-35D0-4AAC-9C8B-7E835F1C34C6}.AppStore|iPhoneSimulator.Deploy.0 = Release|x64
		{4085A4C5-35D0-4AAC-9C8B-7E835F1C34C6}.AppStore|x64.ActiveCfg = Release|x64
		{4085A4C5-35D0-4AAC-9C8B-7E835F1C34C6}.AppStore|x64.Build.0 = Release|x64
		{4085A4C5-35D0-4AAC-9C8B-7E835F1C34C6}.AppStore|x64.Deploy.0 = Release|x64
		{4085A4C5-35D0-4AAC-9C8B-7E835F1C34C6}.AppStore|x86.ActiveCfg = Release|x86
		{4085A4C5-35D0-4AAC-9C8B-7E835F1C34C6}.AppStore|x86.Build.0 = Release|x86
		{4085A4C5-35D0-4AAC-9C8B-7E835F1C34C6}.AppStore|x86.Deploy.0 = Release|x86
		{4085A4C5-35D0-4AAC-9C8B-7E835F1C34C6}.Debug|Any CPU.ActiveCfg = Debug|x86
		{4085A4C5-35D0-4AAC-9C8B-7E835F1C34C6}.Debug|Any CPU.Build.0 = Debug|x86
		{4085A4C5-35D0-4AAC-9C8B-7E835F1C34C6}.Debug|Any CPU.Deploy.0 = Debug|x86
		{4085A4C5-35D0-4AAC-9C8B-7E835F1C34C6}.Debug|ARM.ActiveCfg = Debug|x86
		{4085A4C5-35D0-4AAC-9C8B-7E835F1C34C6}.Debug|ARM.Build.0 = Debug|ARM
		{4085A4C5-35D0-4AAC-9C8B-7E835F1C34C6}.Debug|ARM.Deploy.0 = Debug|ARM
		{4085A4C5-35D0-4AAC-9C8B-7E835F1C34C6}.Debug|ARM64.ActiveCfg = Debug|x86
		{4085A4C5-35D0-4AAC-9C8B-7E835F1C34C6}.Debug|iPhone.ActiveCfg = Debug|x86
		{4085A4C5-35D0-4AAC-9C8B-7E835F1C34C6}.Debug|iPhoneSimulator.ActiveCfg = Debug|x86
		{4085A4C5-35D0-4AAC-9C8B-7E835F1C34C6}.Debug|x64.ActiveCfg = Debug|x86
		{4085A4C5-35D0-4AAC-9C8B-7E835F1C34C6}.Debug|x64.Build.0 = Debug|x64
		{4085A4C5-35D0-4AAC-9C8B-7E835F1C34C6}.Debug|x64.Deploy.0 = Debug|x64
		{4085A4C5-35D0-4AAC-9C8B-7E835F1C34C6}.Debug|x86.ActiveCfg = Debug|x86
		{4085A4C5-35D0-4AAC-9C8B-7E835F1C34C6}.Debug|x86.Build.0 = Debug|x86
		{4085A4C5-35D0-4AAC-9C8B-7E835F1C34C6}.Debug|x86.Deploy.0 = Debug|x86
		{4085A4C5-35D0-4AAC-9C8B-7E835F1C34C6}.Release|Any CPU.ActiveCfg = Release|x86
		{4085A4C5-35D0-4AAC-9C8B-7E835F1C34C6}.Release|ARM.ActiveCfg = Release|ARM
		{4085A4C5-35D0-4AAC-9C8B-7E835F1C34C6}.Release|ARM.Build.0 = Release|ARM
		{4085A4C5-35D0-4AAC-9C8B-7E835F1C34C6}.Release|ARM.Deploy.0 = Release|ARM
		{4085A4C5-35D0-4AAC-9C8B-7E835F1C34C6}.Release|ARM64.ActiveCfg = Release|x86
		{4085A4C5-35D0-4AAC-9C8B-7E835F1C34C6}.Release|iPhone.ActiveCfg = Release|x86
		{4085A4C5-35D0-4AAC-9C8B-7E835F1C34C6}.Release|iPhoneSimulator.ActiveCfg = Release|x86
		{4085A4C5-35D0-4AAC-9C8B-7E835F1C34C6}.Release|x64.ActiveCfg = Release|x64
		{4085A4C5-35D0-4AAC-9C8B-7E835F1C34C6}.Release|x64.Build.0 = Release|x64
		{4085A4C5-35D0-4AAC-9C8B-7E835F1C34C6}.Release|x64.Deploy.0 = Release|x64
		{4085A4C5-35D0-4AAC-9C8B-7E835F1C34C6}.Release|x86.ActiveCfg = Release|x86
		{4085A4C5-35D0-4AAC-9C8B-7E835F1C34C6}.Release|x86.Build.0 = Release|x86
		{4085A4C5-35D0-4AAC-9C8B-7E835F1C34C6}.Release|x86.Deploy.0 = Release|x86
		{024D1946-900D-48F1-9454-A592E216FC88}.Ad-Hoc|Any CPU.ActiveCfg = Release|Any CPU
		{024D1946-900D-48F1-9454-A592E216FC88}.Ad-Hoc|ARM.ActiveCfg = Release|Any CPU
		{024D1946-900D-48F1-9454-A592E216FC88}.Ad-Hoc|ARM64.ActiveCfg = Release|Any CPU
		{024D1946-900D-48F1-9454-A592E216FC88}.Ad-Hoc|iPhone.ActiveCfg = Release|Any CPU
		{024D1946-900D-48F1-9454-A592E216FC88}.Ad-Hoc|iPhoneSimulator.ActiveCfg = Release|Any CPU
		{024D1946-900D-48F1-9454-A592E216FC88}.Ad-Hoc|x64.ActiveCfg = Release|Any CPU
		{024D1946-900D-48F1-9454-A592E216FC88}.Ad-Hoc|x86.ActiveCfg = Release|Any CPU
		{024D1946-900D-48F1-9454-A592E216FC88}.AppStore|Any CPU.ActiveCfg = Release|Any CPU
		{024D1946-900D-48F1-9454-A592E216FC88}.AppStore|ARM.ActiveCfg = Release|Any CPU
		{024D1946-900D-48F1-9454-A592E216FC88}.AppStore|ARM64.ActiveCfg = Release|Any CPU
		{024D1946-900D-48F1-9454-A592E216FC88}.AppStore|iPhone.ActiveCfg = Release|Any CPU
		{024D1946-900D-48F1-9454-A592E216FC88}.AppStore|iPhoneSimulator.ActiveCfg = Release|Any CPU
		{024D1946-900D-48F1-9454-A592E216FC88}.AppStore|x64.ActiveCfg = Release|Any CPU
		{024D1946-900D-48F1-9454-A592E216FC88}.AppStore|x86.ActiveCfg = Release|Any CPU
		{024D1946-900D-48F1-9454-A592E216FC88}.Debug|Any CPU.ActiveCfg = Debug|Any CPU
		{024D1946-900D-48F1-9454-A592E216FC88}.Debug|Any CPU.Build.0 = Debug|Any CPU
		{024D1946-900D-48F1-9454-A592E216FC88}.Debug|ARM.ActiveCfg = Debug|Any CPU
		{024D1946-900D-48F1-9454-A592E216FC88}.Debug|ARM.Build.0 = Debug|Any CPU
		{024D1946-900D-48F1-9454-A592E216FC88}.Debug|ARM64.ActiveCfg = Debug|Any CPU
		{024D1946-900D-48F1-9454-A592E216FC88}.Debug|iPhone.ActiveCfg = Debug|Any CPU
		{024D1946-900D-48F1-9454-A592E216FC88}.Debug|iPhoneSimulator.ActiveCfg = Debug|Any CPU
		{024D1946-900D-48F1-9454-A592E216FC88}.Debug|x64.ActiveCfg = Debug|Any CPU
		{024D1946-900D-48F1-9454-A592E216FC88}.Debug|x64.Build.0 = Debug|Any CPU
		{024D1946-900D-48F1-9454-A592E216FC88}.Debug|x86.ActiveCfg = Debug|Any CPU
		{024D1946-900D-48F1-9454-A592E216FC88}.Debug|x86.Build.0 = Debug|Any CPU
		{024D1946-900D-48F1-9454-A592E216FC88}.Release|Any CPU.ActiveCfg = Release|Any CPU
		{024D1946-900D-48F1-9454-A592E216FC88}.Release|Any CPU.Build.0 = Release|Any CPU
		{024D1946-900D-48F1-9454-A592E216FC88}.Release|ARM.ActiveCfg = Release|Any CPU
		{024D1946-900D-48F1-9454-A592E216FC88}.Release|ARM.Build.0 = Release|Any CPU
		{024D1946-900D-48F1-9454-A592E216FC88}.Release|ARM64.ActiveCfg = Release|Any CPU
		{024D1946-900D-48F1-9454-A592E216FC88}.Release|iPhone.ActiveCfg = Release|Any CPU
		{024D1946-900D-48F1-9454-A592E216FC88}.Release|iPhoneSimulator.ActiveCfg = Release|Any CPU
		{024D1946-900D-48F1-9454-A592E216FC88}.Release|x64.ActiveCfg = Release|Any CPU
		{024D1946-900D-48F1-9454-A592E216FC88}.Release|x64.Build.0 = Release|Any CPU
		{024D1946-900D-48F1-9454-A592E216FC88}.Release|x86.ActiveCfg = Release|Any CPU
		{024D1946-900D-48F1-9454-A592E216FC88}.Release|x86.Build.0 = Release|Any CPU
		{3BC0AC7E-3B3B-4D3F-9CC0-B2BDECC460A6}.Ad-Hoc|Any CPU.ActiveCfg = Release|Any CPU
		{3BC0AC7E-3B3B-4D3F-9CC0-B2BDECC460A6}.Ad-Hoc|ARM.ActiveCfg = Release|Any CPU
		{3BC0AC7E-3B3B-4D3F-9CC0-B2BDECC460A6}.Ad-Hoc|ARM64.ActiveCfg = Release|Any CPU
		{3BC0AC7E-3B3B-4D3F-9CC0-B2BDECC460A6}.Ad-Hoc|iPhone.ActiveCfg = Release|Any CPU
		{3BC0AC7E-3B3B-4D3F-9CC0-B2BDECC460A6}.Ad-Hoc|iPhoneSimulator.ActiveCfg = Release|Any CPU
		{3BC0AC7E-3B3B-4D3F-9CC0-B2BDECC460A6}.Ad-Hoc|x64.ActiveCfg = Release|Any CPU
		{3BC0AC7E-3B3B-4D3F-9CC0-B2BDECC460A6}.Ad-Hoc|x86.ActiveCfg = Release|Any CPU
		{3BC0AC7E-3B3B-4D3F-9CC0-B2BDECC460A6}.AppStore|Any CPU.ActiveCfg = Release|Any CPU
		{3BC0AC7E-3B3B-4D3F-9CC0-B2BDECC460A6}.AppStore|ARM.ActiveCfg = Release|Any CPU
		{3BC0AC7E-3B3B-4D3F-9CC0-B2BDECC460A6}.AppStore|ARM64.ActiveCfg = Release|Any CPU
		{3BC0AC7E-3B3B-4D3F-9CC0-B2BDECC460A6}.AppStore|iPhone.ActiveCfg = Release|Any CPU
		{3BC0AC7E-3B3B-4D3F-9CC0-B2BDECC460A6}.AppStore|iPhoneSimulator.ActiveCfg = Release|Any CPU
		{3BC0AC7E-3B3B-4D3F-9CC0-B2BDECC460A6}.AppStore|x64.ActiveCfg = Release|Any CPU
		{3BC0AC7E-3B3B-4D3F-9CC0-B2BDECC460A6}.AppStore|x86.ActiveCfg = Release|Any CPU
		{3BC0AC7E-3B3B-4D3F-9CC0-B2BDECC460A6}.Debug|Any CPU.ActiveCfg = Debug|Any CPU
		{3BC0AC7E-3B3B-4D3F-9CC0-B2BDECC460A6}.Debug|Any CPU.Build.0 = Debug|Any CPU
		{3BC0AC7E-3B3B-4D3F-9CC0-B2BDECC460A6}.Debug|Any CPU.Deploy.0 = Debug|Any CPU
		{3BC0AC7E-3B3B-4D3F-9CC0-B2BDECC460A6}.Debug|ARM.ActiveCfg = Debug|Any CPU
		{3BC0AC7E-3B3B-4D3F-9CC0-B2BDECC460A6}.Debug|ARM.Build.0 = Debug|Any CPU
		{3BC0AC7E-3B3B-4D3F-9CC0-B2BDECC460A6}.Debug|ARM.Deploy.0 = Debug|Any CPU
		{3BC0AC7E-3B3B-4D3F-9CC0-B2BDECC460A6}.Debug|ARM64.ActiveCfg = Debug|Any CPU
		{3BC0AC7E-3B3B-4D3F-9CC0-B2BDECC460A6}.Debug|iPhone.ActiveCfg = Debug|Any CPU
		{3BC0AC7E-3B3B-4D3F-9CC0-B2BDECC460A6}.Debug|iPhoneSimulator.ActiveCfg = Debug|Any CPU
		{3BC0AC7E-3B3B-4D3F-9CC0-B2BDECC460A6}.Debug|x64.ActiveCfg = Debug|Any CPU
		{3BC0AC7E-3B3B-4D3F-9CC0-B2BDECC460A6}.Debug|x64.Build.0 = Debug|Any CPU
		{3BC0AC7E-3B3B-4D3F-9CC0-B2BDECC460A6}.Debug|x64.Deploy.0 = Debug|Any CPU
		{3BC0AC7E-3B3B-4D3F-9CC0-B2BDECC460A6}.Debug|x86.ActiveCfg = Debug|Any CPU
		{3BC0AC7E-3B3B-4D3F-9CC0-B2BDECC460A6}.Debug|x86.Build.0 = Debug|Any CPU
		{3BC0AC7E-3B3B-4D3F-9CC0-B2BDECC460A6}.Debug|x86.Deploy.0 = Debug|Any CPU
		{3BC0AC7E-3B3B-4D3F-9CC0-B2BDECC460A6}.Release|Any CPU.ActiveCfg = Release|Any CPU
		{3BC0AC7E-3B3B-4D3F-9CC0-B2BDECC460A6}.Release|Any CPU.Build.0 = Release|Any CPU
		{3BC0AC7E-3B3B-4D3F-9CC0-B2BDECC460A6}.Release|Any CPU.Deploy.0 = Release|Any CPU
		{3BC0AC7E-3B3B-4D3F-9CC0-B2BDECC460A6}.Release|ARM.ActiveCfg = Release|Any CPU
		{3BC0AC7E-3B3B-4D3F-9CC0-B2BDECC460A6}.Release|ARM.Build.0 = Release|Any CPU
		{3BC0AC7E-3B3B-4D3F-9CC0-B2BDECC460A6}.Release|ARM.Deploy.0 = Release|Any CPU
		{3BC0AC7E-3B3B-4D3F-9CC0-B2BDECC460A6}.Release|ARM64.ActiveCfg = Release|Any CPU
		{3BC0AC7E-3B3B-4D3F-9CC0-B2BDECC460A6}.Release|iPhone.ActiveCfg = Release|Any CPU
		{3BC0AC7E-3B3B-4D3F-9CC0-B2BDECC460A6}.Release|iPhoneSimulator.ActiveCfg = Release|Any CPU
		{3BC0AC7E-3B3B-4D3F-9CC0-B2BDECC460A6}.Release|x64.ActiveCfg = Release|Any CPU
		{3BC0AC7E-3B3B-4D3F-9CC0-B2BDECC460A6}.Release|x64.Build.0 = Release|Any CPU
		{3BC0AC7E-3B3B-4D3F-9CC0-B2BDECC460A6}.Release|x64.Deploy.0 = Release|Any CPU
		{3BC0AC7E-3B3B-4D3F-9CC0-B2BDECC460A6}.Release|x86.ActiveCfg = Release|Any CPU
		{3BC0AC7E-3B3B-4D3F-9CC0-B2BDECC460A6}.Release|x86.Build.0 = Release|Any CPU
		{3BC0AC7E-3B3B-4D3F-9CC0-B2BDECC460A6}.Release|x86.Deploy.0 = Release|Any CPU
		{45A32BC2-7B32-4991-BE9E-7E2FF32F2EEA}.Ad-Hoc|Any CPU.ActiveCfg = Release|Any CPU
		{45A32BC2-7B32-4991-BE9E-7E2FF32F2EEA}.Ad-Hoc|ARM.ActiveCfg = Release|Any CPU
		{45A32BC2-7B32-4991-BE9E-7E2FF32F2EEA}.Ad-Hoc|ARM64.ActiveCfg = Release|Any CPU
		{45A32BC2-7B32-4991-BE9E-7E2FF32F2EEA}.Ad-Hoc|iPhone.ActiveCfg = Release|Any CPU
		{45A32BC2-7B32-4991-BE9E-7E2FF32F2EEA}.Ad-Hoc|iPhoneSimulator.ActiveCfg = Release|Any CPU
		{45A32BC2-7B32-4991-BE9E-7E2FF32F2EEA}.Ad-Hoc|x64.ActiveCfg = Release|Any CPU
		{45A32BC2-7B32-4991-BE9E-7E2FF32F2EEA}.Ad-Hoc|x86.ActiveCfg = Release|Any CPU
		{45A32BC2-7B32-4991-BE9E-7E2FF32F2EEA}.AppStore|Any CPU.ActiveCfg = Release|Any CPU
		{45A32BC2-7B32-4991-BE9E-7E2FF32F2EEA}.AppStore|ARM.ActiveCfg = Release|Any CPU
		{45A32BC2-7B32-4991-BE9E-7E2FF32F2EEA}.AppStore|ARM64.ActiveCfg = Release|Any CPU
		{45A32BC2-7B32-4991-BE9E-7E2FF32F2EEA}.AppStore|iPhone.ActiveCfg = Release|Any CPU
		{45A32BC2-7B32-4991-BE9E-7E2FF32F2EEA}.AppStore|iPhoneSimulator.ActiveCfg = Release|Any CPU
		{45A32BC2-7B32-4991-BE9E-7E2FF32F2EEA}.AppStore|x64.ActiveCfg = Release|Any CPU
		{45A32BC2-7B32-4991-BE9E-7E2FF32F2EEA}.AppStore|x86.ActiveCfg = Release|Any CPU
		{45A32BC2-7B32-4991-BE9E-7E2FF32F2EEA}.Debug|Any CPU.ActiveCfg = Debug|Any CPU
		{45A32BC2-7B32-4991-BE9E-7E2FF32F2EEA}.Debug|Any CPU.Build.0 = Debug|Any CPU
		{45A32BC2-7B32-4991-BE9E-7E2FF32F2EEA}.Debug|ARM.ActiveCfg = Debug|Any CPU
		{45A32BC2-7B32-4991-BE9E-7E2FF32F2EEA}.Debug|ARM.Build.0 = Debug|Any CPU
		{45A32BC2-7B32-4991-BE9E-7E2FF32F2EEA}.Debug|ARM64.ActiveCfg = Debug|Any CPU
		{45A32BC2-7B32-4991-BE9E-7E2FF32F2EEA}.Debug|iPhone.ActiveCfg = Debug|Any CPU
		{45A32BC2-7B32-4991-BE9E-7E2FF32F2EEA}.Debug|iPhone.Build.0 = Debug|Any CPU
		{45A32BC2-7B32-4991-BE9E-7E2FF32F2EEA}.Debug|iPhoneSimulator.ActiveCfg = Debug|Any CPU
		{45A32BC2-7B32-4991-BE9E-7E2FF32F2EEA}.Debug|iPhoneSimulator.Build.0 = Debug|Any CPU
		{45A32BC2-7B32-4991-BE9E-7E2FF32F2EEA}.Debug|x64.ActiveCfg = Debug|Any CPU
		{45A32BC2-7B32-4991-BE9E-7E2FF32F2EEA}.Debug|x64.Build.0 = Debug|Any CPU
		{45A32BC2-7B32-4991-BE9E-7E2FF32F2EEA}.Debug|x86.ActiveCfg = Debug|Any CPU
		{45A32BC2-7B32-4991-BE9E-7E2FF32F2EEA}.Debug|x86.Build.0 = Debug|Any CPU
		{45A32BC2-7B32-4991-BE9E-7E2FF32F2EEA}.Release|Any CPU.ActiveCfg = Release|Any CPU
		{45A32BC2-7B32-4991-BE9E-7E2FF32F2EEA}.Release|Any CPU.Build.0 = Release|Any CPU
		{45A32BC2-7B32-4991-BE9E-7E2FF32F2EEA}.Release|ARM.ActiveCfg = Release|Any CPU
		{45A32BC2-7B32-4991-BE9E-7E2FF32F2EEA}.Release|ARM.Build.0 = Release|Any CPU
		{45A32BC2-7B32-4991-BE9E-7E2FF32F2EEA}.Release|ARM64.ActiveCfg = Release|Any CPU
		{45A32BC2-7B32-4991-BE9E-7E2FF32F2EEA}.Release|iPhone.ActiveCfg = Release|Any CPU
		{45A32BC2-7B32-4991-BE9E-7E2FF32F2EEA}.Release|iPhone.Build.0 = Release|Any CPU
		{45A32BC2-7B32-4991-BE9E-7E2FF32F2EEA}.Release|iPhoneSimulator.ActiveCfg = Release|Any CPU
		{45A32BC2-7B32-4991-BE9E-7E2FF32F2EEA}.Release|iPhoneSimulator.Build.0 = Release|Any CPU
		{45A32BC2-7B32-4991-BE9E-7E2FF32F2EEA}.Release|x64.ActiveCfg = Release|Any CPU
		{45A32BC2-7B32-4991-BE9E-7E2FF32F2EEA}.Release|x64.Build.0 = Release|Any CPU
		{45A32BC2-7B32-4991-BE9E-7E2FF32F2EEA}.Release|x86.ActiveCfg = Release|Any CPU
		{45A32BC2-7B32-4991-BE9E-7E2FF32F2EEA}.Release|x86.Build.0 = Release|Any CPU
		{3B8A7562-9D78-420B-8C69-417A2724301A}.Ad-Hoc|Any CPU.ActiveCfg = Release|iPhoneSimulator
		{3B8A7562-9D78-420B-8C69-417A2724301A}.Ad-Hoc|ARM.ActiveCfg = Release|iPhoneSimulator
		{3B8A7562-9D78-420B-8C69-417A2724301A}.Ad-Hoc|ARM64.ActiveCfg = Release|iPhoneSimulator
		{3B8A7562-9D78-420B-8C69-417A2724301A}.Ad-Hoc|iPhone.ActiveCfg = Release|iPhone
		{3B8A7562-9D78-420B-8C69-417A2724301A}.Ad-Hoc|iPhoneSimulator.ActiveCfg = Release|iPhoneSimulator
		{3B8A7562-9D78-420B-8C69-417A2724301A}.Ad-Hoc|x64.ActiveCfg = Release|iPhoneSimulator
		{3B8A7562-9D78-420B-8C69-417A2724301A}.Ad-Hoc|x86.ActiveCfg = Release|iPhoneSimulator
		{3B8A7562-9D78-420B-8C69-417A2724301A}.AppStore|Any CPU.ActiveCfg = Release|iPhoneSimulator
		{3B8A7562-9D78-420B-8C69-417A2724301A}.AppStore|ARM.ActiveCfg = Release|iPhoneSimulator
		{3B8A7562-9D78-420B-8C69-417A2724301A}.AppStore|ARM64.ActiveCfg = Release|iPhoneSimulator
		{3B8A7562-9D78-420B-8C69-417A2724301A}.AppStore|iPhone.ActiveCfg = Release|iPhone
		{3B8A7562-9D78-420B-8C69-417A2724301A}.AppStore|iPhoneSimulator.ActiveCfg = Release|iPhoneSimulator
		{3B8A7562-9D78-420B-8C69-417A2724301A}.AppStore|x64.ActiveCfg = Release|iPhoneSimulator
		{3B8A7562-9D78-420B-8C69-417A2724301A}.AppStore|x86.ActiveCfg = Release|iPhoneSimulator
		{3B8A7562-9D78-420B-8C69-417A2724301A}.Debug|Any CPU.ActiveCfg = Debug|iPhoneSimulator
		{3B8A7562-9D78-420B-8C69-417A2724301A}.Debug|Any CPU.Build.0 = Debug|iPhoneSimulator
		{3B8A7562-9D78-420B-8C69-417A2724301A}.Debug|ARM.ActiveCfg = Debug|iPhoneSimulator
		{3B8A7562-9D78-420B-8C69-417A2724301A}.Debug|ARM.Build.0 = Debug|iPhoneSimulator
		{3B8A7562-9D78-420B-8C69-417A2724301A}.Debug|ARM64.ActiveCfg = Debug|iPhone
		{3B8A7562-9D78-420B-8C69-417A2724301A}.Debug|iPhone.ActiveCfg = Debug|iPhone
		{3B8A7562-9D78-420B-8C69-417A2724301A}.Debug|iPhone.Build.0 = Debug|iPhone
		{3B8A7562-9D78-420B-8C69-417A2724301A}.Debug|iPhoneSimulator.ActiveCfg = Debug|iPhoneSimulator
		{3B8A7562-9D78-420B-8C69-417A2724301A}.Debug|iPhoneSimulator.Build.0 = Debug|iPhoneSimulator
		{3B8A7562-9D78-420B-8C69-417A2724301A}.Debug|x64.ActiveCfg = Debug|iPhoneSimulator
		{3B8A7562-9D78-420B-8C69-417A2724301A}.Debug|x64.Build.0 = Debug|iPhoneSimulator
		{3B8A7562-9D78-420B-8C69-417A2724301A}.Debug|x86.ActiveCfg = Debug|iPhoneSimulator
		{3B8A7562-9D78-420B-8C69-417A2724301A}.Debug|x86.Build.0 = Debug|iPhoneSimulator
		{3B8A7562-9D78-420B-8C69-417A2724301A}.Release|Any CPU.ActiveCfg = Release|iPhone
		{3B8A7562-9D78-420B-8C69-417A2724301A}.Release|Any CPU.Build.0 = Release|iPhone
		{3B8A7562-9D78-420B-8C69-417A2724301A}.Release|ARM.ActiveCfg = Release|iPhone
		{3B8A7562-9D78-420B-8C69-417A2724301A}.Release|ARM.Build.0 = Release|iPhone
		{3B8A7562-9D78-420B-8C69-417A2724301A}.Release|ARM64.ActiveCfg = Release|iPhoneSimulator
		{3B8A7562-9D78-420B-8C69-417A2724301A}.Release|iPhone.ActiveCfg = Release|iPhone
		{3B8A7562-9D78-420B-8C69-417A2724301A}.Release|iPhone.Build.0 = Release|iPhone
		{3B8A7562-9D78-420B-8C69-417A2724301A}.Release|iPhoneSimulator.ActiveCfg = Release|iPhoneSimulator
		{3B8A7562-9D78-420B-8C69-417A2724301A}.Release|iPhoneSimulator.Build.0 = Release|iPhoneSimulator
		{3B8A7562-9D78-420B-8C69-417A2724301A}.Release|x64.ActiveCfg = Release|iPhone
		{3B8A7562-9D78-420B-8C69-417A2724301A}.Release|x64.Build.0 = Release|iPhone
		{3B8A7562-9D78-420B-8C69-417A2724301A}.Release|x86.ActiveCfg = Release|iPhone
		{3B8A7562-9D78-420B-8C69-417A2724301A}.Release|x86.Build.0 = Release|iPhone
		{A5998E96-80A5-4FAC-B828-99A5AB409CAB}.Ad-Hoc|Any CPU.ActiveCfg = Release|Any CPU
		{A5998E96-80A5-4FAC-B828-99A5AB409CAB}.Ad-Hoc|Any CPU.Build.0 = Release|Any CPU
		{A5998E96-80A5-4FAC-B828-99A5AB409CAB}.Ad-Hoc|ARM.ActiveCfg = Release|Any CPU
		{A5998E96-80A5-4FAC-B828-99A5AB409CAB}.Ad-Hoc|ARM.Build.0 = Release|Any CPU
		{A5998E96-80A5-4FAC-B828-99A5AB409CAB}.Ad-Hoc|ARM64.ActiveCfg = Release|Any CPU
		{A5998E96-80A5-4FAC-B828-99A5AB409CAB}.Ad-Hoc|ARM64.Build.0 = Release|Any CPU
		{A5998E96-80A5-4FAC-B828-99A5AB409CAB}.Ad-Hoc|iPhone.ActiveCfg = Release|Any CPU
		{A5998E96-80A5-4FAC-B828-99A5AB409CAB}.Ad-Hoc|iPhone.Build.0 = Release|Any CPU
		{A5998E96-80A5-4FAC-B828-99A5AB409CAB}.Ad-Hoc|iPhoneSimulator.ActiveCfg = Release|Any CPU
		{A5998E96-80A5-4FAC-B828-99A5AB409CAB}.Ad-Hoc|iPhoneSimulator.Build.0 = Release|Any CPU
		{A5998E96-80A5-4FAC-B828-99A5AB409CAB}.Ad-Hoc|x64.ActiveCfg = Release|Any CPU
		{A5998E96-80A5-4FAC-B828-99A5AB409CAB}.Ad-Hoc|x64.Build.0 = Release|Any CPU
		{A5998E96-80A5-4FAC-B828-99A5AB409CAB}.Ad-Hoc|x86.ActiveCfg = Release|Any CPU
		{A5998E96-80A5-4FAC-B828-99A5AB409CAB}.Ad-Hoc|x86.Build.0 = Release|Any CPU
		{A5998E96-80A5-4FAC-B828-99A5AB409CAB}.AppStore|Any CPU.ActiveCfg = Release|Any CPU
		{A5998E96-80A5-4FAC-B828-99A5AB409CAB}.AppStore|Any CPU.Build.0 = Release|Any CPU
		{A5998E96-80A5-4FAC-B828-99A5AB409CAB}.AppStore|ARM.ActiveCfg = Release|Any CPU
		{A5998E96-80A5-4FAC-B828-99A5AB409CAB}.AppStore|ARM.Build.0 = Release|Any CPU
		{A5998E96-80A5-4FAC-B828-99A5AB409CAB}.AppStore|ARM64.ActiveCfg = Release|Any CPU
		{A5998E96-80A5-4FAC-B828-99A5AB409CAB}.AppStore|ARM64.Build.0 = Release|Any CPU
		{A5998E96-80A5-4FAC-B828-99A5AB409CAB}.AppStore|iPhone.ActiveCfg = Release|Any CPU
		{A5998E96-80A5-4FAC-B828-99A5AB409CAB}.AppStore|iPhone.Build.0 = Release|Any CPU
		{A5998E96-80A5-4FAC-B828-99A5AB409CAB}.AppStore|iPhoneSimulator.ActiveCfg = Release|Any CPU
		{A5998E96-80A5-4FAC-B828-99A5AB409CAB}.AppStore|iPhoneSimulator.Build.0 = Release|Any CPU
		{A5998E96-80A5-4FAC-B828-99A5AB409CAB}.AppStore|x64.ActiveCfg = Release|Any CPU
		{A5998E96-80A5-4FAC-B828-99A5AB409CAB}.AppStore|x64.Build.0 = Release|Any CPU
		{A5998E96-80A5-4FAC-B828-99A5AB409CAB}.AppStore|x86.ActiveCfg = Release|Any CPU
		{A5998E96-80A5-4FAC-B828-99A5AB409CAB}.AppStore|x86.Build.0 = Release|Any CPU
		{A5998E96-80A5-4FAC-B828-99A5AB409CAB}.Debug|Any CPU.ActiveCfg = Debug|Any CPU
		{A5998E96-80A5-4FAC-B828-99A5AB409CAB}.Debug|Any CPU.Build.0 = Debug|Any CPU
		{A5998E96-80A5-4FAC-B828-99A5AB409CAB}.Debug|ARM.ActiveCfg = Debug|Any CPU
		{A5998E96-80A5-4FAC-B828-99A5AB409CAB}.Debug|ARM.Build.0 = Debug|Any CPU
		{A5998E96-80A5-4FAC-B828-99A5AB409CAB}.Debug|ARM64.ActiveCfg = Debug|Any CPU
		{A5998E96-80A5-4FAC-B828-99A5AB409CAB}.Debug|ARM64.Build.0 = Debug|Any CPU
		{A5998E96-80A5-4FAC-B828-99A5AB409CAB}.Debug|iPhone.ActiveCfg = Debug|Any CPU
		{A5998E96-80A5-4FAC-B828-99A5AB409CAB}.Debug|iPhone.Build.0 = Debug|Any CPU
		{A5998E96-80A5-4FAC-B828-99A5AB409CAB}.Debug|iPhoneSimulator.ActiveCfg = Debug|Any CPU
		{A5998E96-80A5-4FAC-B828-99A5AB409CAB}.Debug|iPhoneSimulator.Build.0 = Debug|Any CPU
		{A5998E96-80A5-4FAC-B828-99A5AB409CAB}.Debug|x64.ActiveCfg = Debug|Any CPU
		{A5998E96-80A5-4FAC-B828-99A5AB409CAB}.Debug|x64.Build.0 = Debug|Any CPU
		{A5998E96-80A5-4FAC-B828-99A5AB409CAB}.Debug|x86.ActiveCfg = Debug|Any CPU
		{A5998E96-80A5-4FAC-B828-99A5AB409CAB}.Debug|x86.Build.0 = Debug|Any CPU
		{A5998E96-80A5-4FAC-B828-99A5AB409CAB}.Release|Any CPU.ActiveCfg = Release|Any CPU
		{A5998E96-80A5-4FAC-B828-99A5AB409CAB}.Release|Any CPU.Build.0 = Release|Any CPU
		{A5998E96-80A5-4FAC-B828-99A5AB409CAB}.Release|ARM.ActiveCfg = Release|Any CPU
		{A5998E96-80A5-4FAC-B828-99A5AB409CAB}.Release|ARM.Build.0 = Release|Any CPU
		{A5998E96-80A5-4FAC-B828-99A5AB409CAB}.Release|ARM64.ActiveCfg = Release|Any CPU
		{A5998E96-80A5-4FAC-B828-99A5AB409CAB}.Release|ARM64.Build.0 = Release|Any CPU
		{A5998E96-80A5-4FAC-B828-99A5AB409CAB}.Release|iPhone.ActiveCfg = Release|Any CPU
		{A5998E96-80A5-4FAC-B828-99A5AB409CAB}.Release|iPhone.Build.0 = Release|Any CPU
		{A5998E96-80A5-4FAC-B828-99A5AB409CAB}.Release|iPhoneSimulator.ActiveCfg = Release|Any CPU
		{A5998E96-80A5-4FAC-B828-99A5AB409CAB}.Release|iPhoneSimulator.Build.0 = Release|Any CPU
		{A5998E96-80A5-4FAC-B828-99A5AB409CAB}.Release|x64.ActiveCfg = Release|Any CPU
		{A5998E96-80A5-4FAC-B828-99A5AB409CAB}.Release|x64.Build.0 = Release|Any CPU
		{A5998E96-80A5-4FAC-B828-99A5AB409CAB}.Release|x86.ActiveCfg = Release|Any CPU
		{A5998E96-80A5-4FAC-B828-99A5AB409CAB}.Release|x86.Build.0 = Release|Any CPU
		{5605F750-FF52-4013-ABEB-7EDA2E521827}.Ad-Hoc|Any CPU.ActiveCfg = Release|Any CPU
		{5605F750-FF52-4013-ABEB-7EDA2E521827}.Ad-Hoc|ARM.ActiveCfg = Release|Any CPU
		{5605F750-FF52-4013-ABEB-7EDA2E521827}.Ad-Hoc|ARM64.ActiveCfg = Release|Any CPU
		{5605F750-FF52-4013-ABEB-7EDA2E521827}.Ad-Hoc|iPhone.ActiveCfg = Release|Any CPU
		{5605F750-FF52-4013-ABEB-7EDA2E521827}.Ad-Hoc|iPhoneSimulator.ActiveCfg = Release|Any CPU
		{5605F750-FF52-4013-ABEB-7EDA2E521827}.Ad-Hoc|x64.ActiveCfg = Release|Any CPU
		{5605F750-FF52-4013-ABEB-7EDA2E521827}.Ad-Hoc|x86.ActiveCfg = Release|Any CPU
		{5605F750-FF52-4013-ABEB-7EDA2E521827}.AppStore|Any CPU.ActiveCfg = Release|Any CPU
		{5605F750-FF52-4013-ABEB-7EDA2E521827}.AppStore|ARM.ActiveCfg = Release|Any CPU
		{5605F750-FF52-4013-ABEB-7EDA2E521827}.AppStore|ARM64.ActiveCfg = Release|Any CPU
		{5605F750-FF52-4013-ABEB-7EDA2E521827}.AppStore|iPhone.ActiveCfg = Release|Any CPU
		{5605F750-FF52-4013-ABEB-7EDA2E521827}.AppStore|iPhoneSimulator.ActiveCfg = Release|Any CPU
		{5605F750-FF52-4013-ABEB-7EDA2E521827}.AppStore|x64.ActiveCfg = Release|Any CPU
		{5605F750-FF52-4013-ABEB-7EDA2E521827}.AppStore|x86.ActiveCfg = Release|Any CPU
		{5605F750-FF52-4013-ABEB-7EDA2E521827}.Debug|Any CPU.ActiveCfg = Debug|Any CPU
		{5605F750-FF52-4013-ABEB-7EDA2E521827}.Debug|Any CPU.Build.0 = Debug|Any CPU
		{5605F750-FF52-4013-ABEB-7EDA2E521827}.Debug|ARM.ActiveCfg = Debug|Any CPU
		{5605F750-FF52-4013-ABEB-7EDA2E521827}.Debug|ARM.Build.0 = Debug|Any CPU
		{5605F750-FF52-4013-ABEB-7EDA2E521827}.Debug|ARM64.ActiveCfg = Debug|Any CPU
		{5605F750-FF52-4013-ABEB-7EDA2E521827}.Debug|ARM64.Build.0 = Debug|Any CPU
		{5605F750-FF52-4013-ABEB-7EDA2E521827}.Debug|iPhone.ActiveCfg = Debug|Any CPU
		{5605F750-FF52-4013-ABEB-7EDA2E521827}.Debug|iPhone.Build.0 = Debug|Any CPU
		{5605F750-FF52-4013-ABEB-7EDA2E521827}.Debug|iPhoneSimulator.ActiveCfg = Debug|Any CPU
		{5605F750-FF52-4013-ABEB-7EDA2E521827}.Debug|iPhoneSimulator.Build.0 = Debug|Any CPU
		{5605F750-FF52-4013-ABEB-7EDA2E521827}.Debug|x64.ActiveCfg = Debug|Any CPU
		{5605F750-FF52-4013-ABEB-7EDA2E521827}.Debug|x64.Build.0 = Debug|Any CPU
		{5605F750-FF52-4013-ABEB-7EDA2E521827}.Debug|x86.ActiveCfg = Debug|Any CPU
		{5605F750-FF52-4013-ABEB-7EDA2E521827}.Debug|x86.Build.0 = Debug|Any CPU
		{5605F750-FF52-4013-ABEB-7EDA2E521827}.Release|Any CPU.ActiveCfg = Release|Any CPU
		{5605F750-FF52-4013-ABEB-7EDA2E521827}.Release|Any CPU.Build.0 = Release|Any CPU
		{5605F750-FF52-4013-ABEB-7EDA2E521827}.Release|ARM.ActiveCfg = Release|Any CPU
		{5605F750-FF52-4013-ABEB-7EDA2E521827}.Release|ARM.Build.0 = Release|Any CPU
		{5605F750-FF52-4013-ABEB-7EDA2E521827}.Release|ARM64.ActiveCfg = Release|Any CPU
		{5605F750-FF52-4013-ABEB-7EDA2E521827}.Release|ARM64.Build.0 = Release|Any CPU
		{5605F750-FF52-4013-ABEB-7EDA2E521827}.Release|iPhone.ActiveCfg = Release|Any CPU
		{5605F750-FF52-4013-ABEB-7EDA2E521827}.Release|iPhone.Build.0 = Release|Any CPU
		{5605F750-FF52-4013-ABEB-7EDA2E521827}.Release|iPhoneSimulator.ActiveCfg = Release|Any CPU
		{5605F750-FF52-4013-ABEB-7EDA2E521827}.Release|iPhoneSimulator.Build.0 = Release|Any CPU
		{5605F750-FF52-4013-ABEB-7EDA2E521827}.Release|x64.ActiveCfg = Release|Any CPU
		{5605F750-FF52-4013-ABEB-7EDA2E521827}.Release|x64.Build.0 = Release|Any CPU
		{5605F750-FF52-4013-ABEB-7EDA2E521827}.Release|x86.ActiveCfg = Release|Any CPU
		{5605F750-FF52-4013-ABEB-7EDA2E521827}.Release|x86.Build.0 = Release|Any CPU
		{F8E72506-D77F-4B0A-A43D-702675BE5872}.Ad-Hoc|Any CPU.ActiveCfg = Release|Any CPU
		{F8E72506-D77F-4B0A-A43D-702675BE5872}.Ad-Hoc|Any CPU.Build.0 = Release|Any CPU
		{F8E72506-D77F-4B0A-A43D-702675BE5872}.Ad-Hoc|ARM.ActiveCfg = Release|Any CPU
		{F8E72506-D77F-4B0A-A43D-702675BE5872}.Ad-Hoc|ARM.Build.0 = Release|Any CPU
		{F8E72506-D77F-4B0A-A43D-702675BE5872}.Ad-Hoc|ARM64.ActiveCfg = Release|Any CPU
		{F8E72506-D77F-4B0A-A43D-702675BE5872}.Ad-Hoc|ARM64.Build.0 = Release|Any CPU
		{F8E72506-D77F-4B0A-A43D-702675BE5872}.Ad-Hoc|iPhone.ActiveCfg = Release|Any CPU
		{F8E72506-D77F-4B0A-A43D-702675BE5872}.Ad-Hoc|iPhone.Build.0 = Release|Any CPU
		{F8E72506-D77F-4B0A-A43D-702675BE5872}.Ad-Hoc|iPhoneSimulator.ActiveCfg = Release|Any CPU
		{F8E72506-D77F-4B0A-A43D-702675BE5872}.Ad-Hoc|iPhoneSimulator.Build.0 = Release|Any CPU
		{F8E72506-D77F-4B0A-A43D-702675BE5872}.Ad-Hoc|x64.ActiveCfg = Release|Any CPU
		{F8E72506-D77F-4B0A-A43D-702675BE5872}.Ad-Hoc|x64.Build.0 = Release|Any CPU
		{F8E72506-D77F-4B0A-A43D-702675BE5872}.Ad-Hoc|x86.ActiveCfg = Release|Any CPU
		{F8E72506-D77F-4B0A-A43D-702675BE5872}.Ad-Hoc|x86.Build.0 = Release|Any CPU
		{F8E72506-D77F-4B0A-A43D-702675BE5872}.AppStore|Any CPU.ActiveCfg = Release|Any CPU
		{F8E72506-D77F-4B0A-A43D-702675BE5872}.AppStore|Any CPU.Build.0 = Release|Any CPU
		{F8E72506-D77F-4B0A-A43D-702675BE5872}.AppStore|ARM.ActiveCfg = Release|Any CPU
		{F8E72506-D77F-4B0A-A43D-702675BE5872}.AppStore|ARM.Build.0 = Release|Any CPU
		{F8E72506-D77F-4B0A-A43D-702675BE5872}.AppStore|ARM64.ActiveCfg = Release|Any CPU
		{F8E72506-D77F-4B0A-A43D-702675BE5872}.AppStore|ARM64.Build.0 = Release|Any CPU
		{F8E72506-D77F-4B0A-A43D-702675BE5872}.AppStore|iPhone.ActiveCfg = Release|Any CPU
		{F8E72506-D77F-4B0A-A43D-702675BE5872}.AppStore|iPhone.Build.0 = Release|Any CPU
		{F8E72506-D77F-4B0A-A43D-702675BE5872}.AppStore|iPhoneSimulator.ActiveCfg = Release|Any CPU
		{F8E72506-D77F-4B0A-A43D-702675BE5872}.AppStore|iPhoneSimulator.Build.0 = Release|Any CPU
		{F8E72506-D77F-4B0A-A43D-702675BE5872}.AppStore|x64.ActiveCfg = Release|Any CPU
		{F8E72506-D77F-4B0A-A43D-702675BE5872}.AppStore|x64.Build.0 = Release|Any CPU
		{F8E72506-D77F-4B0A-A43D-702675BE5872}.AppStore|x86.ActiveCfg = Release|Any CPU
		{F8E72506-D77F-4B0A-A43D-702675BE5872}.AppStore|x86.Build.0 = Release|Any CPU
		{F8E72506-D77F-4B0A-A43D-702675BE5872}.Debug|Any CPU.ActiveCfg = Debug|Any CPU
		{F8E72506-D77F-4B0A-A43D-702675BE5872}.Debug|Any CPU.Build.0 = Debug|Any CPU
		{F8E72506-D77F-4B0A-A43D-702675BE5872}.Debug|ARM.ActiveCfg = Debug|Any CPU
		{F8E72506-D77F-4B0A-A43D-702675BE5872}.Debug|ARM.Build.0 = Debug|Any CPU
		{F8E72506-D77F-4B0A-A43D-702675BE5872}.Debug|ARM64.ActiveCfg = Debug|Any CPU
		{F8E72506-D77F-4B0A-A43D-702675BE5872}.Debug|ARM64.Build.0 = Debug|Any CPU
		{F8E72506-D77F-4B0A-A43D-702675BE5872}.Debug|iPhone.ActiveCfg = Debug|Any CPU
		{F8E72506-D77F-4B0A-A43D-702675BE5872}.Debug|iPhone.Build.0 = Debug|Any CPU
		{F8E72506-D77F-4B0A-A43D-702675BE5872}.Debug|iPhoneSimulator.ActiveCfg = Debug|Any CPU
		{F8E72506-D77F-4B0A-A43D-702675BE5872}.Debug|iPhoneSimulator.Build.0 = Debug|Any CPU
		{F8E72506-D77F-4B0A-A43D-702675BE5872}.Debug|x64.ActiveCfg = Debug|Any CPU
		{F8E72506-D77F-4B0A-A43D-702675BE5872}.Debug|x64.Build.0 = Debug|Any CPU
		{F8E72506-D77F-4B0A-A43D-702675BE5872}.Debug|x86.ActiveCfg = Debug|Any CPU
		{F8E72506-D77F-4B0A-A43D-702675BE5872}.Debug|x86.Build.0 = Debug|Any CPU
		{F8E72506-D77F-4B0A-A43D-702675BE5872}.Release|Any CPU.ActiveCfg = Release|Any CPU
		{F8E72506-D77F-4B0A-A43D-702675BE5872}.Release|Any CPU.Build.0 = Release|Any CPU
		{F8E72506-D77F-4B0A-A43D-702675BE5872}.Release|ARM.ActiveCfg = Release|Any CPU
		{F8E72506-D77F-4B0A-A43D-702675BE5872}.Release|ARM.Build.0 = Release|Any CPU
		{F8E72506-D77F-4B0A-A43D-702675BE5872}.Release|ARM64.ActiveCfg = Release|Any CPU
		{F8E72506-D77F-4B0A-A43D-702675BE5872}.Release|ARM64.Build.0 = Release|Any CPU
		{F8E72506-D77F-4B0A-A43D-702675BE5872}.Release|iPhone.ActiveCfg = Release|Any CPU
		{F8E72506-D77F-4B0A-A43D-702675BE5872}.Release|iPhone.Build.0 = Release|Any CPU
		{F8E72506-D77F-4B0A-A43D-702675BE5872}.Release|iPhoneSimulator.ActiveCfg = Release|Any CPU
		{F8E72506-D77F-4B0A-A43D-702675BE5872}.Release|iPhoneSimulator.Build.0 = Release|Any CPU
		{F8E72506-D77F-4B0A-A43D-702675BE5872}.Release|x64.ActiveCfg = Release|Any CPU
		{F8E72506-D77F-4B0A-A43D-702675BE5872}.Release|x64.Build.0 = Release|Any CPU
		{F8E72506-D77F-4B0A-A43D-702675BE5872}.Release|x86.ActiveCfg = Release|Any CPU
		{F8E72506-D77F-4B0A-A43D-702675BE5872}.Release|x86.Build.0 = Release|Any CPU
		{54FA6F87-61BA-4D24-A40B-AFEBCF9B99BA}.Ad-Hoc|Any CPU.ActiveCfg = Release|Any CPU
		{54FA6F87-61BA-4D24-A40B-AFEBCF9B99BA}.Ad-Hoc|Any CPU.Build.0 = Release|Any CPU
		{54FA6F87-61BA-4D24-A40B-AFEBCF9B99BA}.Ad-Hoc|ARM.ActiveCfg = Release|Any CPU
		{54FA6F87-61BA-4D24-A40B-AFEBCF9B99BA}.Ad-Hoc|ARM.Build.0 = Release|Any CPU
		{54FA6F87-61BA-4D24-A40B-AFEBCF9B99BA}.Ad-Hoc|ARM64.ActiveCfg = Release|Any CPU
		{54FA6F87-61BA-4D24-A40B-AFEBCF9B99BA}.Ad-Hoc|ARM64.Build.0 = Release|Any CPU
		{54FA6F87-61BA-4D24-A40B-AFEBCF9B99BA}.Ad-Hoc|iPhone.ActiveCfg = Release|Any CPU
		{54FA6F87-61BA-4D24-A40B-AFEBCF9B99BA}.Ad-Hoc|iPhone.Build.0 = Release|Any CPU
		{54FA6F87-61BA-4D24-A40B-AFEBCF9B99BA}.Ad-Hoc|iPhoneSimulator.ActiveCfg = Release|Any CPU
		{54FA6F87-61BA-4D24-A40B-AFEBCF9B99BA}.Ad-Hoc|iPhoneSimulator.Build.0 = Release|Any CPU
		{54FA6F87-61BA-4D24-A40B-AFEBCF9B99BA}.Ad-Hoc|x64.ActiveCfg = Release|Any CPU
		{54FA6F87-61BA-4D24-A40B-AFEBCF9B99BA}.Ad-Hoc|x64.Build.0 = Release|Any CPU
		{54FA6F87-61BA-4D24-A40B-AFEBCF9B99BA}.Ad-Hoc|x86.ActiveCfg = Release|Any CPU
		{54FA6F87-61BA-4D24-A40B-AFEBCF9B99BA}.Ad-Hoc|x86.Build.0 = Release|Any CPU
		{54FA6F87-61BA-4D24-A40B-AFEBCF9B99BA}.AppStore|Any CPU.ActiveCfg = Release|Any CPU
		{54FA6F87-61BA-4D24-A40B-AFEBCF9B99BA}.AppStore|Any CPU.Build.0 = Release|Any CPU
		{54FA6F87-61BA-4D24-A40B-AFEBCF9B99BA}.AppStore|ARM.ActiveCfg = Release|Any CPU
		{54FA6F87-61BA-4D24-A40B-AFEBCF9B99BA}.AppStore|ARM.Build.0 = Release|Any CPU
		{54FA6F87-61BA-4D24-A40B-AFEBCF9B99BA}.AppStore|ARM64.ActiveCfg = Release|Any CPU
		{54FA6F87-61BA-4D24-A40B-AFEBCF9B99BA}.AppStore|ARM64.Build.0 = Release|Any CPU
		{54FA6F87-61BA-4D24-A40B-AFEBCF9B99BA}.AppStore|iPhone.ActiveCfg = Release|Any CPU
		{54FA6F87-61BA-4D24-A40B-AFEBCF9B99BA}.AppStore|iPhone.Build.0 = Release|Any CPU
		{54FA6F87-61BA-4D24-A40B-AFEBCF9B99BA}.AppStore|iPhoneSimulator.ActiveCfg = Release|Any CPU
		{54FA6F87-61BA-4D24-A40B-AFEBCF9B99BA}.AppStore|iPhoneSimulator.Build.0 = Release|Any CPU
		{54FA6F87-61BA-4D24-A40B-AFEBCF9B99BA}.AppStore|x64.ActiveCfg = Release|Any CPU
		{54FA6F87-61BA-4D24-A40B-AFEBCF9B99BA}.AppStore|x64.Build.0 = Release|Any CPU
		{54FA6F87-61BA-4D24-A40B-AFEBCF9B99BA}.AppStore|x86.ActiveCfg = Release|Any CPU
		{54FA6F87-61BA-4D24-A40B-AFEBCF9B99BA}.AppStore|x86.Build.0 = Release|Any CPU
		{54FA6F87-61BA-4D24-A40B-AFEBCF9B99BA}.Debug|Any CPU.ActiveCfg = Debug|Any CPU
		{54FA6F87-61BA-4D24-A40B-AFEBCF9B99BA}.Debug|Any CPU.Build.0 = Debug|Any CPU
		{54FA6F87-61BA-4D24-A40B-AFEBCF9B99BA}.Debug|ARM.ActiveCfg = Debug|Any CPU
		{54FA6F87-61BA-4D24-A40B-AFEBCF9B99BA}.Debug|ARM.Build.0 = Debug|Any CPU
		{54FA6F87-61BA-4D24-A40B-AFEBCF9B99BA}.Debug|ARM64.ActiveCfg = Debug|Any CPU
		{54FA6F87-61BA-4D24-A40B-AFEBCF9B99BA}.Debug|ARM64.Build.0 = Debug|Any CPU
		{54FA6F87-61BA-4D24-A40B-AFEBCF9B99BA}.Debug|iPhone.ActiveCfg = Debug|Any CPU
		{54FA6F87-61BA-4D24-A40B-AFEBCF9B99BA}.Debug|iPhone.Build.0 = Debug|Any CPU
		{54FA6F87-61BA-4D24-A40B-AFEBCF9B99BA}.Debug|iPhoneSimulator.ActiveCfg = Debug|Any CPU
		{54FA6F87-61BA-4D24-A40B-AFEBCF9B99BA}.Debug|iPhoneSimulator.Build.0 = Debug|Any CPU
		{54FA6F87-61BA-4D24-A40B-AFEBCF9B99BA}.Debug|x64.ActiveCfg = Debug|Any CPU
		{54FA6F87-61BA-4D24-A40B-AFEBCF9B99BA}.Debug|x64.Build.0 = Debug|Any CPU
		{54FA6F87-61BA-4D24-A40B-AFEBCF9B99BA}.Debug|x86.ActiveCfg = Debug|Any CPU
		{54FA6F87-61BA-4D24-A40B-AFEBCF9B99BA}.Debug|x86.Build.0 = Debug|Any CPU
		{54FA6F87-61BA-4D24-A40B-AFEBCF9B99BA}.Release|Any CPU.ActiveCfg = Release|Any CPU
		{54FA6F87-61BA-4D24-A40B-AFEBCF9B99BA}.Release|Any CPU.Build.0 = Release|Any CPU
		{54FA6F87-61BA-4D24-A40B-AFEBCF9B99BA}.Release|ARM.ActiveCfg = Release|Any CPU
		{54FA6F87-61BA-4D24-A40B-AFEBCF9B99BA}.Release|ARM.Build.0 = Release|Any CPU
		{54FA6F87-61BA-4D24-A40B-AFEBCF9B99BA}.Release|ARM64.ActiveCfg = Release|Any CPU
		{54FA6F87-61BA-4D24-A40B-AFEBCF9B99BA}.Release|ARM64.Build.0 = Release|Any CPU
		{54FA6F87-61BA-4D24-A40B-AFEBCF9B99BA}.Release|iPhone.ActiveCfg = Release|Any CPU
		{54FA6F87-61BA-4D24-A40B-AFEBCF9B99BA}.Release|iPhone.Build.0 = Release|Any CPU
		{54FA6F87-61BA-4D24-A40B-AFEBCF9B99BA}.Release|iPhoneSimulator.ActiveCfg = Release|Any CPU
		{54FA6F87-61BA-4D24-A40B-AFEBCF9B99BA}.Release|iPhoneSimulator.Build.0 = Release|Any CPU
		{54FA6F87-61BA-4D24-A40B-AFEBCF9B99BA}.Release|x64.ActiveCfg = Release|Any CPU
		{54FA6F87-61BA-4D24-A40B-AFEBCF9B99BA}.Release|x64.Build.0 = Release|Any CPU
		{54FA6F87-61BA-4D24-A40B-AFEBCF9B99BA}.Release|x86.ActiveCfg = Release|Any CPU
		{54FA6F87-61BA-4D24-A40B-AFEBCF9B99BA}.Release|x86.Build.0 = Release|Any CPU
		{0D010415-8CC9-4D7D-9AD2-20DE47CEF723}.Ad-Hoc|Any CPU.ActiveCfg = Release|x64
		{0D010415-8CC9-4D7D-9AD2-20DE47CEF723}.Ad-Hoc|Any CPU.Build.0 = Release|x64
		{0D010415-8CC9-4D7D-9AD2-20DE47CEF723}.Ad-Hoc|Any CPU.Deploy.0 = Release|x64
		{0D010415-8CC9-4D7D-9AD2-20DE47CEF723}.Ad-Hoc|ARM.ActiveCfg = Release|ARM
		{0D010415-8CC9-4D7D-9AD2-20DE47CEF723}.Ad-Hoc|ARM.Build.0 = Release|ARM
		{0D010415-8CC9-4D7D-9AD2-20DE47CEF723}.Ad-Hoc|ARM.Deploy.0 = Release|ARM
		{0D010415-8CC9-4D7D-9AD2-20DE47CEF723}.Ad-Hoc|ARM64.ActiveCfg = Release|ARM64
		{0D010415-8CC9-4D7D-9AD2-20DE47CEF723}.Ad-Hoc|ARM64.Build.0 = Release|ARM64
		{0D010415-8CC9-4D7D-9AD2-20DE47CEF723}.Ad-Hoc|ARM64.Deploy.0 = Release|ARM64
		{0D010415-8CC9-4D7D-9AD2-20DE47CEF723}.Ad-Hoc|iPhone.ActiveCfg = Release|x64
		{0D010415-8CC9-4D7D-9AD2-20DE47CEF723}.Ad-Hoc|iPhone.Build.0 = Release|x64
		{0D010415-8CC9-4D7D-9AD2-20DE47CEF723}.Ad-Hoc|iPhone.Deploy.0 = Release|x64
		{0D010415-8CC9-4D7D-9AD2-20DE47CEF723}.Ad-Hoc|iPhoneSimulator.ActiveCfg = Release|x64
		{0D010415-8CC9-4D7D-9AD2-20DE47CEF723}.Ad-Hoc|iPhoneSimulator.Build.0 = Release|x64
		{0D010415-8CC9-4D7D-9AD2-20DE47CEF723}.Ad-Hoc|iPhoneSimulator.Deploy.0 = Release|x64
		{0D010415-8CC9-4D7D-9AD2-20DE47CEF723}.Ad-Hoc|x64.ActiveCfg = Release|x64
		{0D010415-8CC9-4D7D-9AD2-20DE47CEF723}.Ad-Hoc|x64.Build.0 = Release|x64
		{0D010415-8CC9-4D7D-9AD2-20DE47CEF723}.Ad-Hoc|x64.Deploy.0 = Release|x64
		{0D010415-8CC9-4D7D-9AD2-20DE47CEF723}.Ad-Hoc|x86.ActiveCfg = Release|x86
		{0D010415-8CC9-4D7D-9AD2-20DE47CEF723}.Ad-Hoc|x86.Build.0 = Release|x86
		{0D010415-8CC9-4D7D-9AD2-20DE47CEF723}.Ad-Hoc|x86.Deploy.0 = Release|x86
		{0D010415-8CC9-4D7D-9AD2-20DE47CEF723}.AppStore|Any CPU.ActiveCfg = Release|x64
		{0D010415-8CC9-4D7D-9AD2-20DE47CEF723}.AppStore|Any CPU.Build.0 = Release|x64
		{0D010415-8CC9-4D7D-9AD2-20DE47CEF723}.AppStore|Any CPU.Deploy.0 = Release|x64
		{0D010415-8CC9-4D7D-9AD2-20DE47CEF723}.AppStore|ARM.ActiveCfg = Release|ARM
		{0D010415-8CC9-4D7D-9AD2-20DE47CEF723}.AppStore|ARM.Build.0 = Release|ARM
		{0D010415-8CC9-4D7D-9AD2-20DE47CEF723}.AppStore|ARM.Deploy.0 = Release|ARM
		{0D010415-8CC9-4D7D-9AD2-20DE47CEF723}.AppStore|ARM64.ActiveCfg = Release|ARM64
		{0D010415-8CC9-4D7D-9AD2-20DE47CEF723}.AppStore|ARM64.Build.0 = Release|ARM64
		{0D010415-8CC9-4D7D-9AD2-20DE47CEF723}.AppStore|ARM64.Deploy.0 = Release|ARM64
		{0D010415-8CC9-4D7D-9AD2-20DE47CEF723}.AppStore|iPhone.ActiveCfg = Release|x64
		{0D010415-8CC9-4D7D-9AD2-20DE47CEF723}.AppStore|iPhone.Build.0 = Release|x64
		{0D010415-8CC9-4D7D-9AD2-20DE47CEF723}.AppStore|iPhone.Deploy.0 = Release|x64
		{0D010415-8CC9-4D7D-9AD2-20DE47CEF723}.AppStore|iPhoneSimulator.ActiveCfg = Release|x64
		{0D010415-8CC9-4D7D-9AD2-20DE47CEF723}.AppStore|iPhoneSimulator.Build.0 = Release|x64
		{0D010415-8CC9-4D7D-9AD2-20DE47CEF723}.AppStore|iPhoneSimulator.Deploy.0 = Release|x64
		{0D010415-8CC9-4D7D-9AD2-20DE47CEF723}.AppStore|x64.ActiveCfg = Release|x64
		{0D010415-8CC9-4D7D-9AD2-20DE47CEF723}.AppStore|x64.Build.0 = Release|x64
		{0D010415-8CC9-4D7D-9AD2-20DE47CEF723}.AppStore|x64.Deploy.0 = Release|x64
		{0D010415-8CC9-4D7D-9AD2-20DE47CEF723}.AppStore|x86.ActiveCfg = Release|x86
		{0D010415-8CC9-4D7D-9AD2-20DE47CEF723}.AppStore|x86.Build.0 = Release|x86
		{0D010415-8CC9-4D7D-9AD2-20DE47CEF723}.AppStore|x86.Deploy.0 = Release|x86
		{0D010415-8CC9-4D7D-9AD2-20DE47CEF723}.Debug|Any CPU.ActiveCfg = Debug|x86
		{0D010415-8CC9-4D7D-9AD2-20DE47CEF723}.Debug|ARM.ActiveCfg = Debug|ARM
		{0D010415-8CC9-4D7D-9AD2-20DE47CEF723}.Debug|ARM.Build.0 = Debug|ARM
		{0D010415-8CC9-4D7D-9AD2-20DE47CEF723}.Debug|ARM.Deploy.0 = Debug|ARM
		{0D010415-8CC9-4D7D-9AD2-20DE47CEF723}.Debug|ARM64.ActiveCfg = Debug|ARM64
		{0D010415-8CC9-4D7D-9AD2-20DE47CEF723}.Debug|ARM64.Build.0 = Debug|ARM64
		{0D010415-8CC9-4D7D-9AD2-20DE47CEF723}.Debug|ARM64.Deploy.0 = Debug|ARM64
		{0D010415-8CC9-4D7D-9AD2-20DE47CEF723}.Debug|iPhone.ActiveCfg = Debug|x86
		{0D010415-8CC9-4D7D-9AD2-20DE47CEF723}.Debug|iPhoneSimulator.ActiveCfg = Debug|x86
		{0D010415-8CC9-4D7D-9AD2-20DE47CEF723}.Debug|x64.ActiveCfg = Debug|x64
		{0D010415-8CC9-4D7D-9AD2-20DE47CEF723}.Debug|x64.Build.0 = Debug|x64
		{0D010415-8CC9-4D7D-9AD2-20DE47CEF723}.Debug|x64.Deploy.0 = Debug|x64
		{0D010415-8CC9-4D7D-9AD2-20DE47CEF723}.Debug|x86.ActiveCfg = Debug|x86
		{0D010415-8CC9-4D7D-9AD2-20DE47CEF723}.Debug|x86.Build.0 = Debug|x86
		{0D010415-8CC9-4D7D-9AD2-20DE47CEF723}.Debug|x86.Deploy.0 = Debug|x86
		{0D010415-8CC9-4D7D-9AD2-20DE47CEF723}.Release|Any CPU.ActiveCfg = Release|x86
		{0D010415-8CC9-4D7D-9AD2-20DE47CEF723}.Release|ARM.ActiveCfg = Release|ARM
		{0D010415-8CC9-4D7D-9AD2-20DE47CEF723}.Release|ARM.Build.0 = Release|ARM
		{0D010415-8CC9-4D7D-9AD2-20DE47CEF723}.Release|ARM.Deploy.0 = Release|ARM
		{0D010415-8CC9-4D7D-9AD2-20DE47CEF723}.Release|ARM64.ActiveCfg = Release|ARM64
		{0D010415-8CC9-4D7D-9AD2-20DE47CEF723}.Release|ARM64.Build.0 = Release|ARM64
		{0D010415-8CC9-4D7D-9AD2-20DE47CEF723}.Release|ARM64.Deploy.0 = Release|ARM64
		{0D010415-8CC9-4D7D-9AD2-20DE47CEF723}.Release|iPhone.ActiveCfg = Release|x86
		{0D010415-8CC9-4D7D-9AD2-20DE47CEF723}.Release|iPhoneSimulator.ActiveCfg = Release|x86
		{0D010415-8CC9-4D7D-9AD2-20DE47CEF723}.Release|x64.ActiveCfg = Release|x64
		{0D010415-8CC9-4D7D-9AD2-20DE47CEF723}.Release|x64.Build.0 = Release|x64
		{0D010415-8CC9-4D7D-9AD2-20DE47CEF723}.Release|x64.Deploy.0 = Release|x64
		{0D010415-8CC9-4D7D-9AD2-20DE47CEF723}.Release|x86.ActiveCfg = Release|x86
		{0D010415-8CC9-4D7D-9AD2-20DE47CEF723}.Release|x86.Build.0 = Release|x86
		{0D010415-8CC9-4D7D-9AD2-20DE47CEF723}.Release|x86.Deploy.0 = Release|x86
		{6A3FBC03-9707-4A6A-889B-65AF32485616}.Ad-Hoc|Any CPU.ActiveCfg = Release|Any CPU
		{6A3FBC03-9707-4A6A-889B-65AF32485616}.Ad-Hoc|Any CPU.Build.0 = Release|Any CPU
		{6A3FBC03-9707-4A6A-889B-65AF32485616}.Ad-Hoc|Any CPU.Deploy.0 = Release|Any CPU
		{6A3FBC03-9707-4A6A-889B-65AF32485616}.Ad-Hoc|ARM.ActiveCfg = Release|Any CPU
		{6A3FBC03-9707-4A6A-889B-65AF32485616}.Ad-Hoc|ARM.Build.0 = Release|Any CPU
		{6A3FBC03-9707-4A6A-889B-65AF32485616}.Ad-Hoc|ARM.Deploy.0 = Release|Any CPU
		{6A3FBC03-9707-4A6A-889B-65AF32485616}.Ad-Hoc|ARM64.ActiveCfg = Release|Any CPU
		{6A3FBC03-9707-4A6A-889B-65AF32485616}.Ad-Hoc|ARM64.Build.0 = Release|Any CPU
		{6A3FBC03-9707-4A6A-889B-65AF32485616}.Ad-Hoc|ARM64.Deploy.0 = Release|Any CPU
		{6A3FBC03-9707-4A6A-889B-65AF32485616}.Ad-Hoc|iPhone.ActiveCfg = Release|Any CPU
		{6A3FBC03-9707-4A6A-889B-65AF32485616}.Ad-Hoc|iPhone.Build.0 = Release|Any CPU
		{6A3FBC03-9707-4A6A-889B-65AF32485616}.Ad-Hoc|iPhone.Deploy.0 = Release|Any CPU
		{6A3FBC03-9707-4A6A-889B-65AF32485616}.Ad-Hoc|iPhoneSimulator.ActiveCfg = Release|Any CPU
		{6A3FBC03-9707-4A6A-889B-65AF32485616}.Ad-Hoc|iPhoneSimulator.Build.0 = Release|Any CPU
		{6A3FBC03-9707-4A6A-889B-65AF32485616}.Ad-Hoc|iPhoneSimulator.Deploy.0 = Release|Any CPU
		{6A3FBC03-9707-4A6A-889B-65AF32485616}.Ad-Hoc|x64.ActiveCfg = Release|Any CPU
		{6A3FBC03-9707-4A6A-889B-65AF32485616}.Ad-Hoc|x64.Build.0 = Release|Any CPU
		{6A3FBC03-9707-4A6A-889B-65AF32485616}.Ad-Hoc|x64.Deploy.0 = Release|Any CPU
		{6A3FBC03-9707-4A6A-889B-65AF32485616}.Ad-Hoc|x86.ActiveCfg = Release|Any CPU
		{6A3FBC03-9707-4A6A-889B-65AF32485616}.Ad-Hoc|x86.Build.0 = Release|Any CPU
		{6A3FBC03-9707-4A6A-889B-65AF32485616}.Ad-Hoc|x86.Deploy.0 = Release|Any CPU
		{6A3FBC03-9707-4A6A-889B-65AF32485616}.AppStore|Any CPU.ActiveCfg = Release|Any CPU
		{6A3FBC03-9707-4A6A-889B-65AF32485616}.AppStore|Any CPU.Build.0 = Release|Any CPU
		{6A3FBC03-9707-4A6A-889B-65AF32485616}.AppStore|Any CPU.Deploy.0 = Release|Any CPU
		{6A3FBC03-9707-4A6A-889B-65AF32485616}.AppStore|ARM.ActiveCfg = Release|Any CPU
		{6A3FBC03-9707-4A6A-889B-65AF32485616}.AppStore|ARM.Build.0 = Release|Any CPU
		{6A3FBC03-9707-4A6A-889B-65AF32485616}.AppStore|ARM.Deploy.0 = Release|Any CPU
		{6A3FBC03-9707-4A6A-889B-65AF32485616}.AppStore|ARM64.ActiveCfg = Release|Any CPU
		{6A3FBC03-9707-4A6A-889B-65AF32485616}.AppStore|ARM64.Build.0 = Release|Any CPU
		{6A3FBC03-9707-4A6A-889B-65AF32485616}.AppStore|ARM64.Deploy.0 = Release|Any CPU
		{6A3FBC03-9707-4A6A-889B-65AF32485616}.AppStore|iPhone.ActiveCfg = Release|Any CPU
		{6A3FBC03-9707-4A6A-889B-65AF32485616}.AppStore|iPhone.Build.0 = Release|Any CPU
		{6A3FBC03-9707-4A6A-889B-65AF32485616}.AppStore|iPhone.Deploy.0 = Release|Any CPU
		{6A3FBC03-9707-4A6A-889B-65AF32485616}.AppStore|iPhoneSimulator.ActiveCfg = Release|Any CPU
		{6A3FBC03-9707-4A6A-889B-65AF32485616}.AppStore|iPhoneSimulator.Build.0 = Release|Any CPU
		{6A3FBC03-9707-4A6A-889B-65AF32485616}.AppStore|iPhoneSimulator.Deploy.0 = Release|Any CPU
		{6A3FBC03-9707-4A6A-889B-65AF32485616}.AppStore|x64.ActiveCfg = Release|Any CPU
		{6A3FBC03-9707-4A6A-889B-65AF32485616}.AppStore|x64.Build.0 = Release|Any CPU
		{6A3FBC03-9707-4A6A-889B-65AF32485616}.AppStore|x64.Deploy.0 = Release|Any CPU
		{6A3FBC03-9707-4A6A-889B-65AF32485616}.AppStore|x86.ActiveCfg = Release|Any CPU
		{6A3FBC03-9707-4A6A-889B-65AF32485616}.AppStore|x86.Build.0 = Release|Any CPU
		{6A3FBC03-9707-4A6A-889B-65AF32485616}.AppStore|x86.Deploy.0 = Release|Any CPU
		{6A3FBC03-9707-4A6A-889B-65AF32485616}.Debug|Any CPU.ActiveCfg = Debug|Any CPU
		{6A3FBC03-9707-4A6A-889B-65AF32485616}.Debug|Any CPU.Build.0 = Debug|Any CPU
		{6A3FBC03-9707-4A6A-889B-65AF32485616}.Debug|Any CPU.Deploy.0 = Debug|Any CPU
		{6A3FBC03-9707-4A6A-889B-65AF32485616}.Debug|ARM.ActiveCfg = Debug|Any CPU
		{6A3FBC03-9707-4A6A-889B-65AF32485616}.Debug|ARM.Build.0 = Debug|Any CPU
		{6A3FBC03-9707-4A6A-889B-65AF32485616}.Debug|ARM.Deploy.0 = Debug|Any CPU
		{6A3FBC03-9707-4A6A-889B-65AF32485616}.Debug|ARM64.ActiveCfg = Debug|Any CPU
		{6A3FBC03-9707-4A6A-889B-65AF32485616}.Debug|ARM64.Build.0 = Debug|Any CPU
		{6A3FBC03-9707-4A6A-889B-65AF32485616}.Debug|ARM64.Deploy.0 = Debug|Any CPU
		{6A3FBC03-9707-4A6A-889B-65AF32485616}.Debug|iPhone.ActiveCfg = Debug|Any CPU
		{6A3FBC03-9707-4A6A-889B-65AF32485616}.Debug|iPhone.Build.0 = Debug|Any CPU
		{6A3FBC03-9707-4A6A-889B-65AF32485616}.Debug|iPhone.Deploy.0 = Debug|Any CPU
		{6A3FBC03-9707-4A6A-889B-65AF32485616}.Debug|iPhoneSimulator.ActiveCfg = Debug|Any CPU
		{6A3FBC03-9707-4A6A-889B-65AF32485616}.Debug|iPhoneSimulator.Build.0 = Debug|Any CPU
		{6A3FBC03-9707-4A6A-889B-65AF32485616}.Debug|iPhoneSimulator.Deploy.0 = Debug|Any CPU
		{6A3FBC03-9707-4A6A-889B-65AF32485616}.Debug|x64.ActiveCfg = Debug|Any CPU
		{6A3FBC03-9707-4A6A-889B-65AF32485616}.Debug|x64.Build.0 = Debug|Any CPU
		{6A3FBC03-9707-4A6A-889B-65AF32485616}.Debug|x64.Deploy.0 = Debug|Any CPU
		{6A3FBC03-9707-4A6A-889B-65AF32485616}.Debug|x86.ActiveCfg = Debug|Any CPU
		{6A3FBC03-9707-4A6A-889B-65AF32485616}.Debug|x86.Build.0 = Debug|Any CPU
		{6A3FBC03-9707-4A6A-889B-65AF32485616}.Debug|x86.Deploy.0 = Debug|Any CPU
		{6A3FBC03-9707-4A6A-889B-65AF32485616}.Release|Any CPU.ActiveCfg = Release|Any CPU
		{6A3FBC03-9707-4A6A-889B-65AF32485616}.Release|Any CPU.Build.0 = Release|Any CPU
		{6A3FBC03-9707-4A6A-889B-65AF32485616}.Release|Any CPU.Deploy.0 = Release|Any CPU
		{6A3FBC03-9707-4A6A-889B-65AF32485616}.Release|ARM.ActiveCfg = Release|Any CPU
		{6A3FBC03-9707-4A6A-889B-65AF32485616}.Release|ARM.Build.0 = Release|Any CPU
		{6A3FBC03-9707-4A6A-889B-65AF32485616}.Release|ARM.Deploy.0 = Release|Any CPU
		{6A3FBC03-9707-4A6A-889B-65AF32485616}.Release|ARM64.ActiveCfg = Release|Any CPU
		{6A3FBC03-9707-4A6A-889B-65AF32485616}.Release|ARM64.Build.0 = Release|Any CPU
		{6A3FBC03-9707-4A6A-889B-65AF32485616}.Release|ARM64.Deploy.0 = Release|Any CPU
		{6A3FBC03-9707-4A6A-889B-65AF32485616}.Release|iPhone.ActiveCfg = Release|Any CPU
		{6A3FBC03-9707-4A6A-889B-65AF32485616}.Release|iPhone.Build.0 = Release|Any CPU
		{6A3FBC03-9707-4A6A-889B-65AF32485616}.Release|iPhone.Deploy.0 = Release|Any CPU
		{6A3FBC03-9707-4A6A-889B-65AF32485616}.Release|iPhoneSimulator.ActiveCfg = Release|Any CPU
		{6A3FBC03-9707-4A6A-889B-65AF32485616}.Release|iPhoneSimulator.Build.0 = Release|Any CPU
		{6A3FBC03-9707-4A6A-889B-65AF32485616}.Release|iPhoneSimulator.Deploy.0 = Release|Any CPU
		{6A3FBC03-9707-4A6A-889B-65AF32485616}.Release|x64.ActiveCfg = Release|Any CPU
		{6A3FBC03-9707-4A6A-889B-65AF32485616}.Release|x64.Build.0 = Release|Any CPU
		{6A3FBC03-9707-4A6A-889B-65AF32485616}.Release|x64.Deploy.0 = Release|Any CPU
		{6A3FBC03-9707-4A6A-889B-65AF32485616}.Release|x86.ActiveCfg = Release|Any CPU
		{6A3FBC03-9707-4A6A-889B-65AF32485616}.Release|x86.Build.0 = Release|Any CPU
		{6A3FBC03-9707-4A6A-889B-65AF32485616}.Release|x86.Deploy.0 = Release|Any CPU
		{0BD07966-A022-4909-A1CF-E942C3520A05}.Ad-Hoc|Any CPU.ActiveCfg = Ad-Hoc|iPhone
		{0BD07966-A022-4909-A1CF-E942C3520A05}.Ad-Hoc|ARM.ActiveCfg = Ad-Hoc|iPhone
		{0BD07966-A022-4909-A1CF-E942C3520A05}.Ad-Hoc|ARM64.ActiveCfg = Ad-Hoc|iPhone
		{0BD07966-A022-4909-A1CF-E942C3520A05}.Ad-Hoc|iPhone.ActiveCfg = Ad-Hoc|iPhone
		{0BD07966-A022-4909-A1CF-E942C3520A05}.Ad-Hoc|iPhone.Build.0 = Ad-Hoc|iPhone
		{0BD07966-A022-4909-A1CF-E942C3520A05}.Ad-Hoc|iPhoneSimulator.ActiveCfg = Ad-Hoc|iPhoneSimulator
		{0BD07966-A022-4909-A1CF-E942C3520A05}.Ad-Hoc|iPhoneSimulator.Build.0 = Ad-Hoc|iPhoneSimulator
		{0BD07966-A022-4909-A1CF-E942C3520A05}.Ad-Hoc|x64.ActiveCfg = Ad-Hoc|iPhone
		{0BD07966-A022-4909-A1CF-E942C3520A05}.Ad-Hoc|x86.ActiveCfg = Ad-Hoc|iPhone
		{0BD07966-A022-4909-A1CF-E942C3520A05}.AppStore|Any CPU.ActiveCfg = AppStore|iPhone
		{0BD07966-A022-4909-A1CF-E942C3520A05}.AppStore|ARM.ActiveCfg = AppStore|iPhone
		{0BD07966-A022-4909-A1CF-E942C3520A05}.AppStore|ARM64.ActiveCfg = AppStore|iPhone
		{0BD07966-A022-4909-A1CF-E942C3520A05}.AppStore|iPhone.ActiveCfg = AppStore|iPhone
		{0BD07966-A022-4909-A1CF-E942C3520A05}.AppStore|iPhone.Build.0 = AppStore|iPhone
		{0BD07966-A022-4909-A1CF-E942C3520A05}.AppStore|iPhoneSimulator.ActiveCfg = AppStore|iPhoneSimulator
		{0BD07966-A022-4909-A1CF-E942C3520A05}.AppStore|iPhoneSimulator.Build.0 = AppStore|iPhoneSimulator
		{0BD07966-A022-4909-A1CF-E942C3520A05}.AppStore|x64.ActiveCfg = AppStore|iPhone
		{0BD07966-A022-4909-A1CF-E942C3520A05}.AppStore|x86.ActiveCfg = AppStore|iPhone
		{0BD07966-A022-4909-A1CF-E942C3520A05}.Debug|Any CPU.ActiveCfg = Debug|iPhone
		{0BD07966-A022-4909-A1CF-E942C3520A05}.Debug|ARM.ActiveCfg = Debug|iPhone
		{0BD07966-A022-4909-A1CF-E942C3520A05}.Debug|ARM64.ActiveCfg = Debug|iPhone
		{0BD07966-A022-4909-A1CF-E942C3520A05}.Debug|iPhone.ActiveCfg = Debug|iPhone
		{0BD07966-A022-4909-A1CF-E942C3520A05}.Debug|iPhone.Build.0 = Debug|iPhone
		{0BD07966-A022-4909-A1CF-E942C3520A05}.Debug|iPhoneSimulator.ActiveCfg = Debug|iPhoneSimulator
		{0BD07966-A022-4909-A1CF-E942C3520A05}.Debug|iPhoneSimulator.Build.0 = Debug|iPhoneSimulator
		{0BD07966-A022-4909-A1CF-E942C3520A05}.Debug|x64.ActiveCfg = Debug|iPhone
		{0BD07966-A022-4909-A1CF-E942C3520A05}.Debug|x86.ActiveCfg = Debug|iPhone
		{0BD07966-A022-4909-A1CF-E942C3520A05}.Release|Any CPU.ActiveCfg = Release|iPhone
		{0BD07966-A022-4909-A1CF-E942C3520A05}.Release|ARM.ActiveCfg = Release|iPhone
		{0BD07966-A022-4909-A1CF-E942C3520A05}.Release|ARM64.ActiveCfg = Release|iPhone
		{0BD07966-A022-4909-A1CF-E942C3520A05}.Release|iPhone.ActiveCfg = Release|iPhone
		{0BD07966-A022-4909-A1CF-E942C3520A05}.Release|iPhone.Build.0 = Release|iPhone
		{0BD07966-A022-4909-A1CF-E942C3520A05}.Release|iPhoneSimulator.ActiveCfg = Release|iPhoneSimulator
		{0BD07966-A022-4909-A1CF-E942C3520A05}.Release|iPhoneSimulator.Build.0 = Release|iPhoneSimulator
		{0BD07966-A022-4909-A1CF-E942C3520A05}.Release|x64.ActiveCfg = Release|iPhone
		{0BD07966-A022-4909-A1CF-E942C3520A05}.Release|x86.ActiveCfg = Release|iPhone
		{218799F6-960F-408D-8BB9-24CFCFC95B11}.Ad-Hoc|Any CPU.ActiveCfg = Release|x86
		{218799F6-960F-408D-8BB9-24CFCFC95B11}.Ad-Hoc|Any CPU.Build.0 = Release|x86
		{218799F6-960F-408D-8BB9-24CFCFC95B11}.Ad-Hoc|Any CPU.Deploy.0 = Release|x86
		{218799F6-960F-408D-8BB9-24CFCFC95B11}.Ad-Hoc|ARM.ActiveCfg = Release|ARM
		{218799F6-960F-408D-8BB9-24CFCFC95B11}.Ad-Hoc|ARM.Build.0 = Release|ARM
		{218799F6-960F-408D-8BB9-24CFCFC95B11}.Ad-Hoc|ARM.Deploy.0 = Release|ARM
		{218799F6-960F-408D-8BB9-24CFCFC95B11}.Ad-Hoc|ARM64.ActiveCfg = Release|x86
		{218799F6-960F-408D-8BB9-24CFCFC95B11}.Ad-Hoc|ARM64.Build.0 = Release|x86
		{218799F6-960F-408D-8BB9-24CFCFC95B11}.Ad-Hoc|ARM64.Deploy.0 = Release|x86
		{218799F6-960F-408D-8BB9-24CFCFC95B11}.Ad-Hoc|iPhone.ActiveCfg = Release|x86
		{218799F6-960F-408D-8BB9-24CFCFC95B11}.Ad-Hoc|iPhone.Build.0 = Release|x86
		{218799F6-960F-408D-8BB9-24CFCFC95B11}.Ad-Hoc|iPhone.Deploy.0 = Release|x86
		{218799F6-960F-408D-8BB9-24CFCFC95B11}.Ad-Hoc|iPhoneSimulator.ActiveCfg = Release|x86
		{218799F6-960F-408D-8BB9-24CFCFC95B11}.Ad-Hoc|iPhoneSimulator.Build.0 = Release|x86
		{218799F6-960F-408D-8BB9-24CFCFC95B11}.Ad-Hoc|iPhoneSimulator.Deploy.0 = Release|x86
		{218799F6-960F-408D-8BB9-24CFCFC95B11}.Ad-Hoc|x64.ActiveCfg = Release|x64
		{218799F6-960F-408D-8BB9-24CFCFC95B11}.Ad-Hoc|x64.Build.0 = Release|x64
		{218799F6-960F-408D-8BB9-24CFCFC95B11}.Ad-Hoc|x64.Deploy.0 = Release|x64
		{218799F6-960F-408D-8BB9-24CFCFC95B11}.Ad-Hoc|x86.ActiveCfg = Release|x86
		{218799F6-960F-408D-8BB9-24CFCFC95B11}.Ad-Hoc|x86.Build.0 = Release|x86
		{218799F6-960F-408D-8BB9-24CFCFC95B11}.Ad-Hoc|x86.Deploy.0 = Release|x86
		{218799F6-960F-408D-8BB9-24CFCFC95B11}.AppStore|Any CPU.ActiveCfg = Release|x86
		{218799F6-960F-408D-8BB9-24CFCFC95B11}.AppStore|Any CPU.Build.0 = Release|x86
		{218799F6-960F-408D-8BB9-24CFCFC95B11}.AppStore|Any CPU.Deploy.0 = Release|x86
		{218799F6-960F-408D-8BB9-24CFCFC95B11}.AppStore|ARM.ActiveCfg = Release|ARM
		{218799F6-960F-408D-8BB9-24CFCFC95B11}.AppStore|ARM.Build.0 = Release|ARM
		{218799F6-960F-408D-8BB9-24CFCFC95B11}.AppStore|ARM.Deploy.0 = Release|ARM
		{218799F6-960F-408D-8BB9-24CFCFC95B11}.AppStore|ARM64.ActiveCfg = Release|x86
		{218799F6-960F-408D-8BB9-24CFCFC95B11}.AppStore|ARM64.Build.0 = Release|x86
		{218799F6-960F-408D-8BB9-24CFCFC95B11}.AppStore|ARM64.Deploy.0 = Release|x86
		{218799F6-960F-408D-8BB9-24CFCFC95B11}.AppStore|iPhone.ActiveCfg = Release|x86
		{218799F6-960F-408D-8BB9-24CFCFC95B11}.AppStore|iPhone.Build.0 = Release|x86
		{218799F6-960F-408D-8BB9-24CFCFC95B11}.AppStore|iPhone.Deploy.0 = Release|x86
		{218799F6-960F-408D-8BB9-24CFCFC95B11}.AppStore|iPhoneSimulator.ActiveCfg = Release|x86
		{218799F6-960F-408D-8BB9-24CFCFC95B11}.AppStore|iPhoneSimulator.Build.0 = Release|x86
		{218799F6-960F-408D-8BB9-24CFCFC95B11}.AppStore|iPhoneSimulator.Deploy.0 = Release|x86
		{218799F6-960F-408D-8BB9-24CFCFC95B11}.AppStore|x64.ActiveCfg = Release|x64
		{218799F6-960F-408D-8BB9-24CFCFC95B11}.AppStore|x64.Build.0 = Release|x64
		{218799F6-960F-408D-8BB9-24CFCFC95B11}.AppStore|x64.Deploy.0 = Release|x64
		{218799F6-960F-408D-8BB9-24CFCFC95B11}.AppStore|x86.ActiveCfg = Release|x86
		{218799F6-960F-408D-8BB9-24CFCFC95B11}.AppStore|x86.Build.0 = Release|x86
		{218799F6-960F-408D-8BB9-24CFCFC95B11}.AppStore|x86.Deploy.0 = Release|x86
		{218799F6-960F-408D-8BB9-24CFCFC95B11}.Debug|Any CPU.ActiveCfg = Debug|x86
		{218799F6-960F-408D-8BB9-24CFCFC95B11}.Debug|ARM.ActiveCfg = Debug|ARM
		{218799F6-960F-408D-8BB9-24CFCFC95B11}.Debug|ARM.Build.0 = Debug|ARM
		{218799F6-960F-408D-8BB9-24CFCFC95B11}.Debug|ARM.Deploy.0 = Debug|ARM
		{218799F6-960F-408D-8BB9-24CFCFC95B11}.Debug|ARM64.ActiveCfg = Debug|x86
		{218799F6-960F-408D-8BB9-24CFCFC95B11}.Debug|iPhone.ActiveCfg = Debug|x86
		{218799F6-960F-408D-8BB9-24CFCFC95B11}.Debug|iPhoneSimulator.ActiveCfg = Debug|x86
		{218799F6-960F-408D-8BB9-24CFCFC95B11}.Debug|x64.ActiveCfg = Debug|x64
		{218799F6-960F-408D-8BB9-24CFCFC95B11}.Debug|x64.Build.0 = Debug|x64
		{218799F6-960F-408D-8BB9-24CFCFC95B11}.Debug|x64.Deploy.0 = Debug|x64
		{218799F6-960F-408D-8BB9-24CFCFC95B11}.Debug|x86.ActiveCfg = Debug|x86
		{218799F6-960F-408D-8BB9-24CFCFC95B11}.Debug|x86.Build.0 = Debug|x86
		{218799F6-960F-408D-8BB9-24CFCFC95B11}.Debug|x86.Deploy.0 = Debug|x86
		{218799F6-960F-408D-8BB9-24CFCFC95B11}.Release|Any CPU.ActiveCfg = Release|x86
		{218799F6-960F-408D-8BB9-24CFCFC95B11}.Release|ARM.ActiveCfg = Release|ARM
		{218799F6-960F-408D-8BB9-24CFCFC95B11}.Release|ARM.Build.0 = Release|ARM
		{218799F6-960F-408D-8BB9-24CFCFC95B11}.Release|ARM.Deploy.0 = Release|ARM
		{218799F6-960F-408D-8BB9-24CFCFC95B11}.Release|ARM64.ActiveCfg = Release|x86
		{218799F6-960F-408D-8BB9-24CFCFC95B11}.Release|iPhone.ActiveCfg = Release|x86
		{218799F6-960F-408D-8BB9-24CFCFC95B11}.Release|iPhoneSimulator.ActiveCfg = Release|x86
		{218799F6-960F-408D-8BB9-24CFCFC95B11}.Release|x64.ActiveCfg = Release|x64
		{218799F6-960F-408D-8BB9-24CFCFC95B11}.Release|x64.Build.0 = Release|x64
		{218799F6-960F-408D-8BB9-24CFCFC95B11}.Release|x64.Deploy.0 = Release|x64
		{218799F6-960F-408D-8BB9-24CFCFC95B11}.Release|x86.ActiveCfg = Release|x86
		{218799F6-960F-408D-8BB9-24CFCFC95B11}.Release|x86.Build.0 = Release|x86
		{218799F6-960F-408D-8BB9-24CFCFC95B11}.Release|x86.Deploy.0 = Release|x86
		{57896966-8E1E-403F-A84A-A4EF8B80C426}.Ad-Hoc|Any CPU.ActiveCfg = Debug|Any CPU
		{57896966-8E1E-403F-A84A-A4EF8B80C426}.Ad-Hoc|Any CPU.Build.0 = Debug|Any CPU
		{57896966-8E1E-403F-A84A-A4EF8B80C426}.Ad-Hoc|ARM.ActiveCfg = Debug|Any CPU
		{57896966-8E1E-403F-A84A-A4EF8B80C426}.Ad-Hoc|ARM.Build.0 = Debug|Any CPU
		{57896966-8E1E-403F-A84A-A4EF8B80C426}.Ad-Hoc|ARM64.ActiveCfg = Debug|Any CPU
		{57896966-8E1E-403F-A84A-A4EF8B80C426}.Ad-Hoc|ARM64.Build.0 = Debug|Any CPU
		{57896966-8E1E-403F-A84A-A4EF8B80C426}.Ad-Hoc|iPhone.ActiveCfg = Debug|Any CPU
		{57896966-8E1E-403F-A84A-A4EF8B80C426}.Ad-Hoc|iPhone.Build.0 = Debug|Any CPU
		{57896966-8E1E-403F-A84A-A4EF8B80C426}.Ad-Hoc|iPhoneSimulator.ActiveCfg = Debug|Any CPU
		{57896966-8E1E-403F-A84A-A4EF8B80C426}.Ad-Hoc|iPhoneSimulator.Build.0 = Debug|Any CPU
		{57896966-8E1E-403F-A84A-A4EF8B80C426}.Ad-Hoc|x64.ActiveCfg = Debug|Any CPU
		{57896966-8E1E-403F-A84A-A4EF8B80C426}.Ad-Hoc|x64.Build.0 = Debug|Any CPU
		{57896966-8E1E-403F-A84A-A4EF8B80C426}.Ad-Hoc|x86.ActiveCfg = Debug|Any CPU
		{57896966-8E1E-403F-A84A-A4EF8B80C426}.Ad-Hoc|x86.Build.0 = Debug|Any CPU
		{57896966-8E1E-403F-A84A-A4EF8B80C426}.AppStore|Any CPU.ActiveCfg = Debug|Any CPU
		{57896966-8E1E-403F-A84A-A4EF8B80C426}.AppStore|Any CPU.Build.0 = Debug|Any CPU
		{57896966-8E1E-403F-A84A-A4EF8B80C426}.AppStore|ARM.ActiveCfg = Debug|Any CPU
		{57896966-8E1E-403F-A84A-A4EF8B80C426}.AppStore|ARM.Build.0 = Debug|Any CPU
		{57896966-8E1E-403F-A84A-A4EF8B80C426}.AppStore|ARM64.ActiveCfg = Debug|Any CPU
		{57896966-8E1E-403F-A84A-A4EF8B80C426}.AppStore|ARM64.Build.0 = Debug|Any CPU
		{57896966-8E1E-403F-A84A-A4EF8B80C426}.AppStore|iPhone.ActiveCfg = Debug|Any CPU
		{57896966-8E1E-403F-A84A-A4EF8B80C426}.AppStore|iPhone.Build.0 = Debug|Any CPU
		{57896966-8E1E-403F-A84A-A4EF8B80C426}.AppStore|iPhoneSimulator.ActiveCfg = Debug|Any CPU
		{57896966-8E1E-403F-A84A-A4EF8B80C426}.AppStore|iPhoneSimulator.Build.0 = Debug|Any CPU
		{57896966-8E1E-403F-A84A-A4EF8B80C426}.AppStore|x64.ActiveCfg = Debug|Any CPU
		{57896966-8E1E-403F-A84A-A4EF8B80C426}.AppStore|x64.Build.0 = Debug|Any CPU
		{57896966-8E1E-403F-A84A-A4EF8B80C426}.AppStore|x86.ActiveCfg = Debug|Any CPU
		{57896966-8E1E-403F-A84A-A4EF8B80C426}.AppStore|x86.Build.0 = Debug|Any CPU
		{57896966-8E1E-403F-A84A-A4EF8B80C426}.Debug|Any CPU.ActiveCfg = Debug|Any CPU
		{57896966-8E1E-403F-A84A-A4EF8B80C426}.Debug|Any CPU.Build.0 = Debug|Any CPU
		{57896966-8E1E-403F-A84A-A4EF8B80C426}.Debug|ARM.ActiveCfg = Debug|Any CPU
		{57896966-8E1E-403F-A84A-A4EF8B80C426}.Debug|ARM.Build.0 = Debug|Any CPU
		{57896966-8E1E-403F-A84A-A4EF8B80C426}.Debug|ARM64.ActiveCfg = Debug|Any CPU
		{57896966-8E1E-403F-A84A-A4EF8B80C426}.Debug|ARM64.Build.0 = Debug|Any CPU
		{57896966-8E1E-403F-A84A-A4EF8B80C426}.Debug|iPhone.ActiveCfg = Debug|Any CPU
		{57896966-8E1E-403F-A84A-A4EF8B80C426}.Debug|iPhone.Build.0 = Debug|Any CPU
		{57896966-8E1E-403F-A84A-A4EF8B80C426}.Debug|iPhoneSimulator.ActiveCfg = Debug|Any CPU
		{57896966-8E1E-403F-A84A-A4EF8B80C426}.Debug|iPhoneSimulator.Build.0 = Debug|Any CPU
		{57896966-8E1E-403F-A84A-A4EF8B80C426}.Debug|x64.ActiveCfg = Debug|Any CPU
		{57896966-8E1E-403F-A84A-A4EF8B80C426}.Debug|x64.Build.0 = Debug|Any CPU
		{57896966-8E1E-403F-A84A-A4EF8B80C426}.Debug|x86.ActiveCfg = Debug|Any CPU
		{57896966-8E1E-403F-A84A-A4EF8B80C426}.Debug|x86.Build.0 = Debug|Any CPU
		{57896966-8E1E-403F-A84A-A4EF8B80C426}.Release|Any CPU.ActiveCfg = Release|Any CPU
		{57896966-8E1E-403F-A84A-A4EF8B80C426}.Release|Any CPU.Build.0 = Release|Any CPU
		{57896966-8E1E-403F-A84A-A4EF8B80C426}.Release|ARM.ActiveCfg = Release|Any CPU
		{57896966-8E1E-403F-A84A-A4EF8B80C426}.Release|ARM.Build.0 = Release|Any CPU
		{57896966-8E1E-403F-A84A-A4EF8B80C426}.Release|ARM64.ActiveCfg = Release|Any CPU
		{57896966-8E1E-403F-A84A-A4EF8B80C426}.Release|ARM64.Build.0 = Release|Any CPU
		{57896966-8E1E-403F-A84A-A4EF8B80C426}.Release|iPhone.ActiveCfg = Release|Any CPU
		{57896966-8E1E-403F-A84A-A4EF8B80C426}.Release|iPhone.Build.0 = Release|Any CPU
		{57896966-8E1E-403F-A84A-A4EF8B80C426}.Release|iPhoneSimulator.ActiveCfg = Release|Any CPU
		{57896966-8E1E-403F-A84A-A4EF8B80C426}.Release|iPhoneSimulator.Build.0 = Release|Any CPU
		{57896966-8E1E-403F-A84A-A4EF8B80C426}.Release|x64.ActiveCfg = Release|Any CPU
		{57896966-8E1E-403F-A84A-A4EF8B80C426}.Release|x64.Build.0 = Release|Any CPU
		{57896966-8E1E-403F-A84A-A4EF8B80C426}.Release|x86.ActiveCfg = Release|Any CPU
		{57896966-8E1E-403F-A84A-A4EF8B80C426}.Release|x86.Build.0 = Release|Any CPU
	EndGlobalSection
	GlobalSection(SolutionProperties) = preSolution
		HideSolutionNode = FALSE
	EndGlobalSection
	GlobalSection(NestedProjects) = preSolution
		{F8E72506-D77F-4B0A-A43D-702675BE5872} = {2C4E3F11-7F74-4A98-81C0-BA210A72FA10}
		{54FA6F87-61BA-4D24-A40B-AFEBCF9B99BA} = {2C4E3F11-7F74-4A98-81C0-BA210A72FA10}
	EndGlobalSection
	GlobalSection(ExtensibilityGlobals) = postSolution
		SolutionGuid = {C62605E6-89BE-4890-B718-7C63764DACF5}
	EndGlobalSection
EndGlobal
